<?xml version="1.0" encoding="utf-8"?>
<Project ToolsVersion="4.0" xmlns="http://schemas.microsoft.com/developer/msbuild/2003">
  <ItemGroup>
    <Filter Include="Source Files">
      <UniqueIdentifier>{830a49f9-2a68-4279-9fe0-ce2112d7126c}</UniqueIdentifier>
      <Extensions>cpp;c;cxx;rc;def;r;odl;idl;hpj;bat</Extensions>
    </Filter>
    <Filter Include="Header Files">
      <UniqueIdentifier>{435490f8-f9a7-42c4-a841-aa169ee8457f}</UniqueIdentifier>
      <Extensions>h;hpp;hxx;hm;inl</Extensions>
    </Filter>
    <Filter Include="localization">
      <UniqueIdentifier>{b988757e-bc8c-425d-b021-848c1a84dffe}</UniqueIdentifier>
    </Filter>
    <Filter Include="Libraries Dependencies">
      <UniqueIdentifier>{49e2dd6f-bc95-4cec-9930-d99c5a3d9ee1}</UniqueIdentifier>
    </Filter>
    <Filter Include="Libraries Dependencies\Imports">
      <UniqueIdentifier>{7077805e-7e4f-4c35-b1a0-5b438faf16a9}</UniqueIdentifier>
    </Filter>
    <Filter Include="Resource Files">
      <UniqueIdentifier>{3507018f-59a2-439a-bb24-2e84baf7c6b7}</UniqueIdentifier>
    </Filter>
  </ItemGroup>
  <ItemGroup>
    <ClCompile Include="common_umfpack.c">
      <Filter>Source Files</Filter>
    </ClCompile>
    <ClCompile Include="DllMainUmfpack.c">
      <Filter>Source Files</Filter>
    </ClCompile>
    <ClCompile Include="..\..\sci_gateway\c\sci_res_with_prec.c">
      <Filter>Source Files</Filter>
    </ClCompile>
    <ClCompile Include="..\..\sci_gateway\c\sci_taucs_chdel.c">
      <Filter>Source Files</Filter>
    </ClCompile>
    <ClCompile Include="..\..\sci_gateway\c\sci_taucs_chfact.c">
      <Filter>Source Files</Filter>
    </ClCompile>
    <ClCompile Include="..\..\sci_gateway\c\sci_taucs_chget.c">
      <Filter>Source Files</Filter>
    </ClCompile>
    <ClCompile Include="..\..\sci_gateway\c\sci_taucs_chinfo.c">
      <Filter>Source Files</Filter>
    </ClCompile>
    <ClCompile Include="..\..\sci_gateway\c\sci_taucs_chsolve.c">
      <Filter>Source Files</Filter>
    </ClCompile>
    <ClCompile Include="..\..\sci_gateway\c\sci_umf_ludel.c">
      <Filter>Source Files</Filter>
    </ClCompile>
    <ClCompile Include="..\..\sci_gateway\c\sci_umf_lufact.c">
      <Filter>Source Files</Filter>
    </ClCompile>
    <ClCompile Include="..\..\sci_gateway\c\sci_umf_luget.c">
      <Filter>Source Files</Filter>
    </ClCompile>
    <ClCompile Include="..\..\sci_gateway\c\sci_umf_luinfo.c">
      <Filter>Source Files</Filter>
    </ClCompile>
    <ClCompile Include="..\..\sci_gateway\c\sci_umf_lusolve.c">
      <Filter>Source Files</Filter>
    </ClCompile>
    <ClCompile Include="..\..\sci_gateway\c\sci_umfpack.c">
      <Filter>Source Files</Filter>
    </ClCompile>
    <ClCompile Include="taucs_scilab.c">
      <Filter>Source Files</Filter>
    </ClCompile>
    <ClCompile Include="with_umfpack.c">
      <Filter>Source Files</Filter>
    </ClCompile>
  </ItemGroup>
  <ItemGroup>
    <ClInclude Include="..\..\includes\dynlib_umfpack.h">
      <Filter>Header Files</Filter>
    </ClInclude>
    <ClInclude Include="..\..\includes\gw_umfpack.h">
      <Filter>Header Files</Filter>
    </ClInclude>
    <ClInclude Include="sciumfpack.h">
      <Filter>Header Files</Filter>
    </ClInclude>
    <ClInclude Include="taucs_scilab.h">
      <Filter>Header Files</Filter>
    </ClInclude>
    <ClInclude Include="..\..\includes\with_umfpack.h">
      <Filter>Header Files</Filter>
    </ClInclude>
    <ClInclude Include="common_umfpack.h">
      <Filter>Header Files</Filter>
    </ClInclude>
  </ItemGroup>
  <ItemGroup>
    <None Include="Sparse_f_Import.def">
      <Filter>Libraries Dependencies\Imports</Filter>
    </None>
    <None Include="..\..\Makefile.am" />
    <None Include="..\..\umfpack.iss" />
    <None Include="..\..\sci_gateway\umfpack_gateway.xml" />
    <None Include="..\..\locales\umfpack.pot">
      <Filter>localization</Filter>
    </None>
  </ItemGroup>
  <ItemGroup>
    <ResourceCompile Include="umfpack.rc">
      <Filter>Resource Files</Filter>
    </ResourceCompile>
  </ItemGroup>
</Project>