<?xml version="1.0" encoding="utf-8"?>
<Project ToolsVersion="4.0" xmlns="http://schemas.microsoft.com/developer/msbuild/2003">
  <ItemGroup>
    <Filter Include="Source Files">
      <UniqueIdentifier>{4FC737F1-C7A5-4376-A066-2A32D752A2FF}</UniqueIdentifier>
      <Extensions>cpp;c;cc;cxx;def;odl;idl;hpj;bat;asm;asmx</Extensions>
    </Filter>
    <Filter Include="Source Files\PolylineDrawing">
      <UniqueIdentifier>{d385f7d4-c15d-447e-8b95-bbeb854aac8f}</UniqueIdentifier>
    </Filter>
    <Filter Include="Source Files\SubwinDrawing">
      <UniqueIdentifier>{8d923d4f-419e-4aca-9064-8dd5a174d536}</UniqueIdentifier>
    </Filter>
    <Filter Include="Source Files\RectangleDrawing">
      <UniqueIdentifier>{794fdbcc-47cb-4ae7-a526-e5982c86e1d6}</UniqueIdentifier>
    </Filter>
    <Filter Include="Source Files\GraphicSynchronization">
      <UniqueIdentifier>{6d58a5f2-29bf-4e82-a543-67ba20db8512}</UniqueIdentifier>
    </Filter>
    <Filter Include="Source Files\TextDrawing">
      <UniqueIdentifier>{07f93c17-ae84-4408-9e2e-26dc0bcf0353}</UniqueIdentifier>
    </Filter>
    <Filter Include="Source Files\SurfaceDrawing">
      <UniqueIdentifier>{2523bd68-bc83-4801-989d-59efa3b15126}</UniqueIdentifier>
    </Filter>
    <Filter Include="Source Files\CompoundDrawing">
      <UniqueIdentifier>{47c9bb68-bec3-4f90-abbc-2b15247ed150}</UniqueIdentifier>
    </Filter>
    <Filter Include="Source Files\SegsDrawing">
      <UniqueIdentifier>{06634c08-c05e-4bcf-9cc1-8be0678d1777}</UniqueIdentifier>
    </Filter>
    <Filter Include="Source Files\GrayplotDrawing">
      <UniqueIdentifier>{d8b1b0e1-955b-4cf8-aeac-528de2c937fa}</UniqueIdentifier>
    </Filter>
    <Filter Include="Source Files\LegendDrawing">
      <UniqueIdentifier>{e19d3579-6247-41cd-9713-311c7b424367}</UniqueIdentifier>
    </Filter>
    <Filter Include="Source Files\AxesDrawing">
      <UniqueIdentifier>{2b7d0e80-0745-486b-8aae-f603b936b957}</UniqueIdentifier>
    </Filter>
    <Filter Include="Header Files">
      <UniqueIdentifier>{93995380-89BD-4b04-88EB-625FBE52EBFB}</UniqueIdentifier>
      <Extensions>h;hpp;hxx;hm;inl;inc;xsd</Extensions>
    </Filter>
    <Filter Include="Header Files\PolylineDrawing">
      <UniqueIdentifier>{dc9c2b2b-a7f7-4019-8a9b-20d021894089}</UniqueIdentifier>
    </Filter>
    <Filter Include="Header Files\SubwinDrawing">
      <UniqueIdentifier>{9ee73def-e821-482d-82c0-e6eb08c24aad}</UniqueIdentifier>
    </Filter>
    <Filter Include="Header Files\RectangleDrawing">
      <UniqueIdentifier>{3c92de1e-a70b-41e5-9ca0-083fbf0347bc}</UniqueIdentifier>
    </Filter>
    <Filter Include="Header Files\GraphicSynchronization">
      <UniqueIdentifier>{7775e038-d4c9-4769-9918-d5b01de96e74}</UniqueIdentifier>
    </Filter>
    <Filter Include="Header Files\FigureDrawing">
      <UniqueIdentifier>{5a5b65bc-4d68-4c1e-a1c7-1d994b2ae2f5}</UniqueIdentifier>
    </Filter>
    <Filter Include="Header Files\TextDrawing">
      <UniqueIdentifier>{d9620e16-a7e4-4b98-9528-95d050aee748}</UniqueIdentifier>
    </Filter>
    <Filter Include="Header Files\SurfaceDrawing">
      <UniqueIdentifier>{39c25f36-115c-4f52-aa9d-d3aeadea1b28}</UniqueIdentifier>
    </Filter>
    <Filter Include="Header Files\GrayplotDrawing">
      <UniqueIdentifier>{12d8680f-fdb7-4a33-990b-5d16ef27201b}</UniqueIdentifier>
    </Filter>
    <Filter Include="Header Files\SegsDrawing">
      <UniqueIdentifier>{f9c9dfe3-7207-4e18-b1be-6f4ac59216d7}</UniqueIdentifier>
    </Filter>
    <Filter Include="Header Files\CompoundDrawing">
      <UniqueIdentifier>{9e5915d4-e4ec-4b8c-8284-d2feca793e68}</UniqueIdentifier>
    </Filter>
    <Filter Include="Header Files\LegendDrawing">
      <UniqueIdentifier>{b14a59f1-a8c8-4491-8abf-77151b6954c0}</UniqueIdentifier>
    </Filter>
    <Filter Include="Header Files\AxesDrawing">
      <UniqueIdentifier>{3d9abe35-a706-4a1b-9c17-2d76e32aab45}</UniqueIdentifier>
    </Filter>
    <Filter Include="Resource Files">
      <UniqueIdentifier>{67DA6AB6-F800-4c08-8B7A-83BB121AAD01}</UniqueIdentifier>
      <Extensions>rc;ico;cur;bmp;dlg;rc2;rct;bin;rgs;gif;jpg;jpeg;jpe;resx;tiff;tif;png;wav</Extensions>
    </Filter>
    <Filter Include="localization">
      <UniqueIdentifier>{9555e937-c805-4ed2-80cf-d2a005e1c955}</UniqueIdentifier>
    </Filter>
    <Filter Include="Swig Files">
      <UniqueIdentifier>{976451c8-f78f-4065-aeb6-de6cdfb004ba}</UniqueIdentifier>
    </Filter>
    <Filter Include="Libraries Dependencies">
      <UniqueIdentifier>{8642c816-0eba-4c1b-9a87-e60d9f49748d}</UniqueIdentifier>
    </Filter>
    <Filter Include="Libraries Dependencies\Imports">
      <UniqueIdentifier>{76e25c4c-e4c8-4a8a-8a2f-89a78724ea48}</UniqueIdentifier>
    </Filter>
  </ItemGroup>
  <ItemGroup>
    <ClCompile Include="src\cpp\BasicAlgos.cpp">
      <Filter>Source Files</Filter>
    </ClCompile>
    <ClCompile Include="src\cpp\BuildDrawingObserver.cpp">
      <Filter>Source Files</Filter>
    </ClCompile>
    <ClCompile Include="src\c\DllmainRenderer.c">
      <Filter>Source Files</Filter>
    </ClCompile>
    <ClCompile Include="src\cpp\DrawableClippedObject.cpp">
      <Filter>Source Files</Filter>
    </ClCompile>
    <ClCompile Include="src\cpp\DrawableClippedObjectJoGL.cpp">
      <Filter>Source Files</Filter>
    </ClCompile>
    <ClCompile Include="src\cpp\DrawableObject.cpp">
      <Filter>Source Files</Filter>
    </ClCompile>
    <ClCompile Include="src\cpp\DrawableObjectFactory.cpp">
      <Filter>Source Files</Filter>
    </ClCompile>
    <ClCompile Include="src\cpp\DrawableObjectJoGL.cpp">
      <Filter>Source Files</Filter>
    </ClCompile>
    <ClCompile Include="src\cpp\DrawingBridge.cpp">
      <Filter>Source Files</Filter>
    </ClCompile>
    <ClCompile Include="src\cpp\getHandleDrawer.cpp">
      <Filter>Source Files</Filter>
    </ClCompile>
    <ClCompile Include="src\cpp\GetJavaProperty.cpp">
      <Filter>Source Files</Filter>
    </ClCompile>
    <ClCompile Include="src\cpp\HandleDrawingObserver.cpp">
      <Filter>Source Files</Filter>
    </ClCompile>
    <ClCompile Include="src\cpp\HandleObserverManagement.cpp">
      <Filter>Source Files</Filter>
    </ClCompile>
    <ClCompile Include="src\cpp\JavaInteraction.cpp">
      <Filter>Source Files</Filter>
    </ClCompile>
    <ClCompile Include="src\cpp\rendererBasicAlgos.cpp">
      <Filter>Source Files</Filter>
    </ClCompile>
    <ClCompile Include="src\cpp\RendererFontManager.cpp">
      <Filter>Source Files</Filter>
    </ClCompile>
    <ClCompile Include="src\cpp\SetJavaProperty.cpp">
      <Filter>Source Files</Filter>
    </ClCompile>
    <ClCompile Include="src\jni\XlFontManager.cpp">
      <Filter>Source Files</Filter>
    </ClCompile>
    <ClCompile Include="src\cpp\polylineDrawing\BarDecomposition.cpp">
      <Filter>Source Files\PolylineDrawing</Filter>
    </ClCompile>
    <ClCompile Include="src\cpp\polylineDrawing\ConcreteDrawablePolyline.cpp">
      <Filter>Source Files\PolylineDrawing</Filter>
    </ClCompile>
    <ClCompile Include="src\cpp\polylineDrawing\DrawablePolyline.cpp">
      <Filter>Source Files\PolylineDrawing</Filter>
    </ClCompile>
    <ClCompile Include="src\cpp\polylineDrawing\DrawablePolylineBrirdgeFactory.cpp">
      <Filter>Source Files\PolylineDrawing</Filter>
    </ClCompile>
    <ClCompile Include="src\cpp\polylineDrawing\DrawablePolylineFactory.cpp">
      <Filter>Source Files\PolylineDrawing</Filter>
    </ClCompile>
    <ClCompile Include="src\jni\DrawablePolylineGL.cpp">
      <Filter>Source Files\PolylineDrawing</Filter>
    </ClCompile>
    <ClCompile Include="src\cpp\polylineDrawing\DrawablePolylineJavaMapper.cpp">
      <Filter>Source Files\PolylineDrawing</Filter>
    </ClCompile>
    <ClCompile Include="src\cpp\polylineDrawing\DrawablePolylineJoGL.cpp">
      <Filter>Source Files\PolylineDrawing</Filter>
    </ClCompile>
    <ClCompile Include="src\cpp\polylineDrawing\HorizontalBarDecomposition.cpp">
      <Filter>Source Files\PolylineDrawing</Filter>
    </ClCompile>
    <ClCompile Include="src\cpp\polylineDrawing\InterpolatedDecomposition.cpp">
      <Filter>Source Files\PolylineDrawing</Filter>
    </ClCompile>
    <ClCompile Include="src\jni\PolylineArrowDrawerGL.cpp">
      <Filter>Source Files\PolylineDrawing</Filter>
    </ClCompile>
    <ClCompile Include="src\cpp\polylineDrawing\PolylineArrowDrawerJavaMapper.cpp">
      <Filter>Source Files\PolylineDrawing</Filter>
    </ClCompile>
    <ClCompile Include="src\cpp\polylineDrawing\PolylineArrowDrawerJoGL.cpp">
      <Filter>Source Files\PolylineDrawing</Filter>
    </ClCompile>
    <ClCompile Include="src\jni\PolylineBarDrawerGL.cpp">
      <Filter>Source Files\PolylineDrawing</Filter>
    </ClCompile>
    <ClCompile Include="src\cpp\polylineDrawing\PolylineBarDrawerJavaMapper.cpp">
      <Filter>Source Files\PolylineDrawing</Filter>
    </ClCompile>
    <ClCompile Include="src\cpp\polylineDrawing\PolylineBarDrawerJoGL.cpp">
      <Filter>Source Files\PolylineDrawing</Filter>
    </ClCompile>
    <ClCompile Include="src\jni\PolylineFillDrawerGL.cpp">
      <Filter>Source Files\PolylineDrawing</Filter>
    </ClCompile>
    <ClCompile Include="src\cpp\polylineDrawing\PolylineFillDrawerJavaMapper.cpp">
      <Filter>Source Files\PolylineDrawing</Filter>
    </ClCompile>
    <ClCompile Include="src\cpp\polylineDrawing\PolylineFillDrawerJoGL.cpp">
      <Filter>Source Files\PolylineDrawing</Filter>
    </ClCompile>
    <ClCompile Include="src\jni\PolylineInterpColorDrawerGL.cpp">
      <Filter>Source Files\PolylineDrawing</Filter>
    </ClCompile>
    <ClCompile Include="src\cpp\polylineDrawing\PolylineInterpColorDrawerJavaMapper.cpp">
      <Filter>Source Files\PolylineDrawing</Filter>
    </ClCompile>
    <ClCompile Include="src\cpp\polylineDrawing\PolylineInterpColorDrawerJoGL.cpp">
      <Filter>Source Files\PolylineDrawing</Filter>
    </ClCompile>
    <ClCompile Include="src\jni\PolylineLineDrawerGL.cpp">
      <Filter>Source Files\PolylineDrawing</Filter>
    </ClCompile>
    <ClCompile Include="src\cpp\polylineDrawing\PolylineLineDrawerJavaMapper.cpp">
      <Filter>Source Files\PolylineDrawing</Filter>
    </ClCompile>
    <ClCompile Include="src\cpp\polylineDrawing\PolylineLineDrawerJoGL.cpp">
      <Filter>Source Files\PolylineDrawing</Filter>
    </ClCompile>
    <ClCompile Include="src\jni\PolylineMarkDrawerGL.cpp">
      <Filter>Source Files\PolylineDrawing</Filter>
    </ClCompile>
    <ClCompile Include="src\cpp\polylineDrawing\PolylineMarkDrawerJavaMapper.cpp">
      <Filter>Source Files\PolylineDrawing</Filter>
    </ClCompile>
    <ClCompile Include="src\cpp\polylineDrawing\PolylineMarkDrawerJoGL.cpp">
      <Filter>Source Files\PolylineDrawing</Filter>
    </ClCompile>
    <ClCompile Include="src\cpp\polylineDrawing\StairCaseDecomposition.cpp">
      <Filter>Source Files\PolylineDrawing</Filter>
    </ClCompile>
    <ClCompile Include="src\cpp\polylineDrawing\VerticalBarDecomposition.cpp">
      <Filter>Source Files\PolylineDrawing</Filter>
    </ClCompile>
    <ClCompile Include="src\cpp\subwinDrawing\AutoLogSubticksComputer.cpp">
      <Filter>Source Files\SubwinDrawing</Filter>
    </ClCompile>
    <ClCompile Include="src\cpp\subwinDrawing\AutoLogTicksComputer.cpp">
      <Filter>Source Files\SubwinDrawing</Filter>
    </ClCompile>
    <ClCompile Include="src\cpp\subwinDrawing\AutomaticSubticksComputer.cpp">
      <Filter>Source Files\SubwinDrawing</Filter>
    </ClCompile>
    <ClCompile Include="src\cpp\subwinDrawing\AutomaticTicksComputer.cpp">
      <Filter>Source Files\SubwinDrawing</Filter>
    </ClCompile>
    <ClCompile Include="src\cpp\subwinDrawing\AxisPositioner.cpp">
      <Filter>Source Files\SubwinDrawing</Filter>
    </ClCompile>
    <ClCompile Include="src\jni\BackTrihedronDrawerGL.cpp">
      <Filter>Source Files\SubwinDrawing</Filter>
    </ClCompile>
    <ClCompile Include="src\cpp\subwinDrawing\BackTrihedronDrawerJavaMapper.cpp">
      <Filter>Source Files\SubwinDrawing</Filter>
    </ClCompile>
    <ClCompile Include="src\cpp\subwinDrawing\BackTrihedronDrawerJoGL.cpp">
      <Filter>Source Files\SubwinDrawing</Filter>
    </ClCompile>
    <ClCompile Include="src\cpp\subwinDrawing\BottomXAxisPositioner.cpp">
      <Filter>Source Files\SubwinDrawing</Filter>
    </ClCompile>
    <ClCompile Include="src\cpp\subwinDrawing\Camera.cpp">
      <Filter>Source Files\SubwinDrawing</Filter>
    </ClCompile>
    <ClCompile Include="src\cpp\subwinDrawing\CameraBridge.cpp">
      <Filter>Source Files\SubwinDrawing</Filter>
    </ClCompile>
    <ClCompile Include="src\cpp\subwinDrawing\CameraBridgeFactory.cpp">
      <Filter>Source Files\SubwinDrawing</Filter>
    </ClCompile>
    <ClCompile Include="src\cpp\subwinDrawing\CameraFactory.cpp">
      <Filter>Source Files\SubwinDrawing</Filter>
    </ClCompile>
    <ClCompile Include="src\cpp\subwinDrawing\CameraJoGL.cpp">
      <Filter>Source Files\SubwinDrawing</Filter>
    </ClCompile>
    <ClCompile Include="src\cpp\subwinDrawing\ConcreteDrawableSubwin.cpp">
      <Filter>Source Files\SubwinDrawing</Filter>
    </ClCompile>
    <ClCompile Include="src\cpp\subwinDrawing\DrawableSubwin.cpp">
      <Filter>Source Files\SubwinDrawing</Filter>
    </ClCompile>
    <ClCompile Include="src\cpp\subwinDrawing\DrawableSubwinBridgeFactory.cpp">
      <Filter>Source Files\SubwinDrawing</Filter>
    </ClCompile>
    <ClCompile Include="src\cpp\subwinDrawing\DrawableSubwinFactory.cpp">
      <Filter>Source Files\SubwinDrawing</Filter>
    </ClCompile>
    <ClCompile Include="src\jni\DrawableSubwinGL.cpp">
      <Filter>Source Files\SubwinDrawing</Filter>
    </ClCompile>
    <ClCompile Include="src\cpp\subwinDrawing\DrawableSubwinJavaMapper.cpp">
      <Filter>Source Files\SubwinDrawing</Filter>
    </ClCompile>
    <ClCompile Include="src\cpp\subwinDrawing\DrawableSubwinJoGL.cpp">
      <Filter>Source Files\SubwinDrawing</Filter>
    </ClCompile>
    <ClCompile Include="src\jni\FullBoxDrawerGL.cpp">
      <Filter>Source Files\SubwinDrawing</Filter>
    </ClCompile>
    <ClCompile Include="src\cpp\subwinDrawing\FullBoxDrawerJavaMapper.cpp">
      <Filter>Source Files\SubwinDrawing</Filter>
    </ClCompile>
    <ClCompile Include="src\cpp\subwinDrawing\FullBoxDrawerJoGL.cpp">
      <Filter>Source Files\SubwinDrawing</Filter>
    </ClCompile>
    <ClCompile Include="src\cpp\subwinDrawing\GridDrawer.cpp">
      <Filter>Source Files\SubwinDrawing</Filter>
    </ClCompile>
    <ClCompile Include="src\jni\GridDrawerGL.cpp">
      <Filter>Source Files\SubwinDrawing</Filter>
    </ClCompile>
    <ClCompile Include="src\cpp\subwinDrawing\GridDrawerJavaMapper.cpp">
      <Filter>Source Files\SubwinDrawing</Filter>
    </ClCompile>
    <ClCompile Include="src\cpp\subwinDrawing\GridDrawerJoGL.cpp">
      <Filter>Source Files\SubwinDrawing</Filter>
    </ClCompile>
    <ClCompile Include="src\jni\HalfBoxDrawerGL.cpp">
      <Filter>Source Files\SubwinDrawing</Filter>
    </ClCompile>
    <ClCompile Include="src\cpp\subwinDrawing\HalfBoxDrawerJavaMapper.cpp">
      <Filter>Source Files\SubwinDrawing</Filter>
    </ClCompile>
    <ClCompile Include="src\cpp\subwinDrawing\HalfBoxDrawerJoGL.cpp">
      <Filter>Source Files\SubwinDrawing</Filter>
    </ClCompile>
    <ClCompile Include="src\jni\IsometricCameraGL.cpp">
      <Filter>Source Files\SubwinDrawing</Filter>
    </ClCompile>
    <ClCompile Include="src\cpp\subwinDrawing\IsometricCameraJavaMapper.cpp">
      <Filter>Source Files\SubwinDrawing</Filter>
    </ClCompile>
    <ClCompile Include="src\jni\IsoViewCameraGL.cpp">
      <Filter>Source Files\SubwinDrawing</Filter>
    </ClCompile>
    <ClCompile Include="src\cpp\subwinDrawing\IsoViewCameraJavaMapper.cpp">
      <Filter>Source Files\SubwinDrawing</Filter>
    </ClCompile>
    <ClCompile Include="src\cpp\subwinDrawing\LeftYAxisPositioner.cpp">
      <Filter>Source Files\SubwinDrawing</Filter>
    </ClCompile>
    <ClCompile Include="src\cpp\subwinDrawing\LinearBoundsComputer.cpp">
      <Filter>Source Files\SubwinDrawing</Filter>
    </ClCompile>
    <ClCompile Include="src\cpp\subwinDrawing\LogarithmicBoundsComputer.cpp">
      <Filter>Source Files\SubwinDrawing</Filter>
    </ClCompile>
    <ClCompile Include="src\cpp\subwinDrawing\MiddleXAxisPositioner.cpp">
      <Filter>Source Files\SubwinDrawing</Filter>
    </ClCompile>
    <ClCompile Include="src\cpp\subwinDrawing\MiddleYAxisPositioner.cpp">
      <Filter>Source Files\SubwinDrawing</Filter>
    </ClCompile>
    <ClCompile Include="src\cpp\subwinDrawing\OriginXAxisPositioner.cpp">
      <Filter>Source Files\SubwinDrawing</Filter>
    </ClCompile>
    <ClCompile Include="src\cpp\subwinDrawing\OriginYAxisPositioner.cpp">
      <Filter>Source Files\SubwinDrawing</Filter>
    </ClCompile>
    <ClCompile Include="src\cpp\subwinDrawing\RightYAxisPositioner.cpp">
      <Filter>Source Files\SubwinDrawing</Filter>
    </ClCompile>
    <ClCompile Include="src\cpp\subwinDrawing\SubwinAxisPositioner.cpp">
      <Filter>Source Files\SubwinDrawing</Filter>
    </ClCompile>
    <ClCompile Include="src\jni\SubwinBackgroundDrawerGL.cpp">
      <Filter>Source Files\SubwinDrawing</Filter>
    </ClCompile>
    <ClCompile Include="src\cpp\subwinDrawing\SubwinBackgroundDrawerJavaMapper.cpp">
      <Filter>Source Files\SubwinDrawing</Filter>
    </ClCompile>
    <ClCompile Include="src\cpp\subwinDrawing\SubwinBackgroundDrawerJoGL.cpp">
      <Filter>Source Files\SubwinDrawing</Filter>
    </ClCompile>
    <ClCompile Include="src\cpp\subwinDrawing\TicksDrawer.cpp">
      <Filter>Source Files\SubwinDrawing</Filter>
    </ClCompile>
    <ClCompile Include="src\cpp\subwinDrawing\TicksDrawerFactory.cpp">
      <Filter>Source Files\SubwinDrawing</Filter>
    </ClCompile>
    <ClCompile Include="src\jni\TicksDrawerGL.cpp">
      <Filter>Source Files\SubwinDrawing</Filter>
    </ClCompile>
    <ClCompile Include="src\cpp\subwinDrawing\TicksDrawerJavaMapper.cpp">
      <Filter>Source Files\SubwinDrawing</Filter>
    </ClCompile>
    <ClCompile Include="src\cpp\subwinDrawing\TicksDrawerJoGL.cpp">
      <Filter>Source Files\SubwinDrawing</Filter>
    </ClCompile>
    <ClCompile Include="src\cpp\subwinDrawing\TopXAxisPositioner.cpp">
      <Filter>Source Files\SubwinDrawing</Filter>
    </ClCompile>
    <ClCompile Include="src\cpp\subwinDrawing\UserDefinedSubticksComputer.cpp">
      <Filter>Source Files\SubwinDrawing</Filter>
    </ClCompile>
    <ClCompile Include="src\cpp\subwinDrawing\UserDefinedTicksComputer.cpp">
      <Filter>Source Files\SubwinDrawing</Filter>
    </ClCompile>
    <ClCompile Include="src\cpp\subwinDrawing\UserDefLogSubticksComputer.cpp">
      <Filter>Source Files\SubwinDrawing</Filter>
    </ClCompile>
    <ClCompile Include="src\cpp\subwinDrawing\UserDefLogTicksComputer.cpp">
      <Filter>Source Files\SubwinDrawing</Filter>
    </ClCompile>
    <ClCompile Include="src\cpp\subwinDrawing\XAxisPositioner.cpp">
      <Filter>Source Files\SubwinDrawing</Filter>
    </ClCompile>
    <ClCompile Include="src\cpp\subwinDrawing\XGridDrawerJoGL.cpp">
      <Filter>Source Files\SubwinDrawing</Filter>
    </ClCompile>
    <ClCompile Include="src\cpp\subwinDrawing\YAxisPositioner.cpp">
      <Filter>Source Files\SubwinDrawing</Filter>
    </ClCompile>
    <ClCompile Include="src\cpp\subwinDrawing\YGridDrawerJoGL.cpp">
      <Filter>Source Files\SubwinDrawing</Filter>
    </ClCompile>
    <ClCompile Include="src\cpp\subwinDrawing\ZAxisPositioner.cpp">
      <Filter>Source Files\SubwinDrawing</Filter>
    </ClCompile>
    <ClCompile Include="src\cpp\subwinDrawing\ZGridDrawerJoGL.cpp">
      <Filter>Source Files\SubwinDrawing</Filter>
    </ClCompile>
    <ClCompile Include="src\cpp\rectangleDrawing\ConcreteDrawableRectangle.cpp">
      <Filter>Source Files\RectangleDrawing</Filter>
    </ClCompile>
    <ClCompile Include="src\cpp\rectangleDrawing\DrawableRectangle.cpp">
      <Filter>Source Files\RectangleDrawing</Filter>
    </ClCompile>
    <ClCompile Include="src\cpp\rectangleDrawing\DrawableRectangleBridgeFactory.cpp">
      <Filter>Source Files\RectangleDrawing</Filter>
    </ClCompile>
    <ClCompile Include="src\cpp\rectangleDrawing\DrawableRectangleFactory.cpp">
      <Filter>Source Files\RectangleDrawing</Filter>
    </ClCompile>
    <ClCompile Include="src\jni\DrawableRectangleGL.cpp">
      <Filter>Source Files\RectangleDrawing</Filter>
    </ClCompile>
    <ClCompile Include="src\cpp\rectangleDrawing\DrawableRectangleJavaMapper.cpp">
      <Filter>Source Files\RectangleDrawing</Filter>
    </ClCompile>
    <ClCompile Include="src\cpp\rectangleDrawing\DrawableRectangleJoGL.cpp">
      <Filter>Source Files\RectangleDrawing</Filter>
    </ClCompile>
    <ClCompile Include="src\jni\RectangleFillDrawerGL.cpp">
      <Filter>Source Files\RectangleDrawing</Filter>
    </ClCompile>
    <ClCompile Include="src\cpp\rectangleDrawing\RectangleFillDrawerJavaMapper.cpp">
      <Filter>Source Files\RectangleDrawing</Filter>
    </ClCompile>
    <ClCompile Include="src\cpp\rectangleDrawing\RectangleFillDrawerJoGL.cpp">
      <Filter>Source Files\RectangleDrawing</Filter>
    </ClCompile>
    <ClCompile Include="src\jni\RectangleLineDrawerGL.cpp">
      <Filter>Source Files\RectangleDrawing</Filter>
    </ClCompile>
    <ClCompile Include="src\cpp\rectangleDrawing\RectangleLineDrawerJavaMapper.cpp">
      <Filter>Source Files\RectangleDrawing</Filter>
    </ClCompile>
    <ClCompile Include="src\cpp\rectangleDrawing\RectangleLineDrawerJoGL.cpp">
      <Filter>Source Files\RectangleDrawing</Filter>
    </ClCompile>
    <ClCompile Include="src\jni\RectangleMarkDrawerGL.cpp">
      <Filter>Source Files\RectangleDrawing</Filter>
    </ClCompile>
    <ClCompile Include="src\cpp\rectangleDrawing\RectangleMarkDrawerJavaMapper.cpp">
      <Filter>Source Files\RectangleDrawing</Filter>
    </ClCompile>
    <ClCompile Include="src\cpp\rectangleDrawing\RectangleMarkDrawerJoGL.cpp">
      <Filter>Source Files\RectangleDrawing</Filter>
    </ClCompile>
    <ClCompile Include="src\cpp\GraphicSynchronization\GlobalSynchronizer.cpp">
      <Filter>Source Files\GraphicSynchronization</Filter>
    </ClCompile>
    <ClCompile Include="src\cpp\GraphicSynchronization\GraphicSynchronizer.cpp">
      <Filter>Source Files\GraphicSynchronization</Filter>
    </ClCompile>
    <ClCompile Include="src\cpp\GraphicSynchronization\GraphicSynchronizerBridgeFactory.cpp">
      <Filter>Source Files\GraphicSynchronization</Filter>
    </ClCompile>
    <ClCompile Include="src\cpp\GraphicSynchronization\GraphicSynchronizerFactory.cpp">
      <Filter>Source Files\GraphicSynchronization</Filter>
    </ClCompile>
    <ClCompile Include="src\cpp\GraphicSynchronization\GraphicSynchronizerInterface.cpp">
      <Filter>Source Files\GraphicSynchronization</Filter>
    </ClCompile>
    <ClCompile Include="src\jni\GraphicSynchronizerJava.cpp">
      <Filter>Source Files\GraphicSynchronization</Filter>
    </ClCompile>
    <ClCompile Include="src\cpp\GraphicSynchronization\GraphicSynchronizerJavaMapper.cpp">
      <Filter>Source Files\GraphicSynchronization</Filter>
    </ClCompile>
    <ClCompile Include="src\cpp\GraphicSynchronization\LocalSynchronizer.cpp">
      <Filter>Source Files\GraphicSynchronization</Filter>
    </ClCompile>
    <ClCompile Include="src\jni\CenteredTextDrawerGL.cpp">
      <Filter>Source Files\TextDrawing</Filter>
    </ClCompile>
    <ClCompile Include="src\cpp\textDrawing\CenteredTextDrawerJavaMapper.cpp">
      <Filter>Source Files\TextDrawing</Filter>
    </ClCompile>
    <ClCompile Include="src\cpp\textDrawing\CenteredTextDrawerJoGL.cpp">
      <Filter>Source Files\TextDrawing</Filter>
    </ClCompile>
    <ClCompile Include="src\cpp\textDrawing\ConcreteDrawableText.cpp">
      <Filter>Source Files\TextDrawing</Filter>
    </ClCompile>
    <ClCompile Include="src\cpp\textDrawing\DrawableText.cpp">
      <Filter>Source Files\TextDrawing</Filter>
    </ClCompile>
    <ClCompile Include="src\cpp\textDrawing\DrawableTextBridgeFactory.cpp">
      <Filter>Source Files\TextDrawing</Filter>
    </ClCompile>
    <ClCompile Include="src\cpp\textDrawing\DrawableTextFactory.cpp">
      <Filter>Source Files\TextDrawing</Filter>
    </ClCompile>
    <ClCompile Include="src\jni\DrawableTextGL.cpp">
      <Filter>Source Files\TextDrawing</Filter>
    </ClCompile>
    <ClCompile Include="src\cpp\textDrawing\DrawableTextJavaMapper.cpp">
      <Filter>Source Files\TextDrawing</Filter>
    </ClCompile>
    <ClCompile Include="src\cpp\textDrawing\DrawableTextJoGL.cpp">
      <Filter>Source Files\TextDrawing</Filter>
    </ClCompile>
    <ClCompile Include="src\jni\FilledTextDrawerGL.cpp">
      <Filter>Source Files\TextDrawing</Filter>
    </ClCompile>
    <ClCompile Include="src\cpp\textDrawing\FilledTextDrawerJavaMapper.cpp">
      <Filter>Source Files\TextDrawing</Filter>
    </ClCompile>
    <ClCompile Include="src\cpp\textDrawing\FilledTextDrawerJoGL.cpp">
      <Filter>Source Files\TextDrawing</Filter>
    </ClCompile>
    <ClCompile Include="src\jni\StandardTextDrawerGL.cpp">
      <Filter>Source Files\TextDrawing</Filter>
    </ClCompile>
    <ClCompile Include="src\cpp\textDrawing\StandardTextDrawerJavaMapper.cpp">
      <Filter>Source Files\TextDrawing</Filter>
    </ClCompile>
    <ClCompile Include="src\cpp\textDrawing\StandardTextDrawerJoGL.cpp">
      <Filter>Source Files\TextDrawing</Filter>
    </ClCompile>
    <ClCompile Include="src\cpp\textDrawing\TextContentDrawerJoGL.cpp">
      <Filter>Source Files\TextDrawing</Filter>
    </ClCompile>
    <ClCompile Include="src\cpp\surfaceDrawing\ConcreteDrawableSurface.cpp">
      <Filter>Source Files\SurfaceDrawing</Filter>
    </ClCompile>
    <ClCompile Include="src\cpp\surfaceDrawing\DrawableSurface.cpp">
      <Filter>Source Files\SurfaceDrawing</Filter>
    </ClCompile>
    <ClCompile Include="src\cpp\surfaceDrawing\DrawableSurfaceBridgeFactory.cpp">
      <Filter>Source Files\SurfaceDrawing</Filter>
    </ClCompile>
    <ClCompile Include="src\cpp\surfaceDrawing\DrawableSurfaceFactory.cpp">
      <Filter>Source Files\SurfaceDrawing</Filter>
    </ClCompile>
    <ClCompile Include="src\jni\DrawableSurfaceGL.cpp">
      <Filter>Source Files\SurfaceDrawing</Filter>
    </ClCompile>
    <ClCompile Include="src\cpp\surfaceDrawing\DrawableSurfaceJavaMapper.cpp">
      <Filter>Source Files\SurfaceDrawing</Filter>
    </ClCompile>
    <ClCompile Include="src\cpp\surfaceDrawing\DrawableSurfaceJoGL.cpp">
      <Filter>Source Files\SurfaceDrawing</Filter>
    </ClCompile>
    <ClCompile Include="src\jni\SurfaceFacetDrawerGL.cpp">
      <Filter>Source Files\SurfaceDrawing</Filter>
    </ClCompile>
    <ClCompile Include="src\cpp\surfaceDrawing\SurfaceFacetDrawerJavaMapper.cpp">
      <Filter>Source Files\SurfaceDrawing</Filter>
    </ClCompile>
    <ClCompile Include="src\cpp\surfaceDrawing\SurfaceFacetDrawerJoGL.cpp">
      <Filter>Source Files\SurfaceDrawing</Filter>
    </ClCompile>
    <ClCompile Include="src\jni\SurfaceLineDrawerGL.cpp">
      <Filter>Source Files\SurfaceDrawing</Filter>
    </ClCompile>
    <ClCompile Include="src\cpp\surfaceDrawing\SurfaceLineDrawerJavaMapper.cpp">
      <Filter>Source Files\SurfaceDrawing</Filter>
    </ClCompile>
    <ClCompile Include="src\cpp\surfaceDrawing\SurfaceLineDrawerJoGL.cpp">
      <Filter>Source Files\SurfaceDrawing</Filter>
    </ClCompile>
    <ClCompile Include="src\jni\SurfaceMarkDrawerGL.cpp">
      <Filter>Source Files\SurfaceDrawing</Filter>
    </ClCompile>
    <ClCompile Include="src\cpp\surfaceDrawing\SurfaceMarkDrawerJavaMapper.cpp">
      <Filter>Source Files\SurfaceDrawing</Filter>
    </ClCompile>
    <ClCompile Include="src\cpp\surfaceDrawing\SurfaceMarkDrawerJoGL.cpp">
      <Filter>Source Files\SurfaceDrawing</Filter>
    </ClCompile>
    <ClCompile Include="src\cpp\compoundDrawing\DrawableCompound.cpp">
      <Filter>Source Files\CompoundDrawing</Filter>
    </ClCompile>
    <ClCompile Include="src\cpp\compoundDrawing\DrawableCompoundFactory.cpp">
      <Filter>Source Files\CompoundDrawing</Filter>
    </ClCompile>
    <ClCompile Include="src\cpp\segsDrawing\ChampDecomposer.cpp">
      <Filter>Source Files\SegsDrawing</Filter>
    </ClCompile>
    <ClCompile Include="src\cpp\segsDrawing\ConcreteDrawableSegs.cpp">
      <Filter>Source Files\SegsDrawing</Filter>
    </ClCompile>
    <ClCompile Include="src\cpp\segsDrawing\DecomposeSegsStrategy.cpp">
      <Filter>Source Files\SegsDrawing</Filter>
    </ClCompile>
    <ClCompile Include="src\cpp\segsDrawing\DrawableSegs.cpp">
      <Filter>Source Files\SegsDrawing</Filter>
    </ClCompile>
    <ClCompile Include="src\cpp\segsDrawing\DrawableSegsBridgeFactory.cpp">
      <Filter>Source Files\SegsDrawing</Filter>
    </ClCompile>
    <ClCompile Include="src\cpp\segsDrawing\DrawableSegsFactory.cpp">
      <Filter>Source Files\SegsDrawing</Filter>
    </ClCompile>
    <ClCompile Include="src\jni\DrawableSegsGL.cpp">
      <Filter>Source Files\SegsDrawing</Filter>
    </ClCompile>
    <ClCompile Include="src\cpp\segsDrawing\DrawableSegsJavaMapper.cpp">
      <Filter>Source Files\SegsDrawing</Filter>
    </ClCompile>
    <ClCompile Include="src\cpp\segsDrawing\DrawableSegsJoGL.cpp">
      <Filter>Source Files\SegsDrawing</Filter>
    </ClCompile>
    <ClCompile Include="src\jni\SegsArrowDrawerGL.cpp">
      <Filter>Source Files\SegsDrawing</Filter>
    </ClCompile>
    <ClCompile Include="src\cpp\segsDrawing\SegsArrowDrawerJavaMapper.cpp">
      <Filter>Source Files\SegsDrawing</Filter>
    </ClCompile>
    <ClCompile Include="src\cpp\segsDrawing\SegsArrowDrawerJoGL.cpp">
      <Filter>Source Files\SegsDrawing</Filter>
    </ClCompile>
    <ClCompile Include="src\cpp\segsDrawing\SegsDecomposer.cpp">
      <Filter>Source Files\SegsDrawing</Filter>
    </ClCompile>
    <ClCompile Include="src\jni\SegsLineDrawerGL.cpp">
      <Filter>Source Files\SegsDrawing</Filter>
    </ClCompile>
    <ClCompile Include="src\cpp\segsDrawing\SegsLineDrawerJavaMapper.cpp">
      <Filter>Source Files\SegsDrawing</Filter>
    </ClCompile>
    <ClCompile Include="src\cpp\segsDrawing\SegsLineDrawerJoGL.cpp">
      <Filter>Source Files\SegsDrawing</Filter>
    </ClCompile>
    <ClCompile Include="src\jni\SegsMarkDrawerGL.cpp">
      <Filter>Source Files\SegsDrawing</Filter>
    </ClCompile>
    <ClCompile Include="src\cpp\segsDrawing\SegsMarkDrawerJavaMapper.cpp">
      <Filter>Source Files\SegsDrawing</Filter>
    </ClCompile>
    <ClCompile Include="src\cpp\segsDrawing\SegsMarkDrawerJoGL.cpp">
      <Filter>Source Files\SegsDrawing</Filter>
    </ClCompile>
    <ClCompile Include="src\cpp\grayplotDrawing\ConcreteDrawableGrayplot.cpp">
      <Filter>Source Files\GrayplotDrawing</Filter>
    </ClCompile>
    <ClCompile Include="src\cpp\grayplotDrawing\DrawabelGrayplotJavaMapper.cpp">
      <Filter>Source Files\GrayplotDrawing</Filter>
    </ClCompile>
    <ClCompile Include="src\cpp\grayplotDrawing\DrawableGrayplot.cpp">
      <Filter>Source Files\GrayplotDrawing</Filter>
    </ClCompile>
    <ClCompile Include="src\cpp\grayplotDrawing\DrawableGrayplotBridgeFactory.cpp">
      <Filter>Source Files\GrayplotDrawing</Filter>
    </ClCompile>
    <ClCompile Include="src\cpp\grayplotDrawing\DrawableGrayplotFactory.cpp">
      <Filter>Source Files\GrayplotDrawing</Filter>
    </ClCompile>
    <ClCompile Include="src\jni\DrawableGrayplotGL.cpp">
      <Filter>Source Files\GrayplotDrawing</Filter>
    </ClCompile>
    <ClCompile Include="src\cpp\grayplotDrawing\DrawableGrayplotJoGL.cpp">
      <Filter>Source Files\GrayplotDrawing</Filter>
    </ClCompile>
    <ClCompile Include="src\cpp\grayplotDrawing\GrayplotDecomposer.cpp">
      <Filter>Source Files\GrayplotDrawing</Filter>
    </ClCompile>
    <ClCompile Include="src\cpp\grayplotDrawing\MatplotDecomposer.cpp">
      <Filter>Source Files\GrayplotDrawing</Filter>
    </ClCompile>
    <ClCompile Include="src\cpp\legendDrawing\ConcreteDrawableLegend.cpp">
      <Filter>Source Files\LegendDrawing</Filter>
    </ClCompile>
    <ClCompile Include="src\cpp\legendDrawing\DrawableLegend.cpp">
      <Filter>Source Files\LegendDrawing</Filter>
    </ClCompile>
    <ClCompile Include="src\cpp\legendDrawing\DrawableLegendFactory.cpp">
      <Filter>Source Files\LegendDrawing</Filter>
    </ClCompile>
    <ClCompile Include="src\cpp\axesDrawing\AxesPositioner.cpp">
      <Filter>Source Files\AxesDrawing</Filter>
    </ClCompile>
    <ClCompile Include="src\cpp\axesDrawing\AxesSubticksComputer.cpp">
      <Filter>Source Files\AxesDrawing</Filter>
    </ClCompile>
    <ClCompile Include="src\cpp\axesDrawing\AxesTicksComputer.cpp">
      <Filter>Source Files\AxesDrawing</Filter>
    </ClCompile>
    <ClCompile Include="src\cpp\axesDrawing\AxesTicksDrawerJoGL.cpp">
      <Filter>Source Files\AxesDrawing</Filter>
    </ClCompile>
    <ClCompile Include="src\cpp\axesDrawing\ConcreteDrawableAxes.cpp">
      <Filter>Source Files\AxesDrawing</Filter>
    </ClCompile>
    <ClCompile Include="src\cpp\axesDrawing\DrawableAxes.cpp">
      <Filter>Source Files\AxesDrawing</Filter>
    </ClCompile>
    <ClCompile Include="src\cpp\axesDrawing\DrawableAxesBridgeFactory.cpp">
      <Filter>Source Files\AxesDrawing</Filter>
    </ClCompile>
    <ClCompile Include="src\cpp\axesDrawing\DrawableAxesFactory.cpp">
      <Filter>Source Files\AxesDrawing</Filter>
    </ClCompile>
    <ClCompile Include="src\jni\DrawableAxesGL.cpp">
      <Filter>Source Files\AxesDrawing</Filter>
    </ClCompile>
    <ClCompile Include="src\cpp\axesDrawing\DrawableAxesJavaMapper.cpp">
      <Filter>Source Files\AxesDrawing</Filter>
    </ClCompile>
    <ClCompile Include="src\cpp\axesDrawing\DrawableAxesJoGL.cpp">
      <Filter>Source Files\AxesDrawing</Filter>
    </ClCompile>
    <ClCompile Include="src\jni\CallRenderer.cpp">
      <Filter>Source Files</Filter>
    </ClCompile>
  </ItemGroup>
  <ItemGroup>
    <ClInclude Include="src\cpp\BasicAlgos.hxx">
      <Filter>Header Files</Filter>
    </ClInclude>
    <ClInclude Include="includes\BuildDrawingObserver.h">
      <Filter>Header Files</Filter>
    </ClInclude>
    <ClInclude Include="src\cpp\DrawableClippedObject.h">
      <Filter>Header Files</Filter>
    </ClInclude>
    <ClInclude Include="src\cpp\DrawableClippedObjectBridge.h">
      <Filter>Header Files</Filter>
    </ClInclude>
    <ClInclude Include="src\cpp\DrawableClippedObjectJavaMapper.hxx">
      <Filter>Header Files</Filter>
    </ClInclude>
    <ClInclude Include="src\cpp\DrawableClippedObjectJoGL.h">
      <Filter>Header Files</Filter>
    </ClInclude>
    <ClInclude Include="src\cpp\DrawableObject.h">
      <Filter>Header Files</Filter>
    </ClInclude>
    <ClInclude Include="src\cpp\DrawableObjectBridge.h">
      <Filter>Header Files</Filter>
    </ClInclude>
    <ClInclude Include="src\cpp\DrawableObjectFactory.h">
      <Filter>Header Files</Filter>
    </ClInclude>
    <ClInclude Include="src\cpp\DrawableObjectJavaMapper.hxx">
      <Filter>Header Files</Filter>
    </ClInclude>
    <ClInclude Include="src\cpp\DrawableObjectJoGL.h">
      <Filter>Header Files</Filter>
    </ClInclude>
    <ClInclude Include="includes\DrawingBridge.h">
      <Filter>Header Files</Filter>
    </ClInclude>
    <ClInclude Include="includes\dynlib_renderer.h">
      <Filter>Header Files</Filter>
    </ClInclude>
    <ClInclude Include="src\cpp\getHandleDrawer.h">
      <Filter>Header Files</Filter>
    </ClInclude>
    <ClInclude Include="includes\GetJavaProperty.h">
      <Filter>Header Files</Filter>
    </ClInclude>
    <ClInclude Include="src\cpp\HandleDrawingObserver.h">
      <Filter>Header Files</Filter>
    </ClInclude>
    <ClInclude Include="src\cpp\HandleObserver.h">
      <Filter>Header Files</Filter>
    </ClInclude>
    <ClInclude Include="src\cpp\HandleObserverManagement.h">
      <Filter>Header Files</Filter>
    </ClInclude>
    <ClInclude Include="includes\JavaInteraction.h">
      <Filter>Header Files</Filter>
    </ClInclude>
    <ClInclude Include="src\cpp\Observer.h">
      <Filter>Header Files</Filter>
    </ClInclude>
    <ClInclude Include="includes\rendererBasicAlgos.h">
      <Filter>Header Files</Filter>
    </ClInclude>
    <ClInclude Include="includes\RendererFontManager.h">
      <Filter>Header Files</Filter>
    </ClInclude>
    <ClInclude Include="includes\SetJavaProperty.h">
      <Filter>Header Files</Filter>
    </ClInclude>
    <ClInclude Include="src\jni\XlFontManager.hxx">
      <Filter>Header Files</Filter>
    </ClInclude>
    <ClInclude Include="src\cpp\polylineDrawing\BarDecomposition.hxx">
      <Filter>Header Files\PolylineDrawing</Filter>
    </ClInclude>
    <ClInclude Include="src\cpp\polylineDrawing\ConcreteDrawablePolyline.hxx">
      <Filter>Header Files\PolylineDrawing</Filter>
    </ClInclude>
    <ClInclude Include="src\cpp\polylineDrawing\DecomposeLineStrategy.hxx">
      <Filter>Header Files\PolylineDrawing</Filter>
    </ClInclude>
    <ClInclude Include="src\cpp\polylineDrawing\DrawablePolyline.h">
      <Filter>Header Files\PolylineDrawing</Filter>
    </ClInclude>
    <ClInclude Include="src\cpp\polylineDrawing\DrawablePolylineBridge.h">
      <Filter>Header Files\PolylineDrawing</Filter>
    </ClInclude>
    <ClInclude Include="src\cpp\polylineDrawing\DrawablePolylineBridgeFactory.h">
      <Filter>Header Files\PolylineDrawing</Filter>
    </ClInclude>
    <ClInclude Include="src\cpp\polylineDrawing\DrawablePolylineFactory.h">
      <Filter>Header Files\PolylineDrawing</Filter>
    </ClInclude>
    <ClInclude Include="src\jni\DrawablePolylineGL.hxx">
      <Filter>Header Files\PolylineDrawing</Filter>
    </ClInclude>
    <ClInclude Include="src\cpp\polylineDrawing\DrawablePolylineJavaMapper.hxx">
      <Filter>Header Files\PolylineDrawing</Filter>
    </ClInclude>
    <ClInclude Include="src\cpp\polylineDrawing\DrawablePolylineJoGL.h">
      <Filter>Header Files\PolylineDrawing</Filter>
    </ClInclude>
    <ClInclude Include="src\cpp\polylineDrawing\DrawPolylineStrategy.hxx">
      <Filter>Header Files\PolylineDrawing</Filter>
    </ClInclude>
    <ClInclude Include="src\cpp\polylineDrawing\HorizontalBarDecomposition.hxx">
      <Filter>Header Files\PolylineDrawing</Filter>
    </ClInclude>
    <ClInclude Include="src\cpp\polylineDrawing\InterpolatedDecomposition.hxx">
      <Filter>Header Files\PolylineDrawing</Filter>
    </ClInclude>
    <ClInclude Include="src\cpp\polylineDrawing\LinearBarDecomposition.hxx">
      <Filter>Header Files\PolylineDrawing</Filter>
    </ClInclude>
    <ClInclude Include="src\jni\PolylineArrowDrawerGL.hxx">
      <Filter>Header Files\PolylineDrawing</Filter>
    </ClInclude>
    <ClInclude Include="src\cpp\polylineDrawing\PolylineArrowDrawerJavaMapper.hxx">
      <Filter>Header Files\PolylineDrawing</Filter>
    </ClInclude>
    <ClInclude Include="src\cpp\polylineDrawing\PolylineArrowDrawerJoGL.hxx">
      <Filter>Header Files\PolylineDrawing</Filter>
    </ClInclude>
    <ClInclude Include="src\jni\PolylineBarDrawerGL.hxx">
      <Filter>Header Files\PolylineDrawing</Filter>
    </ClInclude>
    <ClInclude Include="src\cpp\polylineDrawing\PolylineBarDrawerJavaMapper.hxx">
      <Filter>Header Files\PolylineDrawing</Filter>
    </ClInclude>
    <ClInclude Include="src\cpp\polylineDrawing\PolylineBarDrawerJoGL.hxx">
      <Filter>Header Files\PolylineDrawing</Filter>
    </ClInclude>
    <ClInclude Include="src\jni\PolylineFillDrawerGL.hxx">
      <Filter>Header Files\PolylineDrawing</Filter>
    </ClInclude>
    <ClInclude Include="src\cpp\polylineDrawing\PolylineFillDrawerJavaMapper.hxx">
      <Filter>Header Files\PolylineDrawing</Filter>
    </ClInclude>
    <ClInclude Include="src\cpp\polylineDrawing\PolylineFillDrawerJoGL.hxx">
      <Filter>Header Files\PolylineDrawing</Filter>
    </ClInclude>
    <ClInclude Include="src\jni\PolylineInterpColorDrawerGL.hxx">
      <Filter>Header Files\PolylineDrawing</Filter>
    </ClInclude>
    <ClInclude Include="src\cpp\polylineDrawing\PolylineInterpColorDrawerJavaMapper.hxx">
      <Filter>Header Files\PolylineDrawing</Filter>
    </ClInclude>
    <ClInclude Include="src\cpp\polylineDrawing\PolylineInterpColorDrawerJoGL.hxx">
      <Filter>Header Files\PolylineDrawing</Filter>
    </ClInclude>
    <ClInclude Include="src\jni\PolylineLineDrawerGL.hxx">
      <Filter>Header Files\PolylineDrawing</Filter>
    </ClInclude>
    <ClInclude Include="src\cpp\polylineDrawing\PolylineLineDrawerJavaMapper.hxx">
      <Filter>Header Files\PolylineDrawing</Filter>
    </ClInclude>
    <ClInclude Include="src\cpp\polylineDrawing\PolylineLineDrawerJoGL.hxx">
      <Filter>Header Files\PolylineDrawing</Filter>
    </ClInclude>
    <ClInclude Include="src\jni\PolylineMarkDrawerGL.hxx">
      <Filter>Header Files\PolylineDrawing</Filter>
    </ClInclude>
    <ClInclude Include="src\cpp\polylineDrawing\PolylineMarkDrawerJavaMapper.hxx">
      <Filter>Header Files\PolylineDrawing</Filter>
    </ClInclude>
    <ClInclude Include="src\cpp\polylineDrawing\PolylineMarkDrawerJoGL.hxx">
      <Filter>Header Files\PolylineDrawing</Filter>
    </ClInclude>
    <ClInclude Include="src\cpp\polylineDrawing\StairCaseDecomposition.hxx">
      <Filter>Header Files\PolylineDrawing</Filter>
    </ClInclude>
    <ClInclude Include="src\cpp\polylineDrawing\VerticalBarDecomposition.hxx">
      <Filter>Header Files\PolylineDrawing</Filter>
    </ClInclude>
    <ClInclude Include="src\cpp\subwinDrawing\AutoLogSubticksComputer.hxx">
      <Filter>Header Files\SubwinDrawing</Filter>
    </ClInclude>
    <ClInclude Include="src\cpp\subwinDrawing\AutoLogTicksComputer.hxx">
      <Filter>Header Files\SubwinDrawing</Filter>
    </ClInclude>
    <ClInclude Include="src\cpp\subwinDrawing\AutomaticSubticksComputer.hxx">
      <Filter>Header Files\SubwinDrawing</Filter>
    </ClInclude>
    <ClInclude Include="src\cpp\subwinDrawing\AutomaticTicksComputer.hxx">
      <Filter>Header Files\SubwinDrawing</Filter>
    </ClInclude>
    <ClInclude Include="src\cpp\subwinDrawing\AxisPositioner.hxx">
      <Filter>Header Files\SubwinDrawing</Filter>
    </ClInclude>
    <ClInclude Include="src\jni\BackTrihedronDrawerGL.hxx">
      <Filter>Header Files\SubwinDrawing</Filter>
    </ClInclude>
    <ClInclude Include="src\cpp\subwinDrawing\BackTrihedronDrawerJavaMapper.hxx">
      <Filter>Header Files\SubwinDrawing</Filter>
    </ClInclude>
    <ClInclude Include="src\cpp\subwinDrawing\BackTrihedronDrawerJoGL.hxx">
      <Filter>Header Files\SubwinDrawing</Filter>
    </ClInclude>
    <ClInclude Include="src\cpp\subwinDrawing\BottomXAxisPositioner.hxx">
      <Filter>Header Files\SubwinDrawing</Filter>
    </ClInclude>
    <ClInclude Include="src\cpp\subwinDrawing\Camera.h">
      <Filter>Header Files\SubwinDrawing</Filter>
    </ClInclude>
    <ClInclude Include="src\cpp\subwinDrawing\CameraBridge.h">
      <Filter>Header Files\SubwinDrawing</Filter>
    </ClInclude>
    <ClInclude Include="src\cpp\subwinDrawing\CameraBridgeFactory.h">
      <Filter>Header Files\SubwinDrawing</Filter>
    </ClInclude>
    <ClInclude Include="src\cpp\subwinDrawing\CameraFactory.h">
      <Filter>Header Files\SubwinDrawing</Filter>
    </ClInclude>
    <ClInclude Include="src\cpp\subwinDrawing\CameraJavaMapper.hxx">
      <Filter>Header Files\SubwinDrawing</Filter>
    </ClInclude>
    <ClInclude Include="src\cpp\subwinDrawing\CameraJoGL.h">
      <Filter>Header Files\SubwinDrawing</Filter>
    </ClInclude>
    <ClInclude Include="src\cpp\subwinDrawing\ComputeBoundsStrategy.hxx">
      <Filter>Header Files\SubwinDrawing</Filter>
    </ClInclude>
    <ClInclude Include="src\cpp\subwinDrawing\ComputeSubticksStrategy.hxx">
      <Filter>Header Files\SubwinDrawing</Filter>
    </ClInclude>
    <ClInclude Include="src\cpp\subwinDrawing\ComputeTicksStrategy.hxx">
      <Filter>Header Files\SubwinDrawing</Filter>
    </ClInclude>
    <ClInclude Include="src\cpp\subwinDrawing\ConcreteDrawableSubwin.hxx">
      <Filter>Header Files\SubwinDrawing</Filter>
    </ClInclude>
    <ClInclude Include="src\cpp\subwinDrawing\DrawableSubwin.h">
      <Filter>Header Files\SubwinDrawing</Filter>
    </ClInclude>
    <ClInclude Include="src\cpp\subwinDrawing\DrawableSubwinBridge.h">
      <Filter>Header Files\SubwinDrawing</Filter>
    </ClInclude>
    <ClInclude Include="src\cpp\subwinDrawing\DrawableSubwinBridgeFactory.h">
      <Filter>Header Files\SubwinDrawing</Filter>
    </ClInclude>
    <ClInclude Include="src\cpp\subwinDrawing\DrawableSubwinFactory.h">
      <Filter>Header Files\SubwinDrawing</Filter>
    </ClInclude>
    <ClInclude Include="src\jni\DrawableSubwinGL.hxx">
      <Filter>Header Files\SubwinDrawing</Filter>
    </ClInclude>
    <ClInclude Include="src\cpp\subwinDrawing\DrawableSubwinJavaMapper.hxx">
      <Filter>Header Files\SubwinDrawing</Filter>
    </ClInclude>
    <ClInclude Include="src\cpp\subwinDrawing\DrawableSubwinJoGL.h">
      <Filter>Header Files\SubwinDrawing</Filter>
    </ClInclude>
    <ClInclude Include="src\cpp\subwinDrawing\DrawAxesBoxStrategy.hxx">
      <Filter>Header Files\SubwinDrawing</Filter>
    </ClInclude>
    <ClInclude Include="src\jni\FullBoxDrawerGL.hxx">
      <Filter>Header Files\SubwinDrawing</Filter>
    </ClInclude>
    <ClInclude Include="src\cpp\subwinDrawing\FullBoxDrawerJavaMapper.hxx">
      <Filter>Header Files\SubwinDrawing</Filter>
    </ClInclude>
    <ClInclude Include="src\cpp\subwinDrawing\FullBoxDrawerJoGL.hxx">
      <Filter>Header Files\SubwinDrawing</Filter>
    </ClInclude>
    <ClInclude Include="src\cpp\subwinDrawing\GridDrawer.hxx">
      <Filter>Header Files\SubwinDrawing</Filter>
    </ClInclude>
    <ClInclude Include="src\jni\GridDrawerGL.hxx">
      <Filter>Header Files\SubwinDrawing</Filter>
    </ClInclude>
    <ClInclude Include="src\cpp\subwinDrawing\GridDrawerJavaMapper.hxx">
      <Filter>Header Files\SubwinDrawing</Filter>
    </ClInclude>
    <ClInclude Include="src\cpp\subwinDrawing\GridDrawerJoGL.hxx">
      <Filter>Header Files\SubwinDrawing</Filter>
    </ClInclude>
    <ClInclude Include="src\jni\HalfBoxDrawerGL.hxx">
      <Filter>Header Files\SubwinDrawing</Filter>
    </ClInclude>
    <ClInclude Include="src\cpp\subwinDrawing\HalfBoxDrawerJavaMapper.hxx">
      <Filter>Header Files\SubwinDrawing</Filter>
    </ClInclude>
    <ClInclude Include="src\cpp\subwinDrawing\HalfBoxDrawerJoGL.hxx">
      <Filter>Header Files\SubwinDrawing</Filter>
    </ClInclude>
    <ClInclude Include="src\jni\IsometricCameraGL.hxx">
      <Filter>Header Files\SubwinDrawing</Filter>
    </ClInclude>
    <ClInclude Include="src\cpp\subwinDrawing\IsometricCameraJavaMapper.hxx">
      <Filter>Header Files\SubwinDrawing</Filter>
    </ClInclude>
    <ClInclude Include="src\jni\IsoViewCameraGL.hxx">
      <Filter>Header Files\SubwinDrawing</Filter>
    </ClInclude>
    <ClInclude Include="src\cpp\subwinDrawing\IsoViewCameraJavaMapper.hxx">
      <Filter>Header Files\SubwinDrawing</Filter>
    </ClInclude>
    <ClInclude Include="src\cpp\subwinDrawing\LeftYAxisPositioner.hxx">
      <Filter>Header Files\SubwinDrawing</Filter>
    </ClInclude>
    <ClInclude Include="src\cpp\subwinDrawing\LinearBoundsComputer.hxx">
      <Filter>Header Files\SubwinDrawing</Filter>
    </ClInclude>
    <ClInclude Include="src\cpp\subwinDrawing\LogarithmicBoundsComputer.hxx">
      <Filter>Header Files\SubwinDrawing</Filter>
    </ClInclude>
    <ClInclude Include="src\cpp\subwinDrawing\MiddleXAxisPositioner.hxx">
      <Filter>Header Files\SubwinDrawing</Filter>
    </ClInclude>
    <ClInclude Include="src\cpp\subwinDrawing\MiddleYAxisPositioner.hxx">
      <Filter>Header Files\SubwinDrawing</Filter>
    </ClInclude>
    <ClInclude Include="src\cpp\subwinDrawing\RightYAxisPositioner.hxx">
      <Filter>Header Files\SubwinDrawing</Filter>
    </ClInclude>
    <ClInclude Include="src\cpp\subwinDrawing\SubwinAxisPositioner.hxx">
      <Filter>Header Files\SubwinDrawing</Filter>
    </ClInclude>
    <ClInclude Include="src\jni\SubwinBackgroundDrawerGL.hxx">
      <Filter>Header Files\SubwinDrawing</Filter>
    </ClInclude>
    <ClInclude Include="src\cpp\subwinDrawing\SubwinBackgroundDrawerJavaMapper.hxx">
      <Filter>Header Files\SubwinDrawing</Filter>
    </ClInclude>
    <ClInclude Include="src\cpp\subwinDrawing\SubwinBackgroundDrawerJoGL.hxx">
      <Filter>Header Files\SubwinDrawing</Filter>
    </ClInclude>
    <ClInclude Include="src\cpp\subwinDrawing\TicksDrawer.hxx">
      <Filter>Header Files\SubwinDrawing</Filter>
    </ClInclude>
    <ClInclude Include="src\cpp\subwinDrawing\TicksDrawerBridge.hxx">
      <Filter>Header Files\SubwinDrawing</Filter>
    </ClInclude>
    <ClInclude Include="src\cpp\subwinDrawing\TicksDrawerFactory.hxx">
      <Filter>Header Files\SubwinDrawing</Filter>
    </ClInclude>
    <ClInclude Include="src\jni\TicksDrawerGL.hxx">
      <Filter>Header Files\SubwinDrawing</Filter>
    </ClInclude>
    <ClInclude Include="src\cpp\subwinDrawing\TicksDrawerJavaMapper.hxx">
      <Filter>Header Files\SubwinDrawing</Filter>
    </ClInclude>
    <ClInclude Include="src\cpp\subwinDrawing\TicksDrawerJoGL.hxx">
      <Filter>Header Files\SubwinDrawing</Filter>
    </ClInclude>
    <ClInclude Include="src\cpp\subwinDrawing\TopXAxisPositioner.hxx">
      <Filter>Header Files\SubwinDrawing</Filter>
    </ClInclude>
    <ClInclude Include="src\cpp\subwinDrawing\UserDefinedSubticksComputer.hxx">
      <Filter>Header Files\SubwinDrawing</Filter>
    </ClInclude>
    <ClInclude Include="src\cpp\subwinDrawing\UserDefinedTicksComputer.hxx">
      <Filter>Header Files\SubwinDrawing</Filter>
    </ClInclude>
    <ClInclude Include="src\cpp\subwinDrawing\UserDefLogSubticksComputer.hxx">
      <Filter>Header Files\SubwinDrawing</Filter>
    </ClInclude>
    <ClInclude Include="src\cpp\subwinDrawing\UserDefLogTicksComputer.hxx">
      <Filter>Header Files\SubwinDrawing</Filter>
    </ClInclude>
    <ClInclude Include="src\cpp\subwinDrawing\XAxisPositioner.hxx">
      <Filter>Header Files\SubwinDrawing</Filter>
    </ClInclude>
    <ClInclude Include="src\cpp\subwinDrawing\XGridDrawerJoGL.hxx">
      <Filter>Header Files\SubwinDrawing</Filter>
    </ClInclude>
    <ClInclude Include="src\cpp\subwinDrawing\YAxisPositioner.hxx">
      <Filter>Header Files\SubwinDrawing</Filter>
    </ClInclude>
    <ClInclude Include="src\cpp\subwinDrawing\YGridDrawerJoGL.hxx">
      <Filter>Header Files\SubwinDrawing</Filter>
    </ClInclude>
    <ClInclude Include="src\cpp\subwinDrawing\ZGridDrawerJoGL.hxx">
      <Filter>Header Files\SubwinDrawing</Filter>
    </ClInclude>
    <ClInclude Include="src\cpp\rectangleDrawing\ConcreteDrawableRectangle.h">
      <Filter>Header Files\RectangleDrawing</Filter>
    </ClInclude>
    <ClInclude Include="src\cpp\rectangleDrawing\DrawableRectangle.h">
      <Filter>Header Files\RectangleDrawing</Filter>
    </ClInclude>
    <ClInclude Include="src\cpp\rectangleDrawing\DrawableRectangleBridge.h">
      <Filter>Header Files\RectangleDrawing</Filter>
    </ClInclude>
    <ClInclude Include="src\cpp\rectangleDrawing\DrawableRectangleBridgeFactory.h">
      <Filter>Header Files\RectangleDrawing</Filter>
    </ClInclude>
    <ClInclude Include="src\cpp\rectangleDrawing\DrawableRectangleFactory.h">
      <Filter>Header Files\RectangleDrawing</Filter>
    </ClInclude>
    <ClInclude Include="src\jni\DrawableRectangleGL.hxx">
      <Filter>Header Files\RectangleDrawing</Filter>
    </ClInclude>
    <ClInclude Include="src\cpp\rectangleDrawing\DrawableRectangleJavaMapper.hxx">
      <Filter>Header Files\RectangleDrawing</Filter>
    </ClInclude>
    <ClInclude Include="src\cpp\rectangleDrawing\DrawableRectangleJoGL.h">
      <Filter>Header Files\RectangleDrawing</Filter>
    </ClInclude>
    <ClInclude Include="src\cpp\rectangleDrawing\DrawRectangleStrategy.h">
      <Filter>Header Files\RectangleDrawing</Filter>
    </ClInclude>
    <ClInclude Include="src\jni\RectangleFillDrawerGL.hxx">
      <Filter>Header Files\RectangleDrawing</Filter>
    </ClInclude>
    <ClInclude Include="src\cpp\rectangleDrawing\RectangleFillDrawerJavaMapper.hxx">
      <Filter>Header Files\RectangleDrawing</Filter>
    </ClInclude>
    <ClInclude Include="src\cpp\rectangleDrawing\RectangleFillDrawerJoGL.h">
      <Filter>Header Files\RectangleDrawing</Filter>
    </ClInclude>
    <ClInclude Include="src\jni\RectangleLineDrawerGL.hxx">
      <Filter>Header Files\RectangleDrawing</Filter>
    </ClInclude>
    <ClInclude Include="src\cpp\rectangleDrawing\RectangleLineDrawerJavaMapper.hxx">
      <Filter>Header Files\RectangleDrawing</Filter>
    </ClInclude>
    <ClInclude Include="src\cpp\rectangleDrawing\RectangleLineDrawerJoGL.h">
      <Filter>Header Files\RectangleDrawing</Filter>
    </ClInclude>
    <ClInclude Include="src\jni\RectangleMarkDrawerGL.hxx">
      <Filter>Header Files\RectangleDrawing</Filter>
    </ClInclude>
    <ClInclude Include="src\cpp\rectangleDrawing\RectangleMarkDrawerJavaMapper.hxx">
      <Filter>Header Files\RectangleDrawing</Filter>
    </ClInclude>
    <ClInclude Include="src\cpp\rectangleDrawing\RectangleMarkDrawerJoGL.h">
      <Filter>Header Files\RectangleDrawing</Filter>
    </ClInclude>
    <ClInclude Include="src\cpp\GraphicSynchronization\GlobalSynchronizer.h">
      <Filter>Header Files\GraphicSynchronization</Filter>
    </ClInclude>
    <ClInclude Include="src\cpp\GraphicSynchronization\GraphicSynchronizer.h">
      <Filter>Header Files\GraphicSynchronization</Filter>
    </ClInclude>
    <ClInclude Include="src\cpp\GraphicSynchronization\GraphicSynchronizerBridge.h">
      <Filter>Header Files\GraphicSynchronization</Filter>
    </ClInclude>
    <ClInclude Include="src\cpp\GraphicSynchronization\GraphicSynchronizerBridgeFactory.h">
      <Filter>Header Files\GraphicSynchronization</Filter>
    </ClInclude>
    <ClInclude Include="src\cpp\GraphicSynchronization\GraphicSynchronizerFactory.h">
      <Filter>Header Files\GraphicSynchronization</Filter>
    </ClInclude>
    <ClInclude Include="includes\GraphicSynchronizerInterface.h">
      <Filter>Header Files\GraphicSynchronization</Filter>
    </ClInclude>
    <ClInclude Include="src\jni\GraphicSynchronizerJava.hxx">
      <Filter>Header Files\GraphicSynchronization</Filter>
    </ClInclude>
    <ClInclude Include="src\cpp\GraphicSynchronization\GraphicSynchronizerJavaMapper.h">
      <Filter>Header Files\GraphicSynchronization</Filter>
    </ClInclude>
    <ClInclude Include="src\cpp\GraphicSynchronization\LocalSynchronizer.h">
      <Filter>Header Files\GraphicSynchronization</Filter>
    </ClInclude>
    <ClInclude Include="src\cpp\figureDrawing\ConcreteDrawableFigure.h">
      <Filter>Header Files\FigureDrawing</Filter>
    </ClInclude>
    <ClInclude Include="src\cpp\figureDrawing\DrawableFigureBridge.h">
      <Filter>Header Files\FigureDrawing</Filter>
    </ClInclude>
    <ClInclude Include="src\cpp\figureDrawing\DrawableFigureBridgeFactory.h">
      <Filter>Header Files\FigureDrawing</Filter>
    </ClInclude>
    <ClInclude Include="src\cpp\figureDrawing\DrawableFigureFactory.h">
      <Filter>Header Files\FigureDrawing</Filter>
    </ClInclude>
    <ClInclude Include="src\jni\DrawableFigureGL.hxx">
      <Filter>Header Files\FigureDrawing</Filter>
    </ClInclude>
    <ClInclude Include="src\cpp\figureDrawing\DrawableFigureJavaMapper.hxx">
      <Filter>Header Files\FigureDrawing</Filter>
    </ClInclude>
    <ClInclude Include="src\cpp\figureDrawing\DrawableFigureJoGL.h">
      <Filter>Header Files\FigureDrawing</Filter>
    </ClInclude>
    <ClInclude Include="src\cpp\figureDrawing\FigureScilabCall.h">
      <Filter>Header Files\FigureDrawing</Filter>
    </ClInclude>
    <ClInclude Include="src\jni\RenderingChecker.hxx">
      <Filter>Header Files\FigureDrawing</Filter>
    </ClInclude>
    <ClInclude Include="src\jni\CenteredTextDrawerGL.hxx">
      <Filter>Header Files\TextDrawing</Filter>
    </ClInclude>
    <ClInclude Include="src\cpp\textDrawing\CenteredTextDrawerJavaMapper.hxx">
      <Filter>Header Files\TextDrawing</Filter>
    </ClInclude>
    <ClInclude Include="src\cpp\textDrawing\CenteredTextDrawerJoGL.hxx">
      <Filter>Header Files\TextDrawing</Filter>
    </ClInclude>
    <ClInclude Include="src\cpp\textDrawing\ConcreteDrawableText.hxx">
      <Filter>Header Files\TextDrawing</Filter>
    </ClInclude>
    <ClInclude Include="src\cpp\textDrawing\DrawableText.h">
      <Filter>Header Files\TextDrawing</Filter>
    </ClInclude>
    <ClInclude Include="src\cpp\textDrawing\DrawableTextBridge.hxx">
      <Filter>Header Files\TextDrawing</Filter>
    </ClInclude>
    <ClInclude Include="src\cpp\textDrawing\DrawableTextBridgeFactory.hxx">
      <Filter>Header Files\TextDrawing</Filter>
    </ClInclude>
    <ClInclude Include="src\cpp\textDrawing\DrawableTextFactory.h">
      <Filter>Header Files\TextDrawing</Filter>
    </ClInclude>
    <ClInclude Include="src\jni\DrawableTextGL.hxx">
      <Filter>Header Files\TextDrawing</Filter>
    </ClInclude>
    <ClInclude Include="src\cpp\textDrawing\DrawableTextJavaMapper.hxx">
      <Filter>Header Files\TextDrawing</Filter>
    </ClInclude>
    <ClInclude Include="src\cpp\textDrawing\DrawableTextJoGL.hxx">
      <Filter>Header Files\TextDrawing</Filter>
    </ClInclude>
    <ClInclude Include="src\cpp\textDrawing\DrawTextContentStrategy.hxx">
      <Filter>Header Files\TextDrawing</Filter>
    </ClInclude>
    <ClInclude Include="src\jni\FilledTextDrawerGL.hxx">
      <Filter>Header Files\TextDrawing</Filter>
    </ClInclude>
    <ClInclude Include="src\cpp\textDrawing\FilledTextDrawerJavaMapper.hxx">
      <Filter>Header Files\TextDrawing</Filter>
    </ClInclude>
    <ClInclude Include="src\cpp\textDrawing\FilledTextDrawerJoGL.hxx">
      <Filter>Header Files\TextDrawing</Filter>
    </ClInclude>
    <ClInclude Include="src\jni\StandardTextDrawerGL.hxx">
      <Filter>Header Files\TextDrawing</Filter>
    </ClInclude>
    <ClInclude Include="src\cpp\textDrawing\StandardTextDrawerJavaMapper.hxx">
      <Filter>Header Files\TextDrawing</Filter>
    </ClInclude>
    <ClInclude Include="src\cpp\textDrawing\StandardTextDrawerJoGL.hxx">
      <Filter>Header Files\TextDrawing</Filter>
    </ClInclude>
    <ClInclude Include="src\cpp\textDrawing\TextContentDrawerJavaMapper.hxx">
      <Filter>Header Files\TextDrawing</Filter>
    </ClInclude>
    <ClInclude Include="src\cpp\textDrawing\TextContentDrawerJoGL.hxx">
      <Filter>Header Files\TextDrawing</Filter>
    </ClInclude>
    <ClInclude Include="src\cpp\surfaceDrawing\ConcreteDrawableSurface.hxx">
      <Filter>Header Files\SurfaceDrawing</Filter>
    </ClInclude>
    <ClInclude Include="src\cpp\surfaceDrawing\DrawableSurface.h">
      <Filter>Header Files\SurfaceDrawing</Filter>
    </ClInclude>
    <ClInclude Include="src\cpp\surfaceDrawing\DrawableSurfaceBridge.hxx">
      <Filter>Header Files\SurfaceDrawing</Filter>
    </ClInclude>
    <ClInclude Include="src\cpp\surfaceDrawing\DrawableSurfaceBridgeFactory.hxx">
      <Filter>Header Files\SurfaceDrawing</Filter>
    </ClInclude>
    <ClInclude Include="src\cpp\surfaceDrawing\DrawableSurfaceFactory.h">
      <Filter>Header Files\SurfaceDrawing</Filter>
    </ClInclude>
    <ClInclude Include="src\jni\DrawableSurfaceGL.hxx">
      <Filter>Header Files\SurfaceDrawing</Filter>
    </ClInclude>
    <ClInclude Include="src\cpp\surfaceDrawing\DrawableSurfaceJavaMapper.hxx">
      <Filter>Header Files\SurfaceDrawing</Filter>
    </ClInclude>
    <ClInclude Include="src\cpp\surfaceDrawing\DrawableSurfaceJoGL.hxx">
      <Filter>Header Files\SurfaceDrawing</Filter>
    </ClInclude>
    <ClInclude Include="src\cpp\surfaceDrawing\DrawSurfaceStrategy.hxx">
      <Filter>Header Files\SurfaceDrawing</Filter>
    </ClInclude>
    <ClInclude Include="src\jni\SurfaceFacetDrawerGL.hxx">
      <Filter>Header Files\SurfaceDrawing</Filter>
    </ClInclude>
    <ClInclude Include="src\cpp\surfaceDrawing\SurfaceFacetDrawerJavaMapper.hxx">
      <Filter>Header Files\SurfaceDrawing</Filter>
    </ClInclude>
    <ClInclude Include="src\cpp\surfaceDrawing\SurfaceFacetDrawerJoGL.hxx">
      <Filter>Header Files\SurfaceDrawing</Filter>
    </ClInclude>
    <ClInclude Include="src\jni\SurfaceLineDrawerGL.hxx">
      <Filter>Header Files\SurfaceDrawing</Filter>
    </ClInclude>
    <ClInclude Include="src\cpp\surfaceDrawing\SurfaceLineDrawerJavaMapper.hxx">
      <Filter>Header Files\SurfaceDrawing</Filter>
    </ClInclude>
    <ClInclude Include="src\cpp\surfaceDrawing\SurfaceLineDrawerJoGL.hxx">
      <Filter>Header Files\SurfaceDrawing</Filter>
    </ClInclude>
    <ClInclude Include="src\jni\SurfaceMarkDrawerGL.hxx">
      <Filter>Header Files\SurfaceDrawing</Filter>
    </ClInclude>
    <ClInclude Include="src\cpp\surfaceDrawing\SurfaceMarkDrawerJavaMapper.hxx">
      <Filter>Header Files\SurfaceDrawing</Filter>
    </ClInclude>
    <ClInclude Include="src\cpp\surfaceDrawing\SurfaceMarkDrawerJoGL.hxx">
      <Filter>Header Files\SurfaceDrawing</Filter>
    </ClInclude>
    <ClInclude Include="src\cpp\grayplotDrawing\ConcreteDrawableGrayplot.hxx">
      <Filter>Header Files\GrayplotDrawing</Filter>
    </ClInclude>
    <ClInclude Include="src\cpp\grayplotDrawing\DrawableGrayplot.h">
      <Filter>Header Files\GrayplotDrawing</Filter>
    </ClInclude>
    <ClInclude Include="src\cpp\grayplotDrawing\DrawableGrayplotBridge.hxx">
      <Filter>Header Files\GrayplotDrawing</Filter>
    </ClInclude>
    <ClInclude Include="src\cpp\grayplotDrawing\DrawableGrayplotBridgeFactory.hxx">
      <Filter>Header Files\GrayplotDrawing</Filter>
    </ClInclude>
    <ClInclude Include="src\cpp\grayplotDrawing\DrawableGrayplotFactory.h">
      <Filter>Header Files\GrayplotDrawing</Filter>
    </ClInclude>
    <ClInclude Include="src\jni\DrawableGrayplotGL.hxx">
      <Filter>Header Files\GrayplotDrawing</Filter>
    </ClInclude>
    <ClInclude Include="src\cpp\grayplotDrawing\DrawableGrayplotJavaMapper.hxx">
      <Filter>Header Files\GrayplotDrawing</Filter>
    </ClInclude>
    <ClInclude Include="src\cpp\grayplotDrawing\DrawableGrayplotJoGL.hxx">
      <Filter>Header Files\GrayplotDrawing</Filter>
    </ClInclude>
    <ClInclude Include="src\cpp\grayplotDrawing\GrayplotDecomposer.hxx">
      <Filter>Header Files\GrayplotDrawing</Filter>
    </ClInclude>
    <ClInclude Include="src\cpp\grayplotDrawing\GrayplotDecompositionStrategy.hxx">
      <Filter>Header Files\GrayplotDrawing</Filter>
    </ClInclude>
    <ClInclude Include="src\cpp\grayplotDrawing\MatplotDecomposer.hxx">
      <Filter>Header Files\GrayplotDrawing</Filter>
    </ClInclude>
    <ClInclude Include="src\cpp\segsDrawing\ChampDecomposer.hxx">
      <Filter>Header Files\SegsDrawing</Filter>
    </ClInclude>
    <ClInclude Include="src\cpp\segsDrawing\ConcreteDrawableSegs.hxx">
      <Filter>Header Files\SegsDrawing</Filter>
    </ClInclude>
    <ClInclude Include="src\cpp\segsDrawing\DecomposeSegsStrategy.hxx">
      <Filter>Header Files\SegsDrawing</Filter>
    </ClInclude>
    <ClInclude Include="src\cpp\segsDrawing\DrawableSegs.h">
      <Filter>Header Files\SegsDrawing</Filter>
    </ClInclude>
    <ClInclude Include="src\cpp\segsDrawing\DrawableSegsBridge.hxx">
      <Filter>Header Files\SegsDrawing</Filter>
    </ClInclude>
    <ClInclude Include="src\cpp\segsDrawing\DrawableSegsBridgeFactory.hxx">
      <Filter>Header Files\SegsDrawing</Filter>
    </ClInclude>
    <ClInclude Include="src\cpp\segsDrawing\DrawableSegsFactory.h">
      <Filter>Header Files\SegsDrawing</Filter>
    </ClInclude>
    <ClInclude Include="src\jni\DrawableSegsGL.hxx">
      <Filter>Header Files\SegsDrawing</Filter>
    </ClInclude>
    <ClInclude Include="src\cpp\segsDrawing\DrawableSegsJavaMapper.hxx">
      <Filter>Header Files\SegsDrawing</Filter>
    </ClInclude>
    <ClInclude Include="src\cpp\segsDrawing\DrawableSegsJoGL.hxx">
      <Filter>Header Files\SegsDrawing</Filter>
    </ClInclude>
    <ClInclude Include="src\cpp\segsDrawing\DrawSegsStrategy.hxx">
      <Filter>Header Files\SegsDrawing</Filter>
    </ClInclude>
    <ClInclude Include="src\jni\SegsArrowDrawerGL.hxx">
      <Filter>Header Files\SegsDrawing</Filter>
    </ClInclude>
    <ClInclude Include="src\cpp\segsDrawing\SegsArrowDrawerJavaMapper.hxx">
      <Filter>Header Files\SegsDrawing</Filter>
    </ClInclude>
    <ClInclude Include="src\cpp\segsDrawing\SegsArrowDrawerJoGL.hxx">
      <Filter>Header Files\SegsDrawing</Filter>
    </ClInclude>
    <ClInclude Include="src\cpp\segsDrawing\SegsDecomposer.hxx">
      <Filter>Header Files\SegsDrawing</Filter>
    </ClInclude>
    <ClInclude Include="src\jni\SegsLineDrawerGL.hxx">
      <Filter>Header Files\SegsDrawing</Filter>
    </ClInclude>
    <ClInclude Include="src\cpp\segsDrawing\SegsLineDrawerJavaMapper.hxx">
      <Filter>Header Files\SegsDrawing</Filter>
    </ClInclude>
    <ClInclude Include="src\cpp\segsDrawing\SegsLineDrawerJoGL.hxx">
      <Filter>Header Files\SegsDrawing</Filter>
    </ClInclude>
    <ClInclude Include="src\jni\SegsMarkDrawerGL.hxx">
      <Filter>Header Files\SegsDrawing</Filter>
    </ClInclude>
    <ClInclude Include="src\cpp\segsDrawing\SegsMarkDrawerJavaMapper.hxx">
      <Filter>Header Files\SegsDrawing</Filter>
    </ClInclude>
    <ClInclude Include="src\cpp\segsDrawing\SegsMarkDrawerJoGL.hxx">
      <Filter>Header Files\SegsDrawing</Filter>
    </ClInclude>
    <ClInclude Include="src\cpp\compoundDrawing\DrawableCompound.h">
      <Filter>Header Files\CompoundDrawing</Filter>
    </ClInclude>
    <ClInclude Include="src\cpp\compoundDrawing\DrawableCompoundFactory.h">
      <Filter>Header Files\CompoundDrawing</Filter>
    </ClInclude>
    <ClInclude Include="src\cpp\legendDrawing\ConcreteDrawableLegend.hxx">
      <Filter>Header Files\LegendDrawing</Filter>
    </ClInclude>
    <ClInclude Include="src\cpp\legendDrawing\DrawableLegend.h">
      <Filter>Header Files\LegendDrawing</Filter>
    </ClInclude>
    <ClInclude Include="src\cpp\legendDrawing\DrawableLegendFactory.h">
      <Filter>Header Files\LegendDrawing</Filter>
    </ClInclude>
    <ClInclude Include="src\cpp\axesDrawing\AxesPositioner.hxx">
      <Filter>Header Files\AxesDrawing</Filter>
    </ClInclude>
    <ClInclude Include="src\cpp\axesDrawing\AxesSubticksComputer.hxx">
      <Filter>Header Files\AxesDrawing</Filter>
    </ClInclude>
    <ClInclude Include="src\cpp\axesDrawing\AxesTicksComputer.hxx">
      <Filter>Header Files\AxesDrawing</Filter>
    </ClInclude>
    <ClInclude Include="src\cpp\axesDrawing\ConcreteDrawableAxes.hxx">
      <Filter>Header Files\AxesDrawing</Filter>
    </ClInclude>
    <ClInclude Include="src\cpp\axesDrawing\DrawableAxes.h">
      <Filter>Header Files\AxesDrawing</Filter>
    </ClInclude>
    <ClInclude Include="src\cpp\axesDrawing\DrawableAxesBridge.hxx">
      <Filter>Header Files\AxesDrawing</Filter>
    </ClInclude>
    <ClInclude Include="src\cpp\axesDrawing\DrawableAxesBridgeFactory.hxx">
      <Filter>Header Files\AxesDrawing</Filter>
    </ClInclude>
    <ClInclude Include="src\cpp\axesDrawing\DrawableAxesFactory.h">
      <Filter>Header Files\AxesDrawing</Filter>
    </ClInclude>
    <ClInclude Include="src\jni\DrawableAxesGL.hxx">
      <Filter>Header Files\AxesDrawing</Filter>
    </ClInclude>
    <ClInclude Include="src\cpp\axesDrawing\DrawableAxesJoGL.hxx">
      <Filter>Header Files\AxesDrawing</Filter>
    </ClInclude>
    <ClInclude Include="src\jni\CallRenderer.hxx">
      <Filter>Header Files</Filter>
    </ClInclude>
    <ClInclude Include="src\cpp\arcDrawing\DrawArcStrategy.h">
      <Filter>Header Files</Filter>
    </ClInclude>
  </ItemGroup>
  <ItemGroup>
    <ResourceCompile Include="renderer.rc">
      <Filter>Resource Files</Filter>
    </ResourceCompile>
  </ItemGroup>
  <ItemGroup>
    <None Include="locales\en_US\renderer.pot">
      <Filter>localization</Filter>
    </None>
    <None Include="renderer_header.def">
      <Filter>Libraries Dependencies</Filter>
    </None>
    <None Include="graphics_Import.def">
      <Filter>Libraries Dependencies\Imports</Filter>
    </None>
    <None Include="gui_Import.def">
      <Filter>Libraries Dependencies\Imports</Filter>
    </None>
    <None Include="LibScilab_Import.def">
      <Filter>Libraries Dependencies\Imports</Filter>
    </None>
    <None Include="scilab_windows_Import.def">
      <Filter>Libraries Dependencies\Imports</Filter>
    </None>
    <None Include="Makefile.am" />
    <None Include="renderer.iss" />
    <None Include="sci_gateway\renderer_gateway.xml" />
  </ItemGroup>
</Project>