<?xml version="1.0" encoding="utf-8"?>
<Project ToolsVersion="4.0" xmlns="http://schemas.microsoft.com/developer/msbuild/2003">
  <ItemGroup>
    <Filter Include="Source Files">
      <UniqueIdentifier>{20653953-d021-4515-a90d-615ed4b211b6}</UniqueIdentifier>
      <Extensions>cpp;c;cxx;rc;def;r;odl;idl;hpj;bat</Extensions>
    </Filter>
    <Filter Include="Header Files">
      <UniqueIdentifier>{2089688a-2b1f-46e0-ab25-b5eff54e092e}</UniqueIdentifier>
      <Extensions>h;hpp;hxx;hm;inl</Extensions>
    </Filter>
    <Filter Include="localization">
      <UniqueIdentifier>{3692dbe0-2468-497d-af0f-d0739496af1a}</UniqueIdentifier>
    </Filter>
    <Filter Include="Swig Files">
      <UniqueIdentifier>{625af44d-3cd2-4f70-a51d-ffbbbd71cd47}</UniqueIdentifier>
    </Filter>
    <Filter Include="Resource Files">
      <UniqueIdentifier>{973dbeac-2c3b-4f03-b61f-7dc2fd0fb7f0}</UniqueIdentifier>
    </Filter>
    <Filter Include="Libraries Dependencies">
      <UniqueIdentifier>{610d4aff-7c32-4a32-82cf-d59e4d0d2018}</UniqueIdentifier>
    </Filter>
    <Filter Include="Libraries Dependencies\Imports">
      <UniqueIdentifier>{d452d74c-791c-4dc3-ac94-efe79074cc20}</UniqueIdentifier>
    </Filter>
  </ItemGroup>
  <ItemGroup>
    <ClCompile Include="completeLine.c">
      <Filter>Source Files</Filter>
    </ClCompile>
    <ClCompile Include="completeLine_wrap_java.c">
      <Filter>Source Files</Filter>
    </ClCompile>
    <ClCompile Include="completion.c">
      <Filter>Source Files</Filter>
    </ClCompile>
    <ClCompile Include="completion_generic.c">
      <Filter>Source Files</Filter>
    </ClCompile>
    <ClCompile Include="..\jni\Completion_wrap.c">
      <Filter>Source Files</Filter>
    </ClCompile>
    <ClCompile Include="completion_wrap_java.c">
      <Filter>Source Files</Filter>
    </ClCompile>
    <ClCompile Include="getCommonPart.c">
      <Filter>Source Files</Filter>
    </ClCompile>
    <ClCompile Include="getfilesdictionary.c">
      <Filter>Source Files</Filter>
    </ClCompile>
    <ClCompile Include="getPartLine.c">
      <Filter>Source Files</Filter>
    </ClCompile>
    <ClCompile Include="toolsdictionary.c">
      <Filter>Source Files</Filter>
    </ClCompile>
    <ClCompile Include="..\cpp\FieldsManager.cpp">
      <Filter>Source Files</Filter>
    </ClCompile>
    <ClCompile Include="..\cpp\getfields.cpp">
      <Filter>Source Files</Filter>
    </ClCompile>
    <ClCompile Include="..\cpp\XMLFieldsGetter.cpp">
      <Filter>Source Files</Filter>
    </ClCompile>
    <ClCompile Include="..\..\sci_gateway\cpp\sci_completion.cpp">
      <Filter>Source Files</Filter>
    </ClCompile>
    <ClCompile Include="..\cpp\getfieldsdictionary.cpp">
      <Filter>Source Files</Filter>
    </ClCompile>
    <ClCompile Include="..\cpp\EOFieldsGetter.cpp">
      <Filter>Source Files</Filter>
    </ClCompile>
    <ClCompile Include="..\cpp\HandleFieldsGetter.cpp">
      <Filter>Source Files</Filter>
    </ClCompile>
    <ClCompile Include="..\cpp\StructFieldsGetter.cpp">
      <Filter>Source Files</Filter>
    </ClCompile>
    <ClCompile Include="..\cpp\UnknownMlistFieldsGetter.cpp">
      <Filter>Source Files</Filter>
    </ClCompile>
    <ClCompile Include="..\cpp\XMLAttrFieldsGetter.cpp">
      <Filter>Source Files</Filter>
    </ClCompile>
    <ClCompile Include="..\cpp\XMLDocFieldsGetter.cpp">
      <Filter>Source Files</Filter>
    </ClCompile>
    <ClCompile Include="..\cpp\XMLElemFieldsGetter.cpp">
      <Filter>Source Files</Filter>
    </ClCompile>
    <ClCompile Include="..\cpp\XMLListFieldsGetter.cpp">
      <Filter>Source Files</Filter>
    </ClCompile>
    <ClCompile Include="..\cpp\XMLNsFieldsGetter.cpp">
      <Filter>Source Files</Filter>
    </ClCompile>
    <ClCompile Include="..\cpp\XMLSetFieldsGetter.cpp">
      <Filter>Source Files</Filter>
    </ClCompile>
    <ClCompile Include="..\cpp\DllmainCompletion.cpp">
      <Filter>Source Files</Filter>
    </ClCompile>
  </ItemGroup>
  <ItemGroup>
    <ClInclude Include="..\..\includes\completeLine.h">
      <Filter>Header Files</Filter>
    </ClInclude>
    <ClInclude Include="completeLine_wrap_java.h">
      <Filter>Header Files</Filter>
    </ClInclude>
    <ClInclude Include="..\..\includes\completion.h">
      <Filter>Header Files</Filter>
    </ClInclude>
    <ClInclude Include="completion_generic.h">
      <Filter>Header Files</Filter>
    </ClInclude>
    <ClInclude Include="completion_wrap_java.h">
      <Filter>Header Files</Filter>
    </ClInclude>
    <ClInclude Include="..\..\includes\dynlib_completion.h">
      <Filter>Header Files</Filter>
    </ClInclude>
    <ClInclude Include="..\..\includes\getCommonPart.h">
      <Filter>Header Files</Filter>
    </ClInclude>
    <ClInclude Include="..\..\includes\getfieldsdictionary.h">
      <Filter>Header Files</Filter>
    </ClInclude>
    <ClInclude Include="getfilesdictionary.h">
      <Filter>Header Files</Filter>
    </ClInclude>
    <ClInclude Include="..\..\includes\getPartLine.h">
      <Filter>Header Files</Filter>
    </ClInclude>
    <ClInclude Include="..\..\includes\getfields.h">
      <Filter>Header Files</Filter>
    </ClInclude>
    <ClInclude Include="..\cpp\FieldsGetter.hxx">
      <Filter>Header Files</Filter>
    </ClInclude>
    <ClInclude Include="..\cpp\FieldsManager.hxx">
      <Filter>Header Files</Filter>
    </ClInclude>
    <ClInclude Include="..\cpp\XMLFieldsGetter.hxx">
      <Filter>Header Files</Filter>
    </ClInclude>
    <ClInclude Include="..\..\includes\toolsdictionary.h">
      <Filter>Header Files</Filter>
    </ClInclude>
    <ClInclude Include="..\cpp\EOFieldsGetter.hxx">
      <Filter>Header Files</Filter>
    </ClInclude>
    <ClInclude Include="..\cpp\HandleFieldsGetter.hxx">
      <Filter>Header Files</Filter>
    </ClInclude>
    <ClInclude Include="..\cpp\StructFieldsGetter.hxx">
      <Filter>Header Files</Filter>
    </ClInclude>
    <ClInclude Include="..\cpp\UnknownMlistFieldsGetter.hxx">
      <Filter>Header Files</Filter>
    </ClInclude>
    <ClInclude Include="..\cpp\XMLAttrFieldsGetter.hxx">
      <Filter>Header Files</Filter>
    </ClInclude>
    <ClInclude Include="..\cpp\XMLDocFieldsGetter.hxx">
      <Filter>Header Files</Filter>
    </ClInclude>
    <ClInclude Include="..\cpp\XMLElemFieldsGetter.hxx">
      <Filter>Header Files</Filter>
    </ClInclude>
    <ClInclude Include="..\cpp\XMLListFieldsGetter.hxx">
      <Filter>Header Files</Filter>
    </ClInclude>
    <ClInclude Include="..\cpp\XMLNsFieldsGetter.hxx">
      <Filter>Header Files</Filter>
    </ClInclude>
    <ClInclude Include="..\cpp\XMLSetFieldsGetter.hxx">
      <Filter>Header Files</Filter>
    </ClInclude>
  </ItemGroup>
  <ItemGroup>
    <None Include="..\jni\Completion.i">
      <Filter>Swig Files</Filter>
    </None>
    <None Include="core_import.def">
      <Filter>Libraries Dependencies\Imports</Filter>
    </None>
    <None Include="..\..\completion.iss" />
    <None Include="..\..\Makefile.am" />
    <None Include="..\..\locales\completion.pot">
      <Filter>localization</Filter>
    </None>
    <None Include="..\..\sci_gateway\completion_gateway.xml" />
  </ItemGroup>
  <ItemGroup>
    <ResourceCompile Include="completion.rc">
      <Filter>Resource Files</Filter>
    </ResourceCompile>
  </ItemGroup>
</Project>