<?xml version="1.0" encoding="utf-8"?>
<Project ToolsVersion="4.0" xmlns="http://schemas.microsoft.com/developer/msbuild/2003">
  <ItemGroup>
    <Filter Include="Source Files">
      <UniqueIdentifier>{1f796ccd-c09e-4b41-82a1-9d443e3f7bc3}</UniqueIdentifier>
      <Extensions>cpp;c;cxx;rc;def;r;odl;idl;hpj;bat</Extensions>
    </Filter>
    <Filter Include="Header Files">
      <UniqueIdentifier>{b8d8bf73-b09e-4a22-aa51-45b13615f159}</UniqueIdentifier>
      <Extensions>h;hpp;hxx;hm;inl</Extensions>
    </Filter>
    <Filter Include="localization">
      <UniqueIdentifier>{572dae97-e123-4eb5-a375-5ab7cef65283}</UniqueIdentifier>
    </Filter>
    <Filter Include="Libraries Dependencies">
      <UniqueIdentifier>{4b756c21-57c0-49f4-947c-21a9302c93d5}</UniqueIdentifier>
    </Filter>
    <Filter Include="Libraries Dependencies\Imports">
      <UniqueIdentifier>{6c1b610a-dd66-495f-84f4-3e2b1e82c1fd}</UniqueIdentifier>
    </Filter>
    <Filter Include="Resource File">
      <UniqueIdentifier>{0cfb7319-513b-44f1-ae7a-392d3d071983}</UniqueIdentifier>
    </Filter>
  </ItemGroup>
  <ItemGroup>
    <ClCompile Include="DllmainSparse.c">
      <Filter>Source Files</Filter>
    </ClCompile>
    <ClCompile Include="lu.c">
      <Filter>Source Files</Filter>
    </ClCompile>
    <ClCompile Include="spAllocate.c">
      <Filter>Source Files</Filter>
    </ClCompile>
    <ClCompile Include="spBuild.c">
      <Filter>Source Files</Filter>
    </ClCompile>
    <ClCompile Include="spFactor.c">
      <Filter>Source Files</Filter>
    </ClCompile>
    <ClCompile Include="spFortran.c">
      <Filter>Source Files</Filter>
    </ClCompile>
    <ClCompile Include="spOutput.c">
      <Filter>Source Files</Filter>
    </ClCompile>
    <ClCompile Include="spSolve.c">
      <Filter>Source Files</Filter>
    </ClCompile>
    <ClCompile Include="spUtils.c">
      <Filter>Source Files</Filter>
    </ClCompile>
  </ItemGroup>
  <ItemGroup>
    <ClInclude Include="..\..\includes\dynlib_sparse.h">
      <Filter>Header Files</Filter>
    </ClInclude>
    <ClInclude Include="..\..\includes\gw_sparse.h">
      <Filter>Header Files</Filter>
    </ClInclude>
    <ClInclude Include="lu.h">
      <Filter>Header Files</Filter>
    </ClInclude>
    <ClInclude Include="..\..\includes\sp.h">
      <Filter>Header Files</Filter>
    </ClInclude>
    <ClInclude Include="spAllocate.h">
      <Filter>Header Files</Filter>
    </ClInclude>
    <ClInclude Include="spBuild.h">
      <Filter>Header Files</Filter>
    </ClInclude>
    <ClInclude Include="..\..\includes\spConfig.h">
      <Filter>Header Files</Filter>
    </ClInclude>
    <ClInclude Include="..\..\includes\spDefs.h">
      <Filter>Header Files</Filter>
    </ClInclude>
    <ClInclude Include="spFortran.h">
      <Filter>Header Files</Filter>
    </ClInclude>
    <ClInclude Include="..\..\includes\spmalloc.h">
      <Filter>Header Files</Filter>
    </ClInclude>
    <ClInclude Include="..\..\includes\spmatrix.h">
      <Filter>Header Files</Filter>
    </ClInclude>
    <ClInclude Include="spUtils.h">
      <Filter>Header Files</Filter>
    </ClInclude>
  </ItemGroup>
  <ItemGroup>
    <None Include="core_import.def">
      <Filter>Libraries Dependencies\Imports</Filter>
    </None>
    <None Include="..\..\Makefile.am" />
    <None Include="..\..\sparse.iss" />
    <None Include="..\..\locales\sparse.pot">
      <Filter>localization</Filter>
    </None>
  </ItemGroup>
  <ItemGroup>
    <ResourceCompile Include="sparse.rc">
      <Filter>Resource File</Filter>
    </ResourceCompile>
  </ItemGroup>
</Project>