<?xml version="1.0" encoding="utf-8"?>
<Project ToolsVersion="4.0" xmlns="http://schemas.microsoft.com/developer/msbuild/2003">
  <ItemGroup>
    <Filter Include="Source Files">
      <UniqueIdentifier>{05ef4b36-4c2d-4bf3-8f24-584e5e3582db}</UniqueIdentifier>
      <Extensions>cpp;c;cxx;rc;def;r;odl;idl;hpj;bat</Extensions>
    </Filter>
    <Filter Include="Header Files">
      <UniqueIdentifier>{f6bf4dd2-40d2-4386-873d-a1b55184f5e0}</UniqueIdentifier>
      <Extensions>h;hpp;hxx;hm;inl</Extensions>
    </Filter>
    <Filter Include="localization">
      <UniqueIdentifier>{816e684c-644d-4e86-b826-3dfe6c3de8f8}</UniqueIdentifier>
    </Filter>
    <Filter Include="Libraries Dependencies">
      <UniqueIdentifier>{0ff84f53-bdcb-4e1e-a91b-d3fc839bc408}</UniqueIdentifier>
    </Filter>
    <Filter Include="Libraries Dependencies\Imports">
      <UniqueIdentifier>{2f42bca6-61fa-46d0-abff-a655dbfcecb6}</UniqueIdentifier>
    </Filter>
    <Filter Include="Resource File">
      <UniqueIdentifier>{1f56de43-fc1c-4e6d-8c5d-0f91a3c34106}</UniqueIdentifier>
    </Filter>
  </ItemGroup>
  <ItemGroup>
    <ClCompile Include="DllmainData_structures.c">
      <Filter>Source Files</Filter>
    </ClCompile>
    <ClCompile Include="..\..\sci_gateway\c\gw_data_structures1.c">
      <Filter>Source Files</Filter>
    </ClCompile>
    <ClCompile Include="..\..\sci_gateway\c\gw_data_structures2.c">
      <Filter>Source Files</Filter>
    </ClCompile>
    <ClCompile Include="hmops.c">
      <Filter>Source Files</Filter>
    </ClCompile>
    <ClCompile Include="..\..\sci_gateway\c\sci_definedfields.c">
      <Filter>Source Files</Filter>
    </ClCompile>
    <ClCompile Include="..\..\sci_gateway\c\sci_getfield.c">
      <Filter>Source Files</Filter>
    </ClCompile>
    <ClCompile Include="..\..\sci_gateway\c\sci_glist.c">
      <Filter>Source Files</Filter>
    </ClCompile>
    <ClCompile Include="..\..\sci_gateway\c\sci_list.c">
      <Filter>Source Files</Filter>
    </ClCompile>
    <ClCompile Include="..\..\sci_gateway\c\sci_lsslist.c">
      <Filter>Source Files</Filter>
    </ClCompile>
    <ClCompile Include="..\..\sci_gateway\c\sci_lstcat.c">
      <Filter>Source Files</Filter>
    </ClCompile>
    <ClCompile Include="..\..\sci_gateway\c\sci_lstsize.c">
      <Filter>Source Files</Filter>
    </ClCompile>
    <ClCompile Include="..\..\sci_gateway\c\sci_mlist.c">
      <Filter>Source Files</Filter>
    </ClCompile>
    <ClCompile Include="..\..\sci_gateway\c\sci_rlist.c">
      <Filter>Source Files</Filter>
    </ClCompile>
    <ClCompile Include="..\..\sci_gateway\c\sci_setfield.c">
      <Filter>Source Files</Filter>
    </ClCompile>
    <ClCompile Include="..\..\sci_gateway\c\sci_tlist.c">
      <Filter>Source Files</Filter>
    </ClCompile>
    <ClCompile Include="stcreate.c">
      <Filter>Source Files</Filter>
    </ClCompile>
    <ClCompile Include="strpos.c">
      <Filter>Source Files</Filter>
    </ClCompile>
  </ItemGroup>
  <ItemGroup>
    <ClInclude Include="..\..\includes\dynlib_data_structures.h">
      <Filter>Header Files</Filter>
    </ClInclude>
    <ClInclude Include="..\..\includes\gw_data_structures1.h">
      <Filter>Header Files</Filter>
    </ClInclude>
    <ClInclude Include="..\..\includes\gw_data_structures2.h">
      <Filter>Header Files</Filter>
    </ClInclude>
    <ClInclude Include="hmops.h">
      <Filter>Header Files</Filter>
    </ClInclude>
    <ClInclude Include="stcreate.h">
      <Filter>Header Files</Filter>
    </ClInclude>
  </ItemGroup>
  <ItemGroup>
    <None Include="data_structures_f_Import.def">
      <Filter>Libraries Dependencies\Imports</Filter>
    </None>
    <None Include="core_import.def">
      <Filter>Libraries Dependencies\Imports</Filter>
    </None>
    <None Include="..\..\data_structures.iss" />
    <None Include="..\..\sci_gateway\data_structures_gateway.xml" />
    <None Include="..\..\Makefile.am" />
    <None Include="Polynomials_f_Import.def">
      <Filter>Libraries Dependencies\Imports</Filter>
    </None>
    <None Include="Linpack_f_Import.def">
      <Filter>Libraries Dependencies\Imports</Filter>
    </None>
    <None Include="..\..\locales\data_structures.pot">
      <Filter>localization</Filter>
    </None>
  </ItemGroup>
  <ItemGroup>
    <ResourceCompile Include="data_structures.rc">
      <Filter>Resource File</Filter>
    </ResourceCompile>
  </ItemGroup>
</Project>