<?xml version="1.0" encoding="utf-8"?>
<Project ToolsVersion="4.0" xmlns="http://schemas.microsoft.com/developer/msbuild/2003">
  <ItemGroup>
    <Filter Include="Source Files">
      <UniqueIdentifier>{4FC737F1-C7A5-4376-A066-2A32D752A2FF}</UniqueIdentifier>
      <Extensions>cpp;c;cc;cxx;def;odl;idl;hpj;bat;asm;asmx</Extensions>
    </Filter>
    <Filter Include="Header Files">
      <UniqueIdentifier>{93995380-89BD-4b04-88EB-625FBE52EBFB}</UniqueIdentifier>
      <Extensions>h;hpp;hxx;hm;inl;inc;xsd</Extensions>
    </Filter>
    <Filter Include="Resource Files">
      <UniqueIdentifier>{67DA6AB6-F800-4c08-8B7A-83BB121AAD01}</UniqueIdentifier>
      <Extensions>rc;ico;cur;bmp;dlg;rc2;rct;bin;rgs;gif;jpg;jpeg;jpe;resx;tiff;tif;png;wav</Extensions>
    </Filter>
    <Filter Include="localization">
      <UniqueIdentifier>{2a35df24-4a87-4a61-a74c-100c0d1f8532}</UniqueIdentifier>
    </Filter>
    <Filter Include="Libraries Dependencies">
      <UniqueIdentifier>{0f5fa494-583c-4ea7-ad2c-5da81cd08230}</UniqueIdentifier>
    </Filter>
    <Filter Include="Libraries Dependencies\Imports">
      <UniqueIdentifier>{c2eaa0af-8ad9-40e2-8e3b-50de764aa516}</UniqueIdentifier>
    </Filter>
    <Filter Include="Libraries Dependencies\Export">
      <UniqueIdentifier>{a5fd53b0-ac0c-4220-9487-7028c8cbe485}</UniqueIdentifier>
    </Filter>
    <Filter Include="Header Files\template">
      <UniqueIdentifier>{4d2f026a-8f75-4bce-bfd9-5e27b1088b5d}</UniqueIdentifier>
    </Filter>
  </ItemGroup>
  <ItemGroup>
    <ClCompile Include="src\c\DllmainApi_scilab.c">
      <Filter>Source Files</Filter>
    </ClCompile>
    <ClCompile Include="src\cpp\returnProperty.cpp">
      <Filter>Source Files</Filter>
    </ClCompile>
    <ClCompile Include="src\cpp\returnPropertyList.cpp">
      <Filter>Source Files</Filter>
    </ClCompile>
    <ClCompile Include="src\cpp\api_double_cpp.cpp">
      <Filter>Source Files</Filter>
    </ClCompile>
    <ClCompile Include="src\cpp\api_common_cpp.cpp">
      <Filter>Source Files</Filter>
    </ClCompile>
    <ClCompile Include="src\cpp\api_string_cpp.cpp">
      <Filter>Source Files</Filter>
    </ClCompile>
    <ClCompile Include="src\cpp\api_int_cpp.cpp">
      <Filter>Source Files</Filter>
    </ClCompile>
    <ClCompile Include="src\cpp\api_boolean_cpp.cpp">
      <Filter>Source Files</Filter>
    </ClCompile>
    <ClCompile Include="src\cpp\api_sparse_cpp.cpp">
      <Filter>Source Files</Filter>
    </ClCompile>
    <ClCompile Include="src\cpp\api_handle_cpp.cpp">
      <Filter>Source Files</Filter>
    </ClCompile>
    <ClCompile Include="src\cpp\api_pointer_cpp.cpp">
      <Filter>Source Files</Filter>
    </ClCompile>
    <ClCompile Include="src\cpp\api_list_cpp.cpp">
      <Filter>Source Files</Filter>
    </ClCompile>
    <ClCompile Include="src\cpp\api_stack_double.cpp">
      <Filter>Source Files</Filter>
    </ClCompile>
    <ClCompile Include="src\cpp\api_stack_error.cpp">
      <Filter>Source Files</Filter>
    </ClCompile>
    <ClCompile Include="src\cpp\api_error.cpp">
      <Filter>Source Files</Filter>
    </ClCompile>
    <ClCompile Include="src\cpp\api_stack_boolean.cpp">
      <Filter>Source Files</Filter>
    </ClCompile>
    <ClCompile Include="src\cpp\api_stack_boolean_sparse.cpp">
      <Filter>Source Files</Filter>
    </ClCompile>
    <ClCompile Include="src\cpp\api_stack_common.cpp">
      <Filter>Source Files</Filter>
    </ClCompile>
    <ClCompile Include="src\cpp\api_stack_handle.cpp">
      <Filter>Source Files</Filter>
    </ClCompile>
    <ClCompile Include="src\cpp\api_stack_hypermat.cpp">
      <Filter>Source Files</Filter>
    </ClCompile>
    <ClCompile Include="src\cpp\api_stack_int.cpp">
      <Filter>Source Files</Filter>
    </ClCompile>
    <ClCompile Include="src\cpp\api_stack_list.cpp">
      <Filter>Source Files</Filter>
    </ClCompile>
    <ClCompile Include="src\cpp\api_stack_optional.cpp">
      <Filter>Source Files</Filter>
    </ClCompile>
    <ClCompile Include="src\cpp\api_stack_pointer.cpp">
      <Filter>Source Files</Filter>
    </ClCompile>
    <ClCompile Include="src\cpp\api_stack_poly.cpp">
      <Filter>Source Files</Filter>
    </ClCompile>
    <ClCompile Include="src\cpp\api_stack_sparse.cpp">
      <Filter>Source Files</Filter>
    </ClCompile>
    <ClCompile Include="src\cpp\api_stack_string.cpp">
      <Filter>Source Files</Filter>
    </ClCompile>
    <ClCompile Include="src\cpp\api_template_safe.cpp">
      <Filter>Source Files</Filter>
    </ClCompile>
    <ClCompile Include="src\cpp\api_template_unsafe.cpp">
      <Filter>Source Files</Filter>
    </ClCompile>
  </ItemGroup>
  <ItemGroup>
    <ClInclude Include="src\cpp\api_internal_boolean_sparse.h">
      <Filter>Header Files</Filter>
    </ClInclude>
    <ClInclude Include="src\cpp\api_internal_common.h">
      <Filter>Header Files</Filter>
    </ClInclude>
    <ClInclude Include="src\cpp\api_internal_int.h">
      <Filter>Header Files</Filter>
    </ClInclude>
    <ClInclude Include="src\cpp\api_internal_pointer.h">
      <Filter>Header Files</Filter>
    </ClInclude>
    <ClInclude Include="src\cpp\api_internal_poly.h">
      <Filter>Header Files</Filter>
    </ClInclude>
    <ClInclude Include="src\cpp\api_internal_sparse.h">
      <Filter>Header Files</Filter>
    </ClInclude>
    <ClInclude Include="includes\api_scilab.h">
      <Filter>Header Files</Filter>
    </ClInclude>
    <ClInclude Include="includes\dynlib_api_scilab.h">
      <Filter>Header Files</Filter>
    </ClInclude>
    <ClInclude Include="includes\returnProperty.h">
      <Filter>Header Files</Filter>
    </ClInclude>
    <ClInclude Include="includes\returnPropertyList.h">
      <Filter>Header Files</Filter>
    </ClInclude>
    <ClInclude Include="includes\api_scilab.hxx">
      <Filter>Header Files</Filter>
    </ClInclude>
    <ClInclude Include="includes\api_double.hxx">
      <Filter>Header Files</Filter>
    </ClInclude>
    <ClInclude Include="includes\api_common.hxx">
      <Filter>Header Files</Filter>
    </ClInclude>
    <ClInclude Include="includes\api_string.hxx">
      <Filter>Header Files</Filter>
    </ClInclude>
    <ClInclude Include="includes\api_variable.hxx">
      <Filter>Header Files</Filter>
    </ClInclude>
    <ClInclude Include="includes\api_int.hxx">
      <Filter>Header Files</Filter>
    </ClInclude>
    <ClInclude Include="includes\api_boolean.hxx">
      <Filter>Header Files</Filter>
    </ClInclude>
    <ClInclude Include="includes\api_sparse.hxx">
      <Filter>Header Files</Filter>
    </ClInclude>
    <ClInclude Include="includes\api_handle.hxx">
      <Filter>Header Files</Filter>
    </ClInclude>
    <ClInclude Include="includes\api_pointer.hxx">
      <Filter>Header Files</Filter>
    </ClInclude>
    <ClInclude Include="includes\api_list.hxx">
      <Filter>Header Files</Filter>
    </ClInclude>
    <ClInclude Include="includes\api_struct.h">
      <Filter>Header Files</Filter>
    </ClInclude>
    <ClInclude Include="src\cpp\template\api_double.hpp">
      <Filter>Header Files\template</Filter>
    </ClInclude>
    <ClInclude Include="includes\api_stack_double.h">
      <Filter>Header Files</Filter>
    </ClInclude>
    <ClInclude Include="includes\api_stack_error.h">
      <Filter>Header Files</Filter>
    </ClInclude>
    <ClInclude Include="includes\api_error.h">
      <Filter>Header Files</Filter>
    </ClInclude>
    <ClInclude Include="includes\api_double.h">
      <Filter>Header Files</Filter>
    </ClInclude>
    <ClInclude Include="includes\api_stack_boolean.h">
      <Filter>Header Files</Filter>
    </ClInclude>
    <ClInclude Include="includes\api_stack_boolean_sparse.h">
      <Filter>Header Files</Filter>
    </ClInclude>
    <ClInclude Include="includes\api_stack_common.h">
      <Filter>Header Files</Filter>
    </ClInclude>
    <ClInclude Include="includes\api_stack_handle.h">
      <Filter>Header Files</Filter>
    </ClInclude>
    <ClInclude Include="includes\api_stack_hypermat.h">
      <Filter>Header Files</Filter>
    </ClInclude>
    <ClInclude Include="includes\api_stack_int.h">
      <Filter>Header Files</Filter>
    </ClInclude>
    <ClInclude Include="includes\api_stack_list.h">
      <Filter>Header Files</Filter>
    </ClInclude>
    <ClInclude Include="includes\api_stack_optional.h">
      <Filter>Header Files</Filter>
    </ClInclude>
    <ClInclude Include="includes\api_stack_pointer.h">
      <Filter>Header Files</Filter>
    </ClInclude>
    <ClInclude Include="includes\api_stack_poly.h">
      <Filter>Header Files</Filter>
    </ClInclude>
    <ClInclude Include="includes\api_stack_sparse.h">
      <Filter>Header Files</Filter>
    </ClInclude>
    <ClInclude Include="includes\api_stack_string.h">
      <Filter>Header Files</Filter>
    </ClInclude>
    <ClInclude Include="includes\api_boolean.h">
      <Filter>Header Files</Filter>
    </ClInclude>
    <ClInclude Include="src\cpp\api_internal_double.h">
      <Filter>Header Files</Filter>
    </ClInclude>
    <ClInclude Include="src\cpp\template\api_template.h">
      <Filter>Header Files\template</Filter>
    </ClInclude>
    <ClInclude Include="src\cpp\template\api_boolean.hpp">
      <Filter>Header Files\template</Filter>
    </ClInclude>
    <ClInclude Include="includes\api_cell.h">
      <Filter>Header Files</Filter>
    </ClInclude>
    <ClInclude Include="src\cpp\template\api_cell.hpp">
      <Filter>Header Files\template</Filter>
    </ClInclude>
    <ClInclude Include="src\cpp\template\api_common.hpp">
      <Filter>Header Files\template</Filter>
    </ClInclude>
    <ClInclude Include="includes\api_common.h">
      <Filter>Header Files</Filter>
    </ClInclude>
    <ClInclude Include="includes\api_int.h">
      <Filter>Header Files</Filter>
    </ClInclude>
    <ClInclude Include="src\cpp\template\api_int.hpp">
      <Filter>Header Files\template</Filter>
    </ClInclude>
    <ClInclude Include="src\cpp\template\api_list.hpp">
      <Filter>Header Files\template</Filter>
    </ClInclude>
    <ClInclude Include="includes\api_list.h">
      <Filter>Header Files</Filter>
    </ClInclude>
    <ClInclude Include="includes\api_poly.h">
      <Filter>Header Files</Filter>
    </ClInclude>
    <ClInclude Include="src\cpp\template\api_poly.hpp">
      <Filter>Header Files\template</Filter>
    </ClInclude>
    <ClInclude Include="src\cpp\template\api_struct.hpp">
      <Filter>Header Files\template</Filter>
    </ClInclude>
    <ClInclude Include="src\cpp\template\api_string.hpp">
      <Filter>Header Files\template</Filter>
    </ClInclude>
    <ClInclude Include="includes\api_string.h">
      <Filter>Header Files</Filter>
    </ClInclude>
    <ClInclude Include="includes\api_handle.h">
      <Filter>Header Files</Filter>
    </ClInclude>
    <ClInclude Include="src\cpp\template\api_handle.hpp">
      <Filter>Header Files\template</Filter>
    </ClInclude>
    <ClInclude Include="includes\api_optional.h">
      <Filter>Header Files</Filter>
    </ClInclude>
    <ClInclude Include="src\cpp\template\api_optional.hpp">
      <Filter>Header Files\template</Filter>
    </ClInclude>
    <ClInclude Include="src\cpp\api_internal_error.hxx">
      <Filter>Header Files</Filter>
    </ClInclude>
    <ClInclude Include="src\cpp\template\api_pointer.hpp">
      <Filter>Header Files\template</Filter>
    </ClInclude>
    <ClInclude Include="includes\api_pointer.h">
      <Filter>Header Files</Filter>
    </ClInclude>
  </ItemGroup>
  <ItemGroup>
    <ResourceCompile Include="src\c\api_scilab.rc">
      <Filter>Resource Files</Filter>
    </ResourceCompile>
  </ItemGroup>
  <ItemGroup>
    <None Include="core_import.def">
      <Filter>Libraries Dependencies\Imports</Filter>
    </None>
    <None Include="api_scilab_export.def">
      <Filter>Libraries Dependencies\Export</Filter>
    </None>
    <None Include="api_scilab_header.def">
      <Filter>Libraries Dependencies\Export</Filter>
    </None>
    <None Include="api_scilab.iss" />
    <None Include="Makefile.am" />
    <None Include="locales\api_scilab.pot">
      <Filter>localization</Filter>
    </None>
    <None Include="elementary_functions_f_Import.def">
      <Filter>Libraries Dependencies\Imports</Filter>
    </None>
    <None Include="linpack_f_Import.def">
      <Filter>Libraries Dependencies\Imports</Filter>
    </None>
  </ItemGroup>
</Project>