<?xml version="1.0" encoding="utf-8"?>
<Project ToolsVersion="4.0" xmlns="http://schemas.microsoft.com/developer/msbuild/2003">
  <ItemGroup>
    <Filter Include="Source Files">
      <UniqueIdentifier>{b15886d4-0a73-48c9-ba31-5a59ec8fd7f5}</UniqueIdentifier>
      <Extensions>cpp;c;cxx;rc;def;r;odl;idl;hpj;bat</Extensions>
    </Filter>
    <Filter Include="Header Files">
      <UniqueIdentifier>{41852aef-218e-4453-9b9c-be1e12c61b00}</UniqueIdentifier>
      <Extensions>h;hpp;hxx;hm;inl</Extensions>
    </Filter>
    <Filter Include="localization">
      <UniqueIdentifier>{53fafc8e-e736-4d87-bf93-de534129cbb6}</UniqueIdentifier>
    </Filter>
    <Filter Include="Libraries Dependencies">
      <UniqueIdentifier>{4b543df2-d2b2-433b-a725-aafcf2b4fa97}</UniqueIdentifier>
    </Filter>
    <Filter Include="Libraries Dependencies\Imports">
      <UniqueIdentifier>{80c06748-e7c5-4eb6-b326-e72efd192340}</UniqueIdentifier>
    </Filter>
    <Filter Include="Resource Files">
      <UniqueIdentifier>{adf6d867-b3fe-4f4b-8902-d47fedc5bff5}</UniqueIdentifier>
    </Filter>
  </ItemGroup>
  <ItemGroup>
    <ClCompile Include="clcg2.c">
      <Filter>Source Files</Filter>
    </ClCompile>
    <ClCompile Include="clcg4.c">
      <Filter>Source Files</Filter>
    </ClCompile>
    <ClCompile Include="DllmainRandlib.c">
      <Filter>Source Files</Filter>
    </ClCompile>
    <ClCompile Include="genbet.c">
      <Filter>Source Files</Filter>
    </ClCompile>
    <ClCompile Include="ignbin.c">
      <Filter>Source Files</Filter>
    </ClCompile>
    <ClCompile Include="igngeom.c">
      <Filter>Source Files</Filter>
    </ClCompile>
    <ClCompile Include="ignpoi.c">
      <Filter>Source Files</Filter>
    </ClCompile>
    <ClCompile Include="kiss.c">
      <Filter>Source Files</Filter>
    </ClCompile>
    <ClCompile Include="mt.c">
      <Filter>Source Files</Filter>
    </ClCompile>
    <ClCompile Include="sexpo.c">
      <Filter>Source Files</Filter>
    </ClCompile>
    <ClCompile Include="sgamma.c">
      <Filter>Source Files</Filter>
    </ClCompile>
    <ClCompile Include="urand.c">
      <Filter>Source Files</Filter>
    </ClCompile>
    <ClCompile Include="..\..\sci_gateway\cpp\sci_grand.cpp">
      <Filter>Source Files</Filter>
    </ClCompile>
    <ClCompile Include="..\cpp\grand.cpp">
      <Filter>Source Files</Filter>
    </ClCompile>
  </ItemGroup>
  <ItemGroup>
    <ClInclude Include="..\..\includes\clcg4.h">
      <Filter>Header Files</Filter>
    </ClInclude>
    <ClInclude Include="..\..\includes\dynlib_randlib.h">
      <Filter>Header Files</Filter>
    </ClInclude>
    <ClInclude Include="..\..\includes\grand.h">
      <Filter>Header Files</Filter>
    </ClInclude>
    <ClInclude Include="..\..\includes\others_generators.h">
      <Filter>Header Files</Filter>
    </ClInclude>
    <ClInclude Include="..\..\includes\randlib_gw.hxx">
      <Filter>Header Files</Filter>
    </ClInclude>
  </ItemGroup>
  <ItemGroup>
    <None Include="core_import.def">
      <Filter>Libraries Dependencies\Imports</Filter>
    </None>
    <None Include="randlib_f_Import.def">
      <Filter>Libraries Dependencies\Imports</Filter>
    </None>
    <None Include="..\..\Makefile.am" />
    <None Include="..\..\randlib.iss" />
    <None Include="..\..\sci_gateway\randlib_gateway.xml" />
    <None Include="elementary_functions_f_Import.def">
      <Filter>Libraries Dependencies\Imports</Filter>
    </None>
    <None Include="..\..\locales\randlib.pot">
      <Filter>localization</Filter>
    </None>
  </ItemGroup>
  <ItemGroup>
    <ResourceCompile Include="randlib.rc">
      <Filter>Resource Files</Filter>
    </ResourceCompile>
  </ItemGroup>
</Project>
