<?xml version="1.0" encoding="utf-8"?>
<Project ToolsVersion="4.0" xmlns="http://schemas.microsoft.com/developer/msbuild/2003">
  <ItemGroup>
    <Filter Include="Source Files">
      <UniqueIdentifier>{96353fda-cf88-4e81-b559-5a1637b538c2}</UniqueIdentifier>
      <Extensions>cpp;c;cxx;rc;def;r;odl;idl;hpj;bat</Extensions>
    </Filter>
    <Filter Include="Header Files">
      <UniqueIdentifier>{aa9bea2a-f681-4fde-9b40-5a6ea6a6d12a}</UniqueIdentifier>
      <Extensions>h;hpp;hxx;hm;inl</Extensions>
    </Filter>
    <Filter Include="localization">
      <UniqueIdentifier>{6b2f6e4c-e3c2-46d3-875a-459dc81cf67b}</UniqueIdentifier>
    </Filter>
    <Filter Include="Libraries Dependencies">
      <UniqueIdentifier>{c2eda7a4-1dd7-4799-a580-78f9faa6c8ec}</UniqueIdentifier>
    </Filter>
    <Filter Include="Libraries Dependencies\Imports">
      <UniqueIdentifier>{bf9e12ec-8bbc-448b-b7bc-e4c786fd39cf}</UniqueIdentifier>
    </Filter>
    <Filter Include="Resource Files">
      <UniqueIdentifier>{55c012f7-eb32-49bd-92b0-6aa5215ad059}</UniqueIdentifier>
    </Filter>
  </ItemGroup>
  <ItemGroup>
    <ClCompile Include="DllmainOptimization.c">
      <Filter>Source Files</Filter>
    </ClCompile>
    <ClCompile Include="..\..\sci_gateway\c\sci_qld.c">
      <Filter>Source Files</Filter>
    </ClCompile>
    <ClCompile Include="..\..\sci_gateway\c\sci_qp_solve.c">
      <Filter>Source Files</Filter>
    </ClCompile>
    <ClCompile Include="sp.c">
      <Filter>Source Files</Filter>
    </ClCompile>
    <ClCompile Include="..\..\sci_gateway\cpp\sci_fsolve.cpp">
      <Filter>Source Files</Filter>
    </ClCompile>
    <ClCompile Include="..\..\sci_gateway\cpp\sci_lsqrsolve.cpp">
      <Filter>Source Files</Filter>
    </ClCompile>
    <ClCompile Include="..\..\sci_gateway\cpp\sci_optim.cpp">
      <Filter>Source Files</Filter>
    </ClCompile>
    <ClCompile Include="..\..\sci_gateway\cpp\sci_readmps.cpp">
      <Filter>Source Files</Filter>
    </ClCompile>
    <ClCompile Include="..\..\sci_gateway\cpp\sci_semidef.cpp">
      <Filter>Source Files</Filter>
    </ClCompile>
    <ClCompile Include="..\cpp\checkoptimerror.cpp">
      <Filter>Source Files</Filter>
    </ClCompile>
    <ClCompile Include="..\cpp\optimizationfunctions.cpp">
      <Filter>Source Files</Filter>
    </ClCompile>
    <ClCompile Include="..\cpp\scioptimfunctions.cpp">
      <Filter>Source Files</Filter>
    </ClCompile>
  </ItemGroup>
  <ItemGroup>
    <ClInclude Include="..\..\includes\dynlib_optimization.h">
      <Filter>Header Files</Filter>
    </ClInclude>
    <ClInclude Include="..\..\includes\gw_optimization.h">
      <Filter>Header Files</Filter>
    </ClInclude>
    <ClInclude Include="..\..\includes\spd.h">
      <Filter>Header Files</Filter>
    </ClInclude>
    <ClInclude Include="..\..\includes\checkoptimerror.h">
      <Filter>Header Files</Filter>
    </ClInclude>
    <ClInclude Include="..\..\includes\common_structure_optimization.h">
      <Filter>Header Files</Filter>
    </ClInclude>
    <ClInclude Include="..\..\includes\optimization_gw.hxx">
      <Filter>Header Files</Filter>
    </ClInclude>
    <ClInclude Include="..\..\includes\optimizationfunctions.hxx">
      <Filter>Header Files</Filter>
    </ClInclude>
    <ClInclude Include="..\..\includes\scioptimfunctions.h">
      <Filter>Header Files</Filter>
    </ClInclude>
  </ItemGroup>
  <ItemGroup>
    <None Include="core_import.def">
      <Filter>Libraries Dependencies\Imports</Filter>
    </None>
    <None Include="optimization_f_Import.def">
      <Filter>Libraries Dependencies\Imports</Filter>
    </None>
    <None Include="..\..\Makefile.am" />
    <None Include="..\..\optimization.iss" />
    <None Include="..\..\sci_gateway\optimization_gateway.xml" />
    <None Include="..\..\locales\optimization.pot">
      <Filter>localization</Filter>
    </None>
    <None Include="sparse_f_Import.def">
      <Filter>Libraries Dependencies\Imports</Filter>
    </None>
    <None Include="core_f_Import.def">
      <Filter>Libraries Dependencies\Imports</Filter>
    </None>
  </ItemGroup>
  <ItemGroup>
    <ResourceCompile Include="optimization.rc">
      <Filter>Resource Files</Filter>
    </ResourceCompile>
  </ItemGroup>
</Project>