<?xml version="1.0" encoding="utf-8"?>
<Project ToolsVersion="4.0" xmlns="http://schemas.microsoft.com/developer/msbuild/2003">
  <ItemGroup>
    <Filter Include="Source Files">
      <UniqueIdentifier>{c4c91712-1b98-4aa6-b7c7-df5aaf6b9f03}</UniqueIdentifier>
      <Extensions>cpp;c;cxx;rc;def;r;odl;idl;hpj;bat</Extensions>
    </Filter>
    <Filter Include="Header Files">
      <UniqueIdentifier>{cbe6abd4-dcb2-4b31-b1f1-d43e9a72d411}</UniqueIdentifier>
      <Extensions>h;hpp;hxx;hm;inl</Extensions>
    </Filter>
    <Filter Include="localization">
      <UniqueIdentifier>{f274011b-952b-4933-ac2c-803e38acb313}</UniqueIdentifier>
    </Filter>
    <Filter Include="Swig Files">
      <UniqueIdentifier>{8be3461d-09ca-4983-9f34-5ef03a5eb5c5}</UniqueIdentifier>
    </Filter>
    <Filter Include="Libraries Dependencies">
      <UniqueIdentifier>{d5fa84c0-6405-4733-8847-ed1db94a09ce}</UniqueIdentifier>
    </Filter>
    <Filter Include="Libraries Dependencies\Imports">
      <UniqueIdentifier>{86592303-2128-45bb-94cb-5ad8bad15686}</UniqueIdentifier>
    </Filter>
    <Filter Include="Resource Files">
      <UniqueIdentifier>{540a0e24-61c1-48a5-b6a1-f5f2c90f567a}</UniqueIdentifier>
    </Filter>
  </ItemGroup>
  <ItemGroup>
    <ClCompile Include="DllmainParallel.c">
      <Filter>Source Files</Filter>
    </ClCompile>
    <ClCompile Include="forkWindows.c">
      <Filter>Source Files</Filter>
    </ClCompile>
    <ClCompile Include="..\..\sci_gateway\c\gw_parallel.c">
      <Filter>Source Files</Filter>
    </ClCompile>
    <ClCompile Include="..\..\sci_gateway\c\sci_parallel_concurrency.c">
      <Filter>Source Files</Filter>
    </ClCompile>
    <ClCompile Include="..\..\sci_gateway\cpp\sci_parallel_run.cpp">
      <Filter>Source Files</Filter>
    </ClCompile>
  </ItemGroup>
  <ItemGroup>
    <ClInclude Include="..\..\includes\concurrency.h">
      <Filter>Header Files</Filter>
    </ClInclude>
    <ClInclude Include="..\..\includes\dynlib_parallel.h">
      <Filter>Header Files</Filter>
    </ClInclude>
    <ClInclude Include="forkWindows.h">
      <Filter>Header Files</Filter>
    </ClInclude>
    <ClInclude Include="..\..\includes\gw_parallel.h">
      <Filter>Header Files</Filter>
    </ClInclude>
    <ClInclude Include="..\cpp\parallel_run.hxx">
      <Filter>Header Files</Filter>
    </ClInclude>
    <ClInclude Include="semWindows.h">
      <Filter>Header Files</Filter>
    </ClInclude>
  </ItemGroup>
  <ItemGroup>
    <None Include="core_import.def">
      <Filter>Libraries Dependencies\Imports</Filter>
    </None>
    <None Include="..\..\Makefile.am" />
    <None Include="..\..\parallel.iss" />
    <None Include="..\..\sci_gateway\parallel_gateway.xml" />
    <None Include="..\..\locales\parallel.pot">
      <Filter>localization</Filter>
    </None>
  </ItemGroup>
  <ItemGroup>
    <ResourceCompile Include="parallel.rc">
      <Filter>Resource Files</Filter>
    </ResourceCompile>
  </ItemGroup>
</Project>