<?xml version="1.0" encoding="utf-8"?>
<Project ToolsVersion="4.0" xmlns="http://schemas.microsoft.com/developer/msbuild/2003">
  <ItemGroup>
    <Filter Include="Header files">
      <UniqueIdentifier>{a9256e86-ad52-4858-b4ad-7221b370ca0f}</UniqueIdentifier>
    </Filter>
    <Filter Include="Ressource Files">
      <UniqueIdentifier>{95abb083-46f2-4c46-9b55-b84c5d82ef5e}</UniqueIdentifier>
    </Filter>
    <Filter Include="Source Files">
      <UniqueIdentifier>{7eca79bc-ea66-41df-a03e-00b7397704f3}</UniqueIdentifier>
    </Filter>
  </ItemGroup>
  <ItemGroup>
    <ClInclude Include="..\..\includes\dynlib_graphics_gw.h">
      <Filter>Header files</Filter>
    </ClInclude>
    <ClInclude Include="..\..\includes\graphics_gw.hxx">
      <Filter>Header files</Filter>
    </ClInclude>
  </ItemGroup>
  <ItemGroup>
    <ClCompile Include="graphics_gw.cpp">
      <Filter>Source Files</Filter>
    </ClCompile>
    <ClCompile Include="sci_get.cpp">
      <Filter>Source Files</Filter>
    </ClCompile>
    <ClCompile Include="sci_winsid.cpp">
      <Filter>Source Files</Filter>
    </ClCompile>
    <ClCompile Include="sci_xset.cpp">
      <Filter>Source Files</Filter>
    </ClCompile>
    <ClCompile Include="sci_xget.cpp">
      <Filter>Source Files</Filter>
    </ClCompile>
    <ClCompile Include="sci_matplot.cpp">
      <Filter>Source Files</Filter>
    </ClCompile>
    <ClCompile Include="sci_matplot1.cpp">
      <Filter>Source Files</Filter>
    </ClCompile>
  </ItemGroup>
</Project>