<?xml version="1.0" encoding="utf-8"?>
<Project ToolsVersion="4.0" xmlns="http://schemas.microsoft.com/developer/msbuild/2003">
  <ItemGroup>
    <ClCompile Include="src\cpp\debugvisitor.cpp">
      <Filter>Source Files</Filter>
    </ClCompile>
    <ClCompile Include="src\cpp\libAst.cpp">
      <Filter>Source Files</Filter>
    </ClCompile>
    <ClCompile Include="src\cpp\mutevisitor.cpp">
      <Filter>Source Files</Filter>
    </ClCompile>
    <ClCompile Include="src\cpp\printvisitor.cpp">
      <Filter>Source Files</Filter>
    </ClCompile>
    <ClCompile Include="src\cpp\shortcutvisitor.cpp">
      <Filter>Source Files</Filter>
    </ClCompile>
    <ClCompile Include="src\cpp\visitor_common.cpp">
      <Filter>Source Files</Filter>
    </ClCompile>
  </ItemGroup>
  <ItemGroup>
    <ClInclude Include="includes\all.hxx">
      <Filter>Header Files</Filter>
    </ClInclude>
    <ClInclude Include="includes\ast.hxx">
      <Filter>Header Files</Filter>
    </ClInclude>
    <ClInclude Include="includes\alldec.hxx">
      <Filter>Header Files</Filter>
    </ClInclude>
    <ClInclude Include="includes\allexp.hxx">
      <Filter>Header Files</Filter>
    </ClInclude>
    <ClInclude Include="includes\allvar.hxx">
      <Filter>Header Files</Filter>
    </ClInclude>
    <ClInclude Include="includes\anydecs.hxx">
      <Filter>Header Files</Filter>
    </ClInclude>
    <ClInclude Include="includes\arraylistexp.hxx">
      <Filter>Header Files</Filter>
    </ClInclude>
    <ClInclude Include="includes\arraylistvar.hxx">
      <Filter>Header Files</Filter>
    </ClInclude>
    <ClInclude Include="includes\assignexp.hxx">
      <Filter>Header Files</Filter>
    </ClInclude>
    <ClInclude Include="includes\assignlistexp.hxx">
      <Filter>Header Files</Filter>
    </ClInclude>
    <ClInclude Include="includes\boolexp.hxx">
      <Filter>Header Files</Filter>
    </ClInclude>
    <ClInclude Include="includes\controlexp.hxx">
      <Filter>Header Files</Filter>
    </ClInclude>
    <ClInclude Include="includes\breakexp.hxx">
      <Filter>Header Files</Filter>
    </ClInclude>
    <ClInclude Include="includes\callexp.hxx">
      <Filter>Header Files</Filter>
    </ClInclude>
    <ClInclude Include="includes\caseexp.hxx">
      <Filter>Header Files</Filter>
    </ClInclude>
    <ClInclude Include="includes\cellcallexp.hxx">
      <Filter>Header Files</Filter>
    </ClInclude>
    <ClInclude Include="includes\cellexp.hxx">
      <Filter>Header Files</Filter>
    </ClInclude>
    <ClInclude Include="includes\colonvar.hxx">
      <Filter>Header Files</Filter>
    </ClInclude>
    <ClInclude Include="includes\commentexp.hxx">
      <Filter>Header Files</Filter>
    </ClInclude>
    <ClInclude Include="includes\constexp.hxx">
      <Filter>Header Files</Filter>
    </ClInclude>
    <ClInclude Include="includes\continueexp.hxx">
      <Filter>Header Files</Filter>
    </ClInclude>
    <ClInclude Include="includes\debugvisitor.hxx">
      <Filter>Header Files</Filter>
    </ClInclude>
    <ClInclude Include="includes\intexp.hxx">
      <Filter>Header Files</Filter>
    </ClInclude>
    <ClInclude Include="includes\dec.hxx">
      <Filter>Header Files</Filter>
    </ClInclude>
    <ClInclude Include="includes\decls.hxx">
      <Filter>Header Files</Filter>
    </ClInclude>
    <ClInclude Include="includes\decs.hxx">
      <Filter>Header Files</Filter>
    </ClInclude>
    <ClInclude Include="includes\dollarvar.hxx">
      <Filter>Header Files</Filter>
    </ClInclude>
    <ClInclude Include="includes\doubleexp.hxx">
      <Filter>Header Files</Filter>
    </ClInclude>
    <ClInclude Include="includes\dummyvisitor.hxx">
      <Filter>Header Files</Filter>
    </ClInclude>
    <ClInclude Include="includes\execvisitor.hxx">
      <Filter>Header Files</Filter>
    </ClInclude>
    <ClInclude Include="includes\exp.hxx">
      <Filter>Header Files</Filter>
    </ClInclude>
    <ClInclude Include="includes\fieldexp.hxx">
      <Filter>Header Files</Filter>
    </ClInclude>
    <ClInclude Include="includes\floatexp.hxx">
      <Filter>Header Files</Filter>
    </ClInclude>
    <ClInclude Include="includes\forexp.hxx">
      <Filter>Header Files</Filter>
    </ClInclude>
    <ClInclude Include="includes\functiondec.hxx">
      <Filter>Header Files</Filter>
    </ClInclude>
    <ClInclude Include="includes\ifexp.hxx">
      <Filter>Header Files</Filter>
    </ClInclude>
    <ClInclude Include="includes\listexp.hxx">
      <Filter>Header Files</Filter>
    </ClInclude>
    <ClInclude Include="includes\whileexp.hxx">
      <Filter>Header Files</Filter>
    </ClInclude>
    <ClInclude Include="includes\logicalopexp.hxx">
      <Filter>Header Files</Filter>
    </ClInclude>
    <ClInclude Include="includes\mathexp.hxx">
      <Filter>Header Files</Filter>
    </ClInclude>
    <ClInclude Include="includes\matrixexp.hxx">
      <Filter>Header Files</Filter>
    </ClInclude>
    <ClInclude Include="includes\matrixlineexp.hxx">
      <Filter>Header Files</Filter>
    </ClInclude>
    <ClInclude Include="includes\mutevisitor.hxx">
      <Filter>Header Files</Filter>
    </ClInclude>
    <ClInclude Include="includes\nilexp.hxx">
      <Filter>Header Files</Filter>
    </ClInclude>
    <ClInclude Include="includes\notexp.hxx">
      <Filter>Header Files</Filter>
    </ClInclude>
    <ClInclude Include="includes\opexp.hxx">
      <Filter>Header Files</Filter>
    </ClInclude>
    <ClInclude Include="includes\printvisitor.hxx">
      <Filter>Header Files</Filter>
    </ClInclude>
    <ClInclude Include="includes\returnexp.hxx">
      <Filter>Header Files</Filter>
    </ClInclude>
    <ClInclude Include="includes\run_AssignExp.hxx">
      <Filter>Header Files</Filter>
    </ClInclude>
    <ClInclude Include="includes\run_CallExp.hxx">
      <Filter>Header Files</Filter>
    </ClInclude>
    <ClInclude Include="includes\run_MatrixExp.hxx">
      <Filter>Header Files</Filter>
    </ClInclude>
    <ClInclude Include="includes\run_OpExp.hxx">
      <Filter>Header Files</Filter>
    </ClInclude>
    <ClInclude Include="includes\runvisitor.hxx">
      <Filter>Header Files</Filter>
    </ClInclude>
    <ClInclude Include="includes\selectexp.hxx">
      <Filter>Header Files</Filter>
    </ClInclude>
    <ClInclude Include="includes\seqexp.hxx">
      <Filter>Header Files</Filter>
    </ClInclude>
    <ClInclude Include="includes\shortcutvisitor.hxx">
      <Filter>Header Files</Filter>
    </ClInclude>
    <ClInclude Include="includes\simplevar.hxx">
      <Filter>Header Files</Filter>
    </ClInclude>
    <ClInclude Include="includes\stringexp.hxx">
      <Filter>Header Files</Filter>
    </ClInclude>
    <ClInclude Include="includes\timedvisitor.hxx">
      <Filter>Header Files</Filter>
    </ClInclude>
    <ClInclude Include="includes\token.hxx">
      <Filter>Header Files</Filter>
    </ClInclude>
    <ClInclude Include="includes\transposeexp.hxx">
      <Filter>Header Files</Filter>
    </ClInclude>
    <ClInclude Include="includes\trycatchexp.hxx">
      <Filter>Header Files</Filter>
    </ClInclude>
    <ClInclude Include="includes\var.hxx">
      <Filter>Header Files</Filter>
    </ClInclude>
    <ClInclude Include="includes\vardec.hxx">
      <Filter>Header Files</Filter>
    </ClInclude>
    <ClInclude Include="includes\visitor.hxx">
      <Filter>Header Files</Filter>
    </ClInclude>
    <ClInclude Include="includes\visitor_common.hxx">
      <Filter>Header Files</Filter>
    </ClInclude>
    <ClInclude Include="src\cpp\libAst.hxx">
      <Filter>Header Files</Filter>
    </ClInclude>
    <ClInclude Include="includes\stepvisitor.hxx" />
  </ItemGroup>
  <ItemGroup>
    <Library Include="..\..\bin\blasplus.lib" />
    <Library Include="..\..\bin\lapack.lib" />
    <Library Include="..\..\bin\libintl.lib" />
  </ItemGroup>
  <ItemGroup>
    <Filter Include="Header Files">
      <UniqueIdentifier>{cb9b58ce-c856-48a4-bd7a-313c179422ac}</UniqueIdentifier>
    </Filter>
    <Filter Include="Source Files">
      <UniqueIdentifier>{0499815e-56d2-4ff4-bb90-dd57cf2c6cd0}</UniqueIdentifier>
    </Filter>
    <Filter Include="Libraries Dependencies">
      <UniqueIdentifier>{31bac480-5190-44fd-8c11-aa2cf27d3069}</UniqueIdentifier>
    </Filter>
  </ItemGroup>
  <ItemGroup>
    <None Include="core_Import.def">
      <Filter>Libraries Dependencies</Filter>
    </None>
  </ItemGroup>
</Project>