<?xml version="1.0" encoding="utf-8"?>
<Project ToolsVersion="4.0" xmlns="http://schemas.microsoft.com/developer/msbuild/2003">
  <ItemGroup>
    <Filter Include="Source Files">
      <UniqueIdentifier>{aca22ddf-c32f-4f49-b1c5-87bd9efcc375}</UniqueIdentifier>
      <Extensions>cpp;c;cxx;rc;def;r;odl;idl;hpj;bat</Extensions>
    </Filter>
    <Filter Include="Header Files">
      <UniqueIdentifier>{5ec0dd89-fe24-4807-ad09-1a428d8c0a17}</UniqueIdentifier>
      <Extensions>h;hpp;hxx;hm;inl</Extensions>
    </Filter>
    <Filter Include="localization">
      <UniqueIdentifier>{7c763d56-c259-4513-b025-2c364e76ea59}</UniqueIdentifier>
    </Filter>
    <Filter Include="Libraries Dependencies">
      <UniqueIdentifier>{4b6a462a-07e6-47ab-a873-764f21e809ed}</UniqueIdentifier>
    </Filter>
    <Filter Include="Libraries Dependencies\Imports">
      <UniqueIdentifier>{28785fb7-7faf-4c58-9854-af0173d7d29c}</UniqueIdentifier>
    </Filter>
    <Filter Include="Resource File">
      <UniqueIdentifier>{adc1991a-c0ed-4f75-8a9d-94f37f8bc9bb}</UniqueIdentifier>
    </Filter>
  </ItemGroup>
  <ItemGroup>
    <ClCompile Include="DllmainCommons.c">
      <Filter>Source Files</Filter>
    </ClCompile>
    <ClCompile Include="..\jni\ScilabCommons_wrap.c">
      <Filter>Source Files</Filter>
    </ClCompile>
    <ClCompile Include="fileutils.c">
      <Filter>Source Files</Filter>
    </ClCompile>
    <ClCompile Include="..\jni\CommonFileUtils_wrap.c">
      <Filter>Source Files</Filter>
    </ClCompile>
    <ClCompile Include="..\jni\GiwsException.cpp">
      <Filter>Source Files</Filter>
    </ClCompile>
    <ClCompile Include="..\jni\FindIconHelper.cpp">
      <Filter>Source Files</Filter>
    </ClCompile>
  </ItemGroup>
  <ItemGroup>
    <ClInclude Include="..\..\includes\dynlib_commons.h">
      <Filter>Header Files</Filter>
    </ClInclude>
    <ClInclude Include="..\..\includes\fileutils.h">
      <Filter>Header Files</Filter>
    </ClInclude>
    <ClInclude Include="..\jni\GiwsException.hxx">
      <Filter>Header Files</Filter>
    </ClInclude>
    <ClInclude Include="..\jni\FindIconHelper.hxx">
      <Filter>Header Files</Filter>
    </ClInclude>
  </ItemGroup>
  <ItemGroup>
    <None Include="core_import.def">
      <Filter>Libraries Dependencies\Imports</Filter>
    </None>
    <None Include="..\..\commons.iss" />
    <None Include="..\..\Makefile.am" />
    <None Include="..\..\locales\commons.pot">
      <Filter>localization</Filter>
    </None>
  </ItemGroup>
  <ItemGroup>
    <ResourceCompile Include="commons.rc">
      <Filter>Resource File</Filter>
    </ResourceCompile>
  </ItemGroup>
</Project>