Microsoft Visual Studio Solution File, Format Version 8.00
Project("{8BC9CEB8-8B4A-11D0-8D11-00A0C91BC942}") = "sparse", "sparse.vcproj", "{620298B7-DCCA-4768-85DE-C253A7EBEC8B}"
	ProjectSection(ProjectDependencies) = postProject
	EndProjectSection
EndProject
Global
	GlobalSection(SolutionConfiguration) = preSolution
		Debug = Debug
		Release = Release
	EndGlobalSection
	GlobalSection(ProjectConfiguration) = postSolution
		{620298B7-DCCA-4768-85DE-C253A7EBEC8B}.Debug.ActiveCfg = Debug|Win32
		{620298B7-DCCA-4768-85DE-C253A7EBEC8B}.Debug.Build.0 = Debug|Win32
		{620298B7-DCCA-4768-85DE-C253A7EBEC8B}.Release.ActiveCfg = Release|Win32
		{620298B7-DCCA-4768-85DE-C253A7EBEC8B}.Release.Build.0 = Release|Win32
	EndGlobalSection
	GlobalSection(ExtensibilityGlobals) = postSolution
	EndGlobalSection
	GlobalSection(ExtensibilityAddIns) = postSolution
	EndGlobalSection
EndGlobal
