<?xml version="1.0" encoding="utf-8"?>
<Project ToolsVersion="4.0" xmlns="http://schemas.microsoft.com/developer/msbuild/2003">
  <ItemGroup>
    <Filter Include="Source Files">
      <UniqueIdentifier>{2532be4c-7f4f-4a9e-820f-06722d341c6b}</UniqueIdentifier>
      <Extensions>cpp;c;cxx;rc;def;r;odl;idl;hpj;bat</Extensions>
    </Filter>
    <Filter Include="Header Files">
      <UniqueIdentifier>{d7cc4029-d91d-49f3-9b01-5c53fb62896f}</UniqueIdentifier>
      <Extensions>h;hpp;hxx;hm;inl</Extensions>
    </Filter>
    <Filter Include="localization">
      <UniqueIdentifier>{52824dfe-3d89-4089-8d41-fdd0a8810c30}</UniqueIdentifier>
    </Filter>
    <Filter Include="Libraries Dependencies">
      <UniqueIdentifier>{24d1972f-fc65-4972-b9b5-54a21b8851bd}</UniqueIdentifier>
    </Filter>
    <Filter Include="Libraries Dependencies\Imports">
      <UniqueIdentifier>{b448109a-0d70-4f7e-9e44-0d6b8a41cb4e}</UniqueIdentifier>
    </Filter>
    <Filter Include="Resource File">
      <UniqueIdentifier>{efacc063-b3ce-4b6a-8cb7-9c31b2f5efd6}</UniqueIdentifier>
    </Filter>
  </ItemGroup>
  <ItemGroup>
    <ClCompile Include="cmp.c">
      <Filter>Source Files</Filter>
    </ClCompile>
    <ClCompile Include="DllmainElementary_functions.c">
      <Filter>Source Files</Filter>
    </ClCompile>
    <ClCompile Include="finite.c">
      <Filter>Source Files</Filter>
    </ClCompile>
    <ClCompile Include="gsort.c">
      <Filter>Source Files</Filter>
    </ClCompile>
    <ClCompile Include="..\..\sci_gateway\c\gw_elementary_functions.c">
      <Filter>Source Files</Filter>
    </ClCompile>
    <ClCompile Include="idmax.c">
      <Filter>Source Files</Filter>
    </ClCompile>
    <ClCompile Include="idmin.c">
      <Filter>Source Files</Filter>
    </ClCompile>
    <ClCompile Include="int2db.c">
      <Filter>Source Files</Filter>
    </ClCompile>
    <ClCompile Include="IsEqualVar.c">
      <Filter>Source Files</Filter>
    </ClCompile>
    <ClCompile Include="qsort-char.c">
      <Filter>Source Files</Filter>
    </ClCompile>
    <ClCompile Include="qsort-double.c">
      <Filter>Source Files</Filter>
    </ClCompile>
    <ClCompile Include="qsort-int.c">
      <Filter>Source Files</Filter>
    </ClCompile>
    <ClCompile Include="qsort-short.c">
      <Filter>Source Files</Filter>
    </ClCompile>
    <ClCompile Include="qsort-string.c">
      <Filter>Source Files</Filter>
    </ClCompile>
    <ClCompile Include="qsort.c">
      <Filter>Source Files</Filter>
    </ClCompile>
    <ClCompile Include="rea2db.c">
      <Filter>Source Files</Filter>
    </ClCompile>
    <ClCompile Include="..\..\sci_gateway\c\sci_abs.c">
      <Filter>Source Files</Filter>
    </ClCompile>
    <ClCompile Include="..\..\sci_gateway\c\sci_acos.c">
      <Filter>Source Files</Filter>
    </ClCompile>
    <ClCompile Include="..\..\sci_gateway\c\sci_asin.c">
      <Filter>Source Files</Filter>
    </ClCompile>
    <ClCompile Include="..\..\sci_gateway\c\sci_atan.c">
      <Filter>Source Files</Filter>
    </ClCompile>
    <ClCompile Include="..\..\sci_gateway\c\sci_ceil.c">
      <Filter>Source Files</Filter>
    </ClCompile>
    <ClCompile Include="..\..\sci_gateway\c\sci_chinesehat.c">
      <Filter>Source Files</Filter>
    </ClCompile>
    <ClCompile Include="..\..\sci_gateway\c\sci_clean.c">
      <Filter>Source Files</Filter>
    </ClCompile>
    <ClCompile Include="..\..\sci_gateway\c\sci_conj.c">
      <Filter>Source Files</Filter>
    </ClCompile>
    <ClCompile Include="..\..\sci_gateway\c\sci_cos.c">
      <Filter>Source Files</Filter>
    </ClCompile>
    <ClCompile Include="..\..\sci_gateway\c\sci_cumprod.c">
      <Filter>Source Files</Filter>
    </ClCompile>
    <ClCompile Include="..\..\sci_gateway\c\sci_cumsum.c">
      <Filter>Source Files</Filter>
    </ClCompile>
    <ClCompile Include="..\..\sci_gateway\c\sci_diag.c">
      <Filter>Source Files</Filter>
    </ClCompile>
    <ClCompile Include="..\..\sci_gateway\c\sci_dsearch.c">
      <Filter>Source Files</Filter>
    </ClCompile>
    <ClCompile Include="..\..\sci_gateway\c\sci_exp.c">
      <Filter>Source Files</Filter>
    </ClCompile>
    <ClCompile Include="..\..\sci_gateway\c\sci_expm.c">
      <Filter>Source Files</Filter>
    </ClCompile>
    <ClCompile Include="..\..\sci_gateway\c\sci_eye.c">
      <Filter>Source Files</Filter>
    </ClCompile>
    <ClCompile Include="..\..\sci_gateway\c\sci_floor.c">
      <Filter>Source Files</Filter>
    </ClCompile>
    <ClCompile Include="..\..\sci_gateway\c\sci_frexp.c">
      <Filter>Source Files</Filter>
    </ClCompile>
    <ClCompile Include="..\..\sci_gateway\c\sci_gsort.c">
      <Filter>Source Files</Filter>
    </ClCompile>
    <ClCompile Include="..\..\sci_gateway\c\sci_imag.c">
      <Filter>Source Files</Filter>
    </ClCompile>
    <ClCompile Include="..\..\sci_gateway\c\sci_imult.c">
      <Filter>Source Files</Filter>
    </ClCompile>
    <ClCompile Include="..\..\sci_gateway\c\sci_int.c">
      <Filter>Source Files</Filter>
    </ClCompile>
    <ClCompile Include="..\..\sci_gateway\c\sci_isequal.c">
      <Filter>Source Files</Filter>
    </ClCompile>
    <ClCompile Include="..\..\sci_gateway\c\sci_isequalbitwise.c">
      <Filter>Source Files</Filter>
    </ClCompile>
    <ClCompile Include="..\..\sci_gateway\c\sci_isreal.c">
      <Filter>Source Files</Filter>
    </ClCompile>
    <ClCompile Include="..\..\sci_gateway\c\sci_kron.c">
      <Filter>Source Files</Filter>
    </ClCompile>
    <ClCompile Include="..\..\sci_gateway\c\sci_log.c">
      <Filter>Source Files</Filter>
    </ClCompile>
    <ClCompile Include="..\..\sci_gateway\c\sci_log1p.c">
      <Filter>Source Files</Filter>
    </ClCompile>
    <ClCompile Include="..\..\sci_gateway\c\sci_matrix.c">
      <Filter>Source Files</Filter>
    </ClCompile>
    <ClCompile Include="..\..\sci_gateway\c\sci_maxi.c">
      <Filter>Source Files</Filter>
    </ClCompile>
    <ClCompile Include="..\..\sci_gateway\c\sci_nearfloat.c">
      <Filter>Source Files</Filter>
    </ClCompile>
    <ClCompile Include="..\..\sci_gateway\c\sci_number_properties.c">
      <Filter>Source Files</Filter>
    </ClCompile>
    <ClCompile Include="..\..\sci_gateway\c\sci_ones.c">
      <Filter>Source Files</Filter>
    </ClCompile>
    <ClCompile Include="..\..\sci_gateway\c\sci_prod.c">
      <Filter>Source Files</Filter>
    </ClCompile>
    <ClCompile Include="..\..\sci_gateway\c\sci_rand.c">
      <Filter>Source Files</Filter>
    </ClCompile>
    <ClCompile Include="..\..\sci_gateway\c\sci_rat.c">
      <Filter>Source Files</Filter>
    </ClCompile>
    <ClCompile Include="..\..\sci_gateway\c\sci_real.c">
      <Filter>Source Files</Filter>
    </ClCompile>
    <ClCompile Include="..\..\sci_gateway\c\sci_round.c">
      <Filter>Source Files</Filter>
    </ClCompile>
    <ClCompile Include="..\..\sci_gateway\c\sci_sign.c">
      <Filter>Source Files</Filter>
    </ClCompile>
    <ClCompile Include="..\..\sci_gateway\c\sci_sin.c">
      <Filter>Source Files</Filter>
    </ClCompile>
    <ClCompile Include="..\..\sci_gateway\c\sci_size.c">
      <Filter>Source Files</Filter>
    </ClCompile>
    <ClCompile Include="..\..\sci_gateway\c\sci_spones.c">
      <Filter>Source Files</Filter>
    </ClCompile>
    <ClCompile Include="..\..\sci_gateway\c\sci_sqrt.c">
      <Filter>Source Files</Filter>
    </ClCompile>
    <ClCompile Include="..\..\sci_gateway\c\sci_sum.c">
      <Filter>Source Files</Filter>
    </ClCompile>
    <ClCompile Include="..\..\sci_gateway\c\sci_tan.c">
      <Filter>Source Files</Filter>
    </ClCompile>
    <ClCompile Include="..\..\sci_gateway\c\sci_testmatrix.c">
      <Filter>Source Files</Filter>
    </ClCompile>
    <ClCompile Include="..\..\sci_gateway\c\sci_tril.c">
      <Filter>Source Files</Filter>
    </ClCompile>
    <ClCompile Include="..\..\sci_gateway\c\sci_triu.c">
      <Filter>Source Files</Filter>
    </ClCompile>
    <ClCompile Include="..\..\sci_gateway\c\sci_zeros.c">
      <Filter>Source Files</Filter>
    </ClCompile>
    <ClCompile Include="scidcopy.c">
      <Filter>Source Files</Filter>
    </ClCompile>
    <ClCompile Include="unsfdcopy.c">
      <Filter>Source Files</Filter>
    </ClCompile>
    <ClCompile Include="vceil.c">
      <Filter>Source Files</Filter>
    </ClCompile>
    <ClCompile Include="vfinite.c">
      <Filter>Source Files</Filter>
    </ClCompile>
    <ClCompile Include="vfloor.c">
      <Filter>Source Files</Filter>
    </ClCompile>
    <ClCompile Include="vfrexp.c">
      <Filter>Source Files</Filter>
    </ClCompile>
    <ClCompile Include="xerhlt.c">
      <Filter>Source Files</Filter>
    </ClCompile>
    <ClCompile Include="convertbase.c">
      <Filter>Source Files</Filter>
    </ClCompile>
    <ClCompile Include="..\..\sci_gateway\c\sci_base2dec.c">
      <Filter>Source Files</Filter>
    </ClCompile>
    <ClCompile Include="..\..\sci_gateway\c\sci_dec2base.c">
      <Filter>Source Files</Filter>
    </ClCompile>
  </ItemGroup>
  <ItemGroup>
    <ClInclude Include="..\..\includes\dynlib_elementary_functions.h">
      <Filter>Header Files</Filter>
    </ClInclude>
    <ClInclude Include="..\..\includes\elementary_functions.h">
      <Filter>Header Files</Filter>
    </ClInclude>
    <ClInclude Include="..\..\includes\finite.h">
      <Filter>Header Files</Filter>
    </ClInclude>
    <ClInclude Include="..\..\includes\gw_elementary_functions.h">
      <Filter>Header Files</Filter>
    </ClInclude>
    <ClInclude Include="..\..\includes\idmax.h">
      <Filter>Header Files</Filter>
    </ClInclude>
    <ClInclude Include="..\..\includes\idmin.h">
      <Filter>Header Files</Filter>
    </ClInclude>
    <ClInclude Include="..\..\includes\int2db.h">
      <Filter>Header Files</Filter>
    </ClInclude>
    <ClInclude Include="..\..\includes\rea2b.h">
      <Filter>Header Files</Filter>
    </ClInclude>
    <ClInclude Include="..\..\includes\rea2db.h">
      <Filter>Header Files</Filter>
    </ClInclude>
    <ClInclude Include="..\..\includes\scidcopy.h">
      <Filter>Header Files</Filter>
    </ClInclude>
    <ClInclude Include="..\..\includes\unsfdcopy.h">
      <Filter>Header Files</Filter>
    </ClInclude>
    <ClInclude Include="..\..\includes\vfinite.h">
      <Filter>Header Files</Filter>
    </ClInclude>
    <ClInclude Include="..\..\includes\xerhlt.h">
      <Filter>Header Files</Filter>
    </ClInclude>
    <ClInclude Include="convertbase.h">
      <Filter>Header Files</Filter>
    </ClInclude>
    <ClInclude Include="cmp.h">
      <Filter>Header Files</Filter>
    </ClInclude>
    <ClInclude Include="gsort.h">
      <Filter>Header Files</Filter>
    </ClInclude>
    <ClInclude Include="IsEqualVar.h">
      <Filter>Header Files</Filter>
    </ClInclude>
    <ClInclude Include="qsort.h">
      <Filter>Header Files</Filter>
    </ClInclude>
    <ClInclude Include="qsort-char.h">
      <Filter>Header Files</Filter>
    </ClInclude>
    <ClInclude Include="qsort-double.h">
      <Filter>Header Files</Filter>
    </ClInclude>
    <ClInclude Include="qsort-int.h">
      <Filter>Header Files</Filter>
    </ClInclude>
    <ClInclude Include="qsort-short.h">
      <Filter>Header Files</Filter>
    </ClInclude>
    <ClInclude Include="qsort-string.h">
      <Filter>Header Files</Filter>
    </ClInclude>
    <ClInclude Include="vceil.h">
      <Filter>Header Files</Filter>
    </ClInclude>
    <ClInclude Include="vfloor.h">
      <Filter>Header Files</Filter>
    </ClInclude>
    <ClInclude Include="vfrexp.h">
      <Filter>Header Files</Filter>
    </ClInclude>
  </ItemGroup>
  <ItemGroup>
    <None Include="elementary_functions_f_Import.def">
      <Filter>Libraries Dependencies\Imports</Filter>
    </None>
    <None Include="core_import.def">
      <Filter>Libraries Dependencies\Imports</Filter>
    </None>
    <None Include="..\..\elementary_functions.iss" />
    <None Include="..\..\sci_gateway\elementary_functions_gateway.xml" />
    <None Include="..\..\Makefile.am" />
    <None Include="..\..\locales\elementary_functions.pot">
      <Filter>localization</Filter>
    </None>
  </ItemGroup>
  <ItemGroup>
    <ResourceCompile Include="elementary_functions.rc">
      <Filter>Resource File</Filter>
    </ResourceCompile>
  </ItemGroup>
</Project>