<?xml version="1.0" encoding="utf-8"?>
<Project ToolsVersion="4.0" xmlns="http://schemas.microsoft.com/developer/msbuild/2003">
  <ItemGroup>
    <ClInclude Include="..\includes\dynlib_ast_tools.hxx">
      <Filter>Header Files</Filter>
    </ClInclude>
    <ClInclude Include="..\includes\scilabexception.hxx">
      <Filter>Header Files</Filter>
    </ClInclude>
  </ItemGroup>
  <ItemGroup>
    <None Include="system_env_Import .def">
      <Filter>Library Dependencies</Filter>
    </None>
    <None Include="Localization_Import.def">
      <Filter>Library Dependencies</Filter>
    </None>
    <None Include="core_Import.def">
      <Filter>Library Dependencies</Filter>
    </None>
  </ItemGroup>
  <ItemGroup>
    <Library Include="..\..\..\bin\blasplus.lib" />
    <Library Include="..\..\..\bin\lapack.lib" />
  </ItemGroup>
  <ItemGroup>
    <Filter Include="Header Files">
      <UniqueIdentifier>{5f9da064-c98b-45d2-ba10-24d31d194fc5}</UniqueIdentifier>
    </Filter>
    <Filter Include="Source Files">
      <UniqueIdentifier>{a091f5ed-821b-47f9-9825-01ee741cefc6}</UniqueIdentifier>
    </Filter>
    <Filter Include="Library Dependencies">
      <UniqueIdentifier>{6cc3761a-7d14-4f75-b24c-59147115e513}</UniqueIdentifier>
    </Filter>
  </ItemGroup>
  <ItemGroup>
    <ClCompile Include="..\src\cpp\scilabexception.cpp">
      <Filter>Source Files</Filter>
    </ClCompile>
  </ItemGroup>
</Project>