<?xml version="1.0" encoding="utf-8"?>
<Project ToolsVersion="4.0" xmlns="http://schemas.microsoft.com/developer/msbuild/2003">
  <ItemGroup>
    <Filter Include="Source Files">
      <UniqueIdentifier>{b8bc0551-601b-4369-a2c5-1aa3fb1ed4ed}</UniqueIdentifier>
      <Extensions>cpp;c;cxx;rc;def;r;odl;idl;hpj;bat</Extensions>
    </Filter>
    <Filter Include="Header Files">
      <UniqueIdentifier>{2f8f5dce-3ee0-43c4-a847-6102b0a3363a}</UniqueIdentifier>
      <Extensions>h;hpp;hxx;hm;inl</Extensions>
    </Filter>
    <Filter Include="localization">
      <UniqueIdentifier>{0caa58bb-8c3e-4be6-b16b-a89950a3186d}</UniqueIdentifier>
    </Filter>
    <Filter Include="Resource Files">
      <UniqueIdentifier>{e906313f-b4d5-462e-a4c9-abd42b692ebf}</UniqueIdentifier>
    </Filter>
    <Filter Include="Libraries Dependencies">
      <UniqueIdentifier>{627b8cd5-f5fc-48c4-adaf-50a37b5702da}</UniqueIdentifier>
    </Filter>
    <Filter Include="Libraries Dependencies\Import">
      <UniqueIdentifier>{2eea3ded-fac6-4d4d-b2ef-54cda9982610}</UniqueIdentifier>
    </Filter>
    <Filter Include="Libraries Dependencies\Export">
      <UniqueIdentifier>{74ff4986-5ad5-4231-96e5-af523fbf6ff6}</UniqueIdentifier>
    </Filter>
  </ItemGroup>
  <ItemGroup>
    <ClCompile Include="clc.c">
      <Filter>Source Files</Filter>
    </ClCompile>
    <ClCompile Include="windows\clrscr_nw.c">
      <Filter>Source Files</Filter>
    </ClCompile>
    <ClCompile Include="windows\clrscrPart_nw.c">
      <Filter>Source Files</Filter>
    </ClCompile>
    <ClCompile Include="windows\DllmainShell.c">
      <Filter>Source Files</Filter>
    </ClCompile>
    <ClCompile Include="GetCommandLine.c">
      <Filter>Source Files</Filter>
    </ClCompile>
    <ClCompile Include="..\..\sci_gateway\c\gw_shell.c">
      <Filter>Source Files</Filter>
    </ClCompile>
    <ClCompile Include="InitializeShell.c">
      <Filter>Source Files</Filter>
    </ClCompile>
    <ClCompile Include="more.c">
      <Filter>Source Files</Filter>
    </ClCompile>
    <ClCompile Include="prompt.c">
      <Filter>Source Files</Filter>
    </ClCompile>
    <ClCompile Include="promptecho.c">
      <Filter>Source Files</Filter>
    </ClCompile>
    <ClCompile Include="..\..\sci_gateway\c\sci_clc.c">
      <Filter>Source Files</Filter>
    </ClCompile>
    <ClCompile Include="..\..\sci_gateway\c\sci_iswaitingforinput.c">
      <Filter>Source Files</Filter>
    </ClCompile>
    <ClCompile Include="..\..\sci_gateway\c\sci_lines.c">
      <Filter>Source Files</Filter>
    </ClCompile>
    <ClCompile Include="..\..\sci_gateway\c\sci_prompt.c">
      <Filter>Source Files</Filter>
    </ClCompile>
    <ClCompile Include="..\..\sci_gateway\c\sci_tohome.c">
      <Filter>Source Files</Filter>
    </ClCompile>
    <ClCompile Include="scilines.c">
      <Filter>Source Files</Filter>
    </ClCompile>
    <ClCompile Include="windows\TermCommand.c">
      <Filter>Source Files</Filter>
    </ClCompile>
    <ClCompile Include="windows\TermCompletion.c">
      <Filter>Source Files</Filter>
    </ClCompile>
    <ClCompile Include="windows\TermConsole.c">
      <Filter>Source Files</Filter>
    </ClCompile>
    <ClCompile Include="TerminateShell.c">
      <Filter>Source Files</Filter>
    </ClCompile>
    <ClCompile Include="windows\TermLine.c">
      <Filter>Source Files</Filter>
    </ClCompile>
    <ClCompile Include="windows\TermPosition.c">
      <Filter>Source Files</Filter>
    </ClCompile>
    <ClCompile Include="windows\TermPrintf.c">
      <Filter>Source Files</Filter>
    </ClCompile>
    <ClCompile Include="windows\TermReadAndProcess.c">
      <Filter>Source Files</Filter>
    </ClCompile>
    <ClCompile Include="tohome.c">
      <Filter>Source Files</Filter>
    </ClCompile>
  </ItemGroup>
  <ItemGroup>
    <ClInclude Include="clc.h">
      <Filter>Header Files</Filter>
    </ClInclude>
    <ClInclude Include="windows\clrscr_nw.h">
      <Filter>Header Files</Filter>
    </ClInclude>
    <ClInclude Include="windows\clrscrPart_nw.h">
      <Filter>Header Files</Filter>
    </ClInclude>
    <ClInclude Include="..\..\includes\dynlib_shell.h">
      <Filter>Header Files</Filter>
    </ClInclude>
    <ClInclude Include="..\..\includes\GetCommandLine.h">
      <Filter>Header Files</Filter>
    </ClInclude>
    <ClInclude Include="..\..\includes\gw_shell.h">
      <Filter>Header Files</Filter>
    </ClInclude>
    <ClInclude Include="..\..\includes\InitializeShell.h">
      <Filter>Header Files</Filter>
    </ClInclude>
    <ClInclude Include="..\..\includes\prompt.h">
      <Filter>Header Files</Filter>
    </ClInclude>
    <ClInclude Include="..\..\includes\promptecho.h">
      <Filter>Header Files</Filter>
    </ClInclude>
    <ClInclude Include="..\..\includes\scilines.h">
      <Filter>Header Files</Filter>
    </ClInclude>
    <ClInclude Include="windows\TermCommand.h">
      <Filter>Header Files</Filter>
    </ClInclude>
    <ClInclude Include="windows\TermCompletion.h">
      <Filter>Header Files</Filter>
    </ClInclude>
    <ClInclude Include="windows\TermConsole.h">
      <Filter>Header Files</Filter>
    </ClInclude>
    <ClInclude Include="..\..\includes\TerminateShell.h">
      <Filter>Header Files</Filter>
    </ClInclude>
    <ClInclude Include="windows\TermLine.h">
      <Filter>Header Files</Filter>
    </ClInclude>
    <ClInclude Include="windows\TermPosition.h">
      <Filter>Header Files</Filter>
    </ClInclude>
    <ClInclude Include="windows\TermPrintf.h">
      <Filter>Header Files</Filter>
    </ClInclude>
    <ClInclude Include="TermReadAndProcess.h">
      <Filter>Header Files</Filter>
    </ClInclude>
  </ItemGroup>
  <ItemGroup>
    <None Include="fileio_Import.def">
      <Filter>Libraries Dependencies\Import</Filter>
    </None>
    <None Include="libjvm_Import.def">
      <Filter>Libraries Dependencies\Import</Filter>
    </None>
    <None Include="LibScilab_Import.def">
      <Filter>Libraries Dependencies\Import</Filter>
    </None>
    <None Include="Localization_Import.def">
      <Filter>Libraries Dependencies\Import</Filter>
    </None>
    <None Include="scicompletion_Import.def">
      <Filter>Libraries Dependencies\Import</Filter>
    </None>
    <None Include="sciconsole_Import.def">
      <Filter>Libraries Dependencies\Import</Filter>
    </None>
    <None Include="Scilab_windows_Import.def">
      <Filter>Libraries Dependencies\Import</Filter>
    </None>
    <None Include="System_env_Import.def">
      <Filter>Libraries Dependencies\Import</Filter>
    </None>
    <None Include="shell_export.def">
      <Filter>Libraries Dependencies\Export</Filter>
    </None>
    <None Include="..\..\Makefile.am" />
    <None Include="..\..\shell.iss" />
    <None Include="..\..\sci_gateway\shell_gateway.xml" />
    <None Include="..\..\locales\shell.pot">
      <Filter>localization</Filter>
    </None>
    <None Include="ui_data_Import.def">
      <Filter>Libraries Dependencies\Import</Filter>
    </None>
  </ItemGroup>
  <ItemGroup>
    <ResourceCompile Include="shell.rc">
      <Filter>Resource Files</Filter>
    </ResourceCompile>
  </ItemGroup>
</Project>