<?xml version="1.0" encoding="utf-8"?>
<Project ToolsVersion="4.0" xmlns="http://schemas.microsoft.com/developer/msbuild/2003">
  <ItemGroup>
    <Filter Include="Rename Header Files">
      <UniqueIdentifier>{0231dfb0-660f-415a-895a-dba4d2837c3e}</UniqueIdentifier>
    </Filter>
  </ItemGroup>
  <ItemGroup>
    <rename_vc_extension_files Include="..\..\modules\scicos_blocks\includes\blocks.h.vc">
      <Filter>Rename Header Files</Filter>
    </rename_vc_extension_files>
    <rename_vc_extension_files Include="..\..\etc\classpath.xml.vc">
      <Filter>Rename Header Files</Filter>
    </rename_vc_extension_files>
    <rename_vc_extension_files Include="..\..\modules\core\includes\machine.h.vc">
      <Filter>Rename Header Files</Filter>
    </rename_vc_extension_files>
    <rename_vc_extension_files Include="..\..\etc\modules.xml.vc">
      <Filter>Rename Header Files</Filter>
    </rename_vc_extension_files>
    <rename_vc_extension_files Include="..\..\scilab-lib-doc.properties.vc">
      <Filter>Rename Header Files</Filter>
    </rename_vc_extension_files>
    <rename_vc_extension_files Include="..\..\scilab-lib.properties.vc">
      <Filter>Rename Header Files</Filter>
    </rename_vc_extension_files>
    <rename_vc_extension_files Include="..\..\scilab.properties.vc">
      <Filter>Rename Header Files</Filter>
    </rename_vc_extension_files>
    <rename_vc_extension_files Include="..\..\modules\core\includes\version.h.vc">
      <Filter>Rename Header Files</Filter>
    </rename_vc_extension_files>
    <rename_vc_extension_files Include="..\..\modules\helptools\etc\SciDocConf.xml.vc">
      <Filter>Rename Header Files</Filter>
    </rename_vc_extension_files>
    <rename_vc_extension_files Include="..\..\scilab.properties.vc">
      <Filter>Rename Header Files</Filter>
    </rename_vc_extension_files>
    <rename_vc_extension_files Include="..\..\etc\logging.properties.vc">
      <Filter>Rename Header Files</Filter>
    </rename_vc_extension_files>
  </ItemGroup>
</Project>