Microsoft Visual Studio Solution File, Format Version 8.00
Project("{8BC9CEB8-8B4A-11D0-8D11-00A0C91BC942}") = "runscilab", "runscilab.vcproj", "{D5B6C7E6-118A-422A-962C-35EFED009045}"
	ProjectSection(ProjectDependencies) = postProject
	EndProjectSection
EndProject
Global
	GlobalSection(SolutionConfiguration) = preSolution
		Debug = Debug
		Release = Release
	EndGlobalSection
	GlobalSection(ProjectConfiguration) = postSolution
		{D5B6C7E6-118A-422A-962C-35EFED009045}.Debug.ActiveCfg = Debug|Win32
		{D5B6C7E6-118A-422A-962C-35EFED009045}.Debug.Build.0 = Debug|Win32
		{D5B6C7E6-118A-422A-962C-35EFED009045}.Release.ActiveCfg = Release|Win32
		{D5B6C7E6-118A-422A-962C-35EFED009045}.Release.Build.0 = Release|Win32
	EndGlobalSection
	GlobalSection(ExtensibilityGlobals) = postSolution
	EndGlobalSection
	GlobalSection(ExtensibilityAddIns) = postSolution
	EndGlobalSection
EndGlobal
