<?xml version="1.0" encoding="utf-8"?>
<Project ToolsVersion="4.0" xmlns="http://schemas.microsoft.com/developer/msbuild/2003">
  <ItemGroup>
    <Filter Include="Source Files">
      <UniqueIdentifier>{1a223a39-760f-4323-bb53-17e62dcd93a0}</UniqueIdentifier>
      <Extensions>cpp;c;cxx;rc;def;r;odl;idl;hpj;bat</Extensions>
    </Filter>
    <Filter Include="Header Files">
      <UniqueIdentifier>{44b9bf1c-597e-412e-babe-9cdbed2fdd28}</UniqueIdentifier>
      <Extensions>h;hpp;hxx;hm;inl</Extensions>
    </Filter>
    <Filter Include="localization">
      <UniqueIdentifier>{44071cb2-2fa6-49a5-961a-8e36decf76f7}</UniqueIdentifier>
    </Filter>
    <Filter Include="Swig Files">
      <UniqueIdentifier>{9c905273-835b-42e2-8015-d53efd1d6ea8}</UniqueIdentifier>
    </Filter>
    <Filter Include="Libraries Dependencies">
      <UniqueIdentifier>{d4a02b78-5c10-46c7-9134-7baf97580d8e}</UniqueIdentifier>
    </Filter>
    <Filter Include="Libraries Dependencies\Imports">
      <UniqueIdentifier>{7fb5a234-015b-4c70-94bd-5df1f01d0059}</UniqueIdentifier>
    </Filter>
    <Filter Include="Resource Files">
      <UniqueIdentifier>{097f223c-2859-4ab8-816c-43e87a00ce20}</UniqueIdentifier>
    </Filter>
  </ItemGroup>
  <ItemGroup>
    <ClCompile Include="..\jni\CallScilabBridge.cpp">
      <Filter>Source Files</Filter>
    </ClCompile>
    <ClCompile Include="..\cpp\ClearConsole.cpp">
      <Filter>Source Files</Filter>
    </ClCompile>
    <ClCompile Include="..\cpp\ClearConsolePart.cpp">
      <Filter>Source Files</Filter>
    </ClCompile>
    <ClCompile Include="..\cpp\ConsoleIsWaitingForInput.cpp">
      <Filter>Source Files</Filter>
    </ClCompile>
    <ClCompile Include="..\cpp\ConsolePrintf.cpp">
      <Filter>Source Files</Filter>
    </ClCompile>
    <ClCompile Include="..\cpp\ConsoleRead.cpp">
      <Filter>Source Files</Filter>
    </ClCompile>
    <ClCompile Include="DllmainConsole.c">
      <Filter>Source Files</Filter>
    </ClCompile>
    <ClCompile Include="dropFiles.c">
      <Filter>Source Files</Filter>
    </ClCompile>
    <ClCompile Include="..\jni\DropFiles_wrap.c">
      <Filter>Source Files</Filter>
    </ClCompile>
    <ClCompile Include="..\cpp\GetCharWithoutOutput.cpp">
      <Filter>Source Files</Filter>
    </ClCompile>
    <ClCompile Include="..\jni\GiwsException.cpp">
      <Filter>Source Files</Filter>
    </ClCompile>
    <ClCompile Include="GuiManagement.c">
      <Filter>Source Files</Filter>
    </ClCompile>
    <ClCompile Include="..\jni\GuiManagement_wrap.c">
      <Filter>Source Files</Filter>
    </ClCompile>
    <ClCompile Include="InitializeConsole.c">
      <Filter>Source Files</Filter>
    </ClCompile>
    <ClCompile Include="..\cpp\PromptToHome.cpp">
      <Filter>Source Files</Filter>
    </ClCompile>
    <ClCompile Include="..\cpp\ScilabLinesUpdate.cpp">
      <Filter>Source Files</Filter>
    </ClCompile>
    <ClCompile Include="..\cpp\SetConsolePrompt.cpp">
      <Filter>Source Files</Filter>
    </ClCompile>
  </ItemGroup>
  <ItemGroup>
    <ClInclude Include="..\..\includes\ClearConsole.h">
      <Filter>Header Files</Filter>
    </ClInclude>
    <ClInclude Include="..\cpp\ClearConsole.hxx">
      <Filter>Header Files</Filter>
    </ClInclude>
    <ClInclude Include="..\..\includes\ClearConsolePart.h">
      <Filter>Header Files</Filter>
    </ClInclude>
    <ClInclude Include="..\cpp\ClearConsolePart.hxx">
      <Filter>Header Files</Filter>
    </ClInclude>
    <ClInclude Include="..\..\includes\ConsoleIsWaitingForInput.h">
      <Filter>Header Files</Filter>
    </ClInclude>
    <ClInclude Include="..\cpp\ConsoleIsWaitingForInput.hxx">
      <Filter>Header Files</Filter>
    </ClInclude>
    <ClInclude Include="..\..\includes\ConsolePrintf.h">
      <Filter>Header Files</Filter>
    </ClInclude>
    <ClInclude Include="..\cpp\ConsolePrintf.hxx">
      <Filter>Header Files</Filter>
    </ClInclude>
    <ClInclude Include="..\..\includes\ConsoleRead.h">
      <Filter>Header Files</Filter>
    </ClInclude>
    <ClInclude Include="..\cpp\ConsoleRead.hxx">
      <Filter>Header Files</Filter>
    </ClInclude>
    <ClInclude Include="..\..\includes\dynlib_console.h">
      <Filter>Header Files</Filter>
    </ClInclude>
    <ClInclude Include="..\..\includes\GetCharWithoutOutput.h">
      <Filter>Header Files</Filter>
    </ClInclude>
    <ClInclude Include="..\cpp\GetCharWithoutOutput.hxx">
      <Filter>Header Files</Filter>
    </ClInclude>
    <ClInclude Include="..\..\includes\InitializeConsole.h">
      <Filter>Header Files</Filter>
    </ClInclude>
    <ClInclude Include="..\..\includes\PromptToHome.h">
      <Filter>Header Files</Filter>
    </ClInclude>
    <ClInclude Include="..\cpp\PromptToHome.hxx">
      <Filter>Header Files</Filter>
    </ClInclude>
    <ClInclude Include="..\..\includes\ScilabLinesUpdate.h">
      <Filter>Header Files</Filter>
    </ClInclude>
    <ClInclude Include="..\cpp\ScilabLinesUpdate.hxx">
      <Filter>Header Files</Filter>
    </ClInclude>
    <ClInclude Include="..\..\includes\SetConsolePrompt.h">
      <Filter>Header Files</Filter>
    </ClInclude>
    <ClInclude Include="..\cpp\SetConsolePrompt.hxx">
      <Filter>Header Files</Filter>
    </ClInclude>
  </ItemGroup>
  <ItemGroup>
    <None Include="..\..\locales\en_US\console.pot">
      <Filter>localization</Filter>
    </None>
    <None Include="..\jni\DropFiles.i">
      <Filter>Swig Files</Filter>
    </None>
    <None Include="..\jni\GuiManagement.i">
      <Filter>Swig Files</Filter>
    </None>
    <None Include="libjvm_Import.def">
      <Filter>Libraries Dependencies\Imports</Filter>
    </None>
    <None Include="LibScilab_Import.def">
      <Filter>Libraries Dependencies\Imports</Filter>
    </None>
    <None Include="libshell_Import.def">
      <Filter>Libraries Dependencies\Imports</Filter>
    </None>
    <None Include="..\..\console.iss" />
    <None Include="..\..\console.xml" />
    <None Include="..\..\Makefile.am" />
  </ItemGroup>
  <ItemGroup>
    <ResourceCompile Include="console.rc">
      <Filter>Resource Files</Filter>
    </ResourceCompile>
  </ItemGroup>
</Project>