<?xml version="1.0" encoding="utf-8"?>
<Project ToolsVersion="4.0" xmlns="http://schemas.microsoft.com/developer/msbuild/2003">
  <ItemGroup>
    <Filter Include="Source Files">
      <UniqueIdentifier>{f25272a1-9c37-4283-b9be-f02b20fa554e}</UniqueIdentifier>
      <Extensions>cpp;c;cxx;rc;def;r;odl;idl;hpj;bat</Extensions>
    </Filter>
    <Filter Include="Header Files">
      <UniqueIdentifier>{0600940f-c932-4a19-852b-1fa288604839}</UniqueIdentifier>
      <Extensions>h;hpp;hxx;hm;inl</Extensions>
    </Filter>
    <Filter Include="localization">
      <UniqueIdentifier>{6ce5747b-ba49-43df-bba9-ab7c4a42174f}</UniqueIdentifier>
    </Filter>
    <Filter Include="Libraries Dependencies">
      <UniqueIdentifier>{c851460c-fc36-41ef-a010-d914f8d07eb1}</UniqueIdentifier>
    </Filter>
    <Filter Include="Libraries Dependencies\Imports">
      <UniqueIdentifier>{065bc75d-7cea-49da-8175-18022b52059b}</UniqueIdentifier>
    </Filter>
    <Filter Include="Libraries Dependencies\Export">
      <UniqueIdentifier>{085b96c7-ebd7-4309-aa96-7bf92c81cf41}</UniqueIdentifier>
    </Filter>
    <Filter Include="Resource Files">
      <UniqueIdentifier>{1111ba6f-2a3d-4841-9870-995a4fc81bad}</UniqueIdentifier>
    </Filter>
  </ItemGroup>
  <ItemGroup>
    <ClCompile Include="copyvarfromlistentry.c">
      <Filter>Source Files</Filter>
    </ClCompile>
    <ClCompile Include="createblklist.c">
      <Filter>Source Files</Filter>
    </ClCompile>
    <ClCompile Include="DllmainScicos.c">
      <Filter>Source Files</Filter>
    </ClCompile>
    <ClCompile Include="extractblklist.c">
      <Filter>Source Files</Filter>
    </ClCompile>
    <ClCompile Include="ezxml.c">
      <Filter>Source Files</Filter>
    </ClCompile>
    <ClCompile Include="..\..\sci_gateway\c\gw_scicos.c">
      <Filter>Source Files</Filter>
    </ClCompile>
    <ClCompile Include="il_sim.c">
      <Filter>Source Files</Filter>
    </ClCompile>
    <ClCompile Include="il_state.c">
      <Filter>Source Files</Filter>
    </ClCompile>
    <ClCompile Include="import.c">
      <Filter>Source Files</Filter>
    </ClCompile>
    <ClCompile Include="MlistGetFieldNumber.c">
      <Filter>Source Files</Filter>
    </ClCompile>
    <ClCompile Include="lsodar.c">
      <Filter>Source Files</Filter>
    </ClCompile>
    <ClCompile Include="ddaskr.c">
      <Filter>Source Files</Filter>
    </ClCompile>
    <ClCompile Include="..\..\sci_gateway\c\sci_buildouttb.c">
      <Filter>Source Files</Filter>
    </ClCompile>
    <ClCompile Include="..\..\sci_gateway\c\sci_callblk.c">
      <Filter>Source Files</Filter>
    </ClCompile>
    <ClCompile Include="..\..\sci_gateway\c\sci_coserror.c">
      <Filter>Source Files</Filter>
    </ClCompile>
    <ClCompile Include="..\..\sci_gateway\c\sci_ctree2.c">
      <Filter>Source Files</Filter>
    </ClCompile>
    <ClCompile Include="..\..\sci_gateway\c\sci_ctree3.c">
      <Filter>Source Files</Filter>
    </ClCompile>
    <ClCompile Include="..\..\sci_gateway\c\sci_ctree4.c">
      <Filter>Source Files</Filter>
    </ClCompile>
    <ClCompile Include="..\..\sci_gateway\c\sci_curblock.c">
      <Filter>Source Files</Filter>
    </ClCompile>
    <ClCompile Include="..\..\sci_gateway\c\sci_curblockc.c">
      <Filter>Source Files</Filter>
    </ClCompile>
    <ClCompile Include="..\..\sci_gateway\c\sci_data2sig.c">
      <Filter>Source Files</Filter>
    </ClCompile>
    <ClCompile Include="..\..\sci_gateway\c\sci_diffobjs.c">
      <Filter>Source Files</Filter>
    </ClCompile>
    <ClCompile Include="..\..\sci_gateway\c\sci_duplicate.c">
      <Filter>Source Files</Filter>
    </ClCompile>
    <ClCompile Include="..\..\sci_gateway\c\sci_end_scicosim.c">
      <Filter>Source Files</Filter>
    </ClCompile>
    <ClCompile Include="..\..\sci_gateway\c\sci_ftree2.c">
      <Filter>Source Files</Filter>
    </ClCompile>
    <ClCompile Include="..\..\sci_gateway\c\sci_ftree3.c">
      <Filter>Source Files</Filter>
    </ClCompile>
    <ClCompile Include="..\..\sci_gateway\c\sci_ftree4.c">
      <Filter>Source Files</Filter>
    </ClCompile>
    <ClCompile Include="..\..\sci_gateway\c\sci_getblocklabel.c">
      <Filter>Source Files</Filter>
    </ClCompile>
    <ClCompile Include="..\..\sci_gateway\c\sci_getscicosvars.c">
      <Filter>Source Files</Filter>
    </ClCompile>
    <ClCompile Include="..\..\sci_gateway\c\sci_haltscicos.c">
      <Filter>Source Files</Filter>
    </ClCompile>
    <ClCompile Include="..\..\sci_gateway\c\sci_model2blk.c">
      <Filter>Source Files</Filter>
    </ClCompile>
    <ClCompile Include="..\..\sci_gateway\c\sci_phase_simulation.c">
      <Filter>Source Files</Filter>
    </ClCompile>
    <ClCompile Include="..\..\sci_gateway\c\sci_pointer_xproperty.c">
      <Filter>Source Files</Filter>
    </ClCompile>
    <ClCompile Include="..\..\sci_gateway\c\sci_scicos_debug.c">
      <Filter>Source Files</Filter>
    </ClCompile>
    <ClCompile Include="..\..\sci_gateway\c\sci_scicos_debug_count.c">
      <Filter>Source Files</Filter>
    </ClCompile>
    <ClCompile Include="..\..\sci_gateway\c\sci_scicos_time.c">
      <Filter>Source Files</Filter>
    </ClCompile>
    <ClCompile Include="..\..\sci_gateway\c\sci_scicosim.c">
      <Filter>Source Files</Filter>
    </ClCompile>
    <ClCompile Include="..\..\sci_gateway\c\sci_sctree.c">
      <Filter>Source Files</Filter>
    </ClCompile>
    <ClCompile Include="..\..\sci_gateway\c\sci_set_blockerror.c">
      <Filter>Source Files</Filter>
    </ClCompile>
    <ClCompile Include="..\..\sci_gateway\c\sci_set_xproperty.c">
      <Filter>Source Files</Filter>
    </ClCompile>
    <ClCompile Include="..\..\sci_gateway\c\sci_sig2data.c">
      <Filter>Source Files</Filter>
    </ClCompile>
    <ClCompile Include="..\..\sci_gateway\c\sci_var2vec.c">
      <Filter>Source Files</Filter>
    </ClCompile>
    <ClCompile Include="..\..\sci_gateway\c\sci_vec2var.c">
      <Filter>Source Files</Filter>
    </ClCompile>
    <ClCompile Include="sciblk2.c">
      <Filter>Source Files</Filter>
    </ClCompile>
    <ClCompile Include="sciblk4.c">
      <Filter>Source Files</Filter>
    </ClCompile>
    <ClCompile Include="scicos.c">
      <Filter>Source Files</Filter>
    </ClCompile>
    <ClCompile Include="scicos_free.c">
      <Filter>Source Files</Filter>
    </ClCompile>
    <ClCompile Include="scicos_malloc.c">
      <Filter>Source Files</Filter>
    </ClCompile>
    <ClCompile Include="scicos_print.c">
      <Filter>Source Files</Filter>
    </ClCompile>
    <ClCompile Include="tree.c">
      <Filter>Source Files</Filter>
    </ClCompile>
    <ClCompile Include="var2sci.c">
      <Filter>Source Files</Filter>
    </ClCompile>
    <ClCompile Include="..\..\sci_gateway\c\sci_loadScicos.c">
      <Filter>Source Files</Filter>
    </ClCompile>
  </ItemGroup>
  <ItemGroup>
    <ClInclude Include="copyvarfromlistentry.h">
      <Filter>Header Files</Filter>
    </ClInclude>
    <ClInclude Include="createblklist.h">
      <Filter>Header Files</Filter>
    </ClInclude>
    <ClInclude Include="..\..\includes\dynlib_scicos.h">
      <Filter>Header Files</Filter>
    </ClInclude>
    <ClInclude Include="extractblklist.h">
      <Filter>Header Files</Filter>
    </ClInclude>
    <ClInclude Include="ezxml.h">
      <Filter>Header Files</Filter>
    </ClInclude>
    <ClInclude Include="..\..\includes\gw_scicos.h">
      <Filter>Header Files</Filter>
    </ClInclude>
    <ClInclude Include="il_sim.h">
      <Filter>Header Files</Filter>
    </ClInclude>
    <ClInclude Include="il_state.h">
      <Filter>Header Files</Filter>
    </ClInclude>
    <ClInclude Include="..\..\includes\import.h">
      <Filter>Header Files</Filter>
    </ClInclude>
    <ClInclude Include="MlistGetFieldNumber.h">
      <Filter>Header Files</Filter>
    </ClInclude>
    <ClInclude Include="lsodar.h">
      <Filter>Header Files</Filter>
    </ClInclude>
    <ClInclude Include="ddaskr.h">
      <Filter>Header Files</Filter>
    </ClInclude>
    <ClInclude Include="..\..\includes\scicos-def.h">
      <Filter>Header Files</Filter>
    </ClInclude>
    <ClInclude Include="..\..\includes\scicos.h">
      <Filter>Header Files</Filter>
    </ClInclude>
    <ClInclude Include="..\..\includes\scicos_free.h">
      <Filter>Header Files</Filter>
    </ClInclude>
    <ClInclude Include="..\..\includes\scicos_malloc.h">
      <Filter>Header Files</Filter>
    </ClInclude>
    <ClInclude Include="..\..\includes\scicos_math.h">
      <Filter>Header Files</Filter>
    </ClInclude>
    <ClInclude Include="..\..\includes\scicos_print.h">
      <Filter>Header Files</Filter>
    </ClInclude>
    <ClInclude Include="tree.h">
      <Filter>Header Files</Filter>
    </ClInclude>
    <ClInclude Include="var2sci.h">
      <Filter>Header Files</Filter>
    </ClInclude>
    <ClInclude Include="sciblk2.h">
      <Filter>Header Files</Filter>
    </ClInclude>
    <ClInclude Include="sciblk4.h">
      <Filter>Header Files</Filter>
    </ClInclude>
  </ItemGroup>
  <ItemGroup>
    <None Include="Dynamic_link_Import.def">
      <Filter>Libraries Dependencies\Imports</Filter>
    </None>
    <None Include="Graphics_Import.def">
      <Filter>Libraries Dependencies\Imports</Filter>
    </None>
    <None Include="core_import.def">
      <Filter>Libraries Dependencies\Imports</Filter>
    </None>
    <None Include="Output_stream_Import.def">
      <Filter>Libraries Dependencies\Imports</Filter>
    </None>
    <None Include="Scicos_blocks_f_Import.def">
      <Filter>Libraries Dependencies\Imports</Filter>
    </None>
    <None Include="scicos_f_Import.def">
      <Filter>Libraries Dependencies\Imports</Filter>
    </None>
    <None Include="String_Import.def">
      <Filter>Libraries Dependencies\Imports</Filter>
    </None>
    <None Include="Scicos_Export.def">
      <Filter>Libraries Dependencies\Export</Filter>
    </None>
    <None Include="..\..\Makefile.am" />
    <None Include="..\..\scicos.iss" />
    <None Include="..\..\sci_gateway\scicos_gateway.xml" />
    <None Include="Localization_Import.def">
      <Filter>Libraries Dependencies\Imports</Filter>
    </None>
    <None Include="elementary_functions_f_Import.def">
      <Filter>Libraries Dependencies\Imports</Filter>
    </None>
    <None Include="..\..\locales\scicos.pot">
      <Filter>localization</Filter>
    </None>
    <None Include="Core_f_Import.def">
      <Filter>Libraries Dependencies\Imports</Filter>
    </None>
    <None Include="differential_equations_f_Import.def">
      <Filter>Libraries Dependencies\Imports</Filter>
    </None>
  </ItemGroup>
  <ItemGroup>
    <ResourceCompile Include="scicos.rc">
      <Filter>Resource Files</Filter>
    </ResourceCompile>
  </ItemGroup>
</Project>
